<?xml version="1.0" encoding="utf-8"?>
<Project ToolsVersion="4.0" xmlns="http://schemas.microsoft.com/developer/msbuild/2003">
  <ItemGroup>
    <ClCompile Include="dllmain.cpp" />
    <ClCompile Include="stdafx.cpp" />
    <ClCompile Include="Model\Foo.cpp">
      <Filter>Model</Filter>
    </ClCompile>
    <ClCompile Include="..\Include\MbUnitCpp.cpp">
      <Filter>Libs</Filter>
    </ClCompile>
    <ClCompile Include="Tests\Simple.cpp">
      <Filter>Tests</Filter>
    </ClCompile>
  </ItemGroup>
  <ItemGroup>
    <ClInclude Include="stdafx.h" />
    <ClInclude Include="targetver.h" />
    <ClInclude Include="Model\Foo.h">
      <Filter>Model</Filter>
    </ClInclude>
    <ClInclude Include="..\Include\MbUnitCpp.h">
      <Filter>Libs</Filter>
    </ClInclude>
  </ItemGroup>
  <ItemGroup>
    <Filter Include="Model">
      <UniqueIdentifier>{2652b6a7-845c-4721-ba29-ee7ecbdaada9}</UniqueIdentifier>
    </Filter>
    <Filter Include="Libs">
      <UniqueIdentifier>{e76b146e-3ce2-4e2a-8b05-916939846e3d}</UniqueIdentifier>
    </Filter>
    <Filter Include="Tests">
      <UniqueIdentifier>{2a3ab7a9-5569-43ca-b315-37d708a04aef}</UniqueIdentifier>
    </Filter>
  </ItemGroup>
</Project>