<?xml version="1.0" encoding="utf-8"?>
<Project ToolsVersion="4.0" xmlns="http://schemas.microsoft.com/developer/msbuild/2003">
  <ItemGroup>
    <ClCompile Include="dllmain.cpp" />
    <ClCompile Include="stdafx.cpp" />
    <ClCompile Include="..\Include\MbUnitCpp.cpp">
      <Filter>Libs</Filter>
    </ClCompile>
    <ClCompile Include="SimpleTest.cpp">
      <Filter>Tests</Filter>
    </ClCompile>
    <ClCompile Include="Model.cpp">
      <Filter>Model</Filter>
    </ClCompile>
    <ClCompile Include="OutcomeTest.cpp">
      <Filter>Tests</Filter>
    </ClCompile>
    <ClCompile Include="LogicTest.cpp">
      <Filter>Tests</Filter>
    </ClCompile>
    <ClCompile Include="EqualityTest.cpp">
      <Filter>Tests</Filter>
    </ClCompile>
  </ItemGroup>
  <ItemGroup>
    <ClInclude Include="stdafx.h" />
    <ClInclude Include="targetver.h" />
    <ClInclude Include="..\Include\MbUnitCpp.h">
      <Filter>Libs</Filter>
    </ClInclude>
    <ClInclude Include="Model.h">
      <Filter>Model</Filter>
    </ClInclude>
  </ItemGroup>
  <ItemGroup>
    <Filter Include="Libs">
      <UniqueIdentifier>{e76b146e-3ce2-4e2a-8b05-916939846e3d}</UniqueIdentifier>
    </Filter>
    <Filter Include="Tests">
      <UniqueIdentifier>{8881c8d7-4d3b-4947-a39e-6982f00f4a3a}</UniqueIdentifier>
    </Filter>
    <Filter Include="Model">
      <UniqueIdentifier>{3baf52fa-265c-4fc2-a1fb-5382d48ccbd2}</UniqueIdentifier>
    </Filter>
  </ItemGroup>
</Project>