
Microsoft Visual Studio Solution File, Format Version 10.00
# Visual Studio 2008
Project("{2150E333-8FDC-42A3-9474-1A3956D46DE8}") = "Gallio", "Gallio", "{6559CEC8-1B3B-4736-B6B8-EAD15C1BF429}"
EndProject
Project("{FAE04EC0-301F-11D3-BF4B-00C04F79EFBC}") = "Gallio", "..\..\Gallio\Gallio\Gallio.csproj", "{6CAB7735-05DA-480D-9A04-50615B00F886}"
EndProject
Project("{2150E333-8FDC-42A3-9474-1A3956D46DE8}") = "MbUnit", "MbUnit", "{D802860C-403B-43DF-BFC4-92F824825505}"
EndProject
Project("{FAE04EC0-301F-11D3-BF4B-00C04F79EFBC}") = "MbUnit", "..\..\MbUnit\MbUnit\MbUnit.csproj", "{A9B54755-56B7-48C1-8941-BB69FCEFFF32}"
EndProject
Project("{FAE04EC0-301F-11D3-BF4B-00C04F79EFBC}") = "MbUnit35", "..\..\MbUnit\MbUnit35\MbUnit35.csproj", "{D147F5CC-0166-4B9C-B095-F905220090FA}"
EndProject
Project("{FAE04EC0-301F-11D3-BF4B-00C04F79EFBC}") = "Gallio35", "..\..\Gallio\Gallio35\Gallio35.csproj", "{BC28AB7E-5B71-4AEE-BF2D-54ACF7299889}"
EndProject
Project("{FAE04EC0-301F-11D3-BF4B-00C04F79EFBC}") = "Gallio.UI", "..\..\Gallio\Gallio.UI\Gallio.UI.csproj", "{36B1F505-995B-41E7-AAC9-1E845B08F2D7}"
EndProject
Project("{FAE04EC0-301F-11D3-BF4B-00C04F79EFBC}") = "Gallio.UI.Tests", "..\..\Gallio\Gallio.UI.Tests\Gallio.UI.Tests.csproj", "{DC4DBE38-0ED0-4CD8-A722-9F2C109FE173}"
EndProject
Project("{FAE04EC0-301F-11D3-BF4B-00C04F79EFBC}") = "Gallio.Tests", "..\..\Gallio\Gallio.Tests\Gallio.Tests.csproj", "{111FD89D-58A1-4445-B4A4-8A50D65DB714}"
EndProject
Project("{FAE04EC0-301F-11D3-BF4B-00C04F79EFBC}") = "MbUnit.Tests", "..\..\MbUnit\MbUnit.Tests\MbUnit.Tests.csproj", "{321FD171-880D-472E-9912-EC844889E11A}"
EndProject
Project("{FAE04EC0-301F-11D3-BF4B-00C04F79EFBC}") = "MbUnit.TestResources", "..\..\MbUnit\MbUnit.TestResources\MbUnit.TestResources.csproj", "{9FFB657C-7099-4594-A1DD-6E9AC5D7171E}"
EndProject
Project("{FAE04EC0-301F-11D3-BF4B-00C04F79EFBC}") = "Gallio.Reports", "..\..\Gallio\Gallio.Reports\Gallio.Reports.csproj", "{399C33BF-A9F7-4390-8F9C-8EECF7814123}"
EndProject
Project("{FAE04EC0-301F-11D3-BF4B-00C04F79EFBC}") = "Gallio.Host", "..\..\Gallio\Gallio.Host\Gallio.Host.csproj", "{35FFAF24-1019-4BE2-901D-02E627C757DC}"
EndProject
Project("{FAE04EC0-301F-11D3-BF4B-00C04F79EFBC}") = "MbUnit.TestResources.x64", "..\..\MbUnit\MbUnit.TestResources.x64\MbUnit.TestResources.x64.csproj", "{192D2C12-9D5C-4D68-96BA-4CD28054E3BC}"
EndProject
Project("{FAE04EC0-301F-11D3-BF4B-00C04F79EFBC}") = "MbUnit.TestResources.x86", "..\..\MbUnit\MbUnit.TestResources.x86\MbUnit.TestResources.x86.csproj", "{45224C3F-B0F1-4D70-8516-B50100DEF79B}"
EndProject
Project("{2150E333-8FDC-42A3-9474-1A3956D46DE8}") = "MSTest", "MSTest", "{2363587B-CF41-4867-A5B5-84BB9BB65918}"
EndProject
Project("{FAE04EC0-301F-11D3-BF4B-00C04F79EFBC}") = "Gallio.MSTestAdapter", "Gallio.MSTestAdapter\Gallio.MSTestAdapter.csproj", "{8FC20489-148C-4220-AA3B-0BA8B6BC2AC7}"
EndProject
Project("{FAE04EC0-301F-11D3-BF4B-00C04F79EFBC}") = "Gallio.MSTestAdapter.TestResources", "Gallio.MSTestAdapter.TestResources\Gallio.MSTestAdapter.TestResources.csproj", "{7AC1E83D-6979-48B5-8370-32F61A54B317}"
EndProject
Project("{FAE04EC0-301F-11D3-BF4B-00C04F79EFBC}") = "Gallio.MSTestAdapter.Tests", "Gallio.MSTestAdapter.Tests\Gallio.MSTestAdapter.Tests.csproj", "{45C971C1-3E47-47C8-B0B2-AEA866BA089A}"
EndProject
Global
	GlobalSection(SolutionConfigurationPlatforms) = preSolution
		Debug|Any CPU = Debug|Any CPU
		Release|Any CPU = Release|Any CPU
	EndGlobalSection
	GlobalSection(ProjectConfigurationPlatforms) = postSolution
		{6CAB7735-05DA-480D-9A04-50615B00F886}.Debug|Any CPU.ActiveCfg = Debug|Any CPU
		{6CAB7735-05DA-480D-9A04-50615B00F886}.Debug|Any CPU.Build.0 = Debug|Any CPU
		{6CAB7735-05DA-480D-9A04-50615B00F886}.Release|Any CPU.ActiveCfg = Release|Any CPU
		{6CAB7735-05DA-480D-9A04-50615B00F886}.Release|Any CPU.Build.0 = Release|Any CPU
		{A9B54755-56B7-48C1-8941-BB69FCEFFF32}.Debug|Any CPU.ActiveCfg = Debug|Any CPU
		{A9B54755-56B7-48C1-8941-BB69FCEFFF32}.Debug|Any CPU.Build.0 = Debug|Any CPU
		{A9B54755-56B7-48C1-8941-BB69FCEFFF32}.Release|Any CPU.ActiveCfg = Release|Any CPU
		{A9B54755-56B7-48C1-8941-BB69FCEFFF32}.Release|Any CPU.Build.0 = Release|Any CPU
		{D147F5CC-0166-4B9C-B095-F905220090FA}.Debug|Any CPU.ActiveCfg = Debug|Any CPU
		{D147F5CC-0166-4B9C-B095-F905220090FA}.Debug|Any CPU.Build.0 = Debug|Any CPU
		{D147F5CC-0166-4B9C-B095-F905220090FA}.Release|Any CPU.ActiveCfg = Release|Any CPU
		{D147F5CC-0166-4B9C-B095-F905220090FA}.Release|Any CPU.Build.0 = Release|Any CPU
		{BC28AB7E-5B71-4AEE-BF2D-54ACF7299889}.Debug|Any CPU.ActiveCfg = Debug|Any CPU
		{BC28AB7E-5B71-4AEE-BF2D-54ACF7299889}.Debug|Any CPU.Build.0 = Debug|Any CPU
		{BC28AB7E-5B71-4AEE-BF2D-54ACF7299889}.Release|Any CPU.ActiveCfg = Release|Any CPU
		{BC28AB7E-5B71-4AEE-BF2D-54ACF7299889}.Release|Any CPU.Build.0 = Release|Any CPU
		{36B1F505-995B-41E7-AAC9-1E845B08F2D7}.Debug|Any CPU.ActiveCfg = Debug|Any CPU
		{36B1F505-995B-41E7-AAC9-1E845B08F2D7}.Debug|Any CPU.Build.0 = Debug|Any CPU
		{36B1F505-995B-41E7-AAC9-1E845B08F2D7}.Release|Any CPU.ActiveCfg = Release|Any CPU
		{36B1F505-995B-41E7-AAC9-1E845B08F2D7}.Release|Any CPU.Build.0 = Release|Any CPU
		{DC4DBE38-0ED0-4CD8-A722-9F2C109FE173}.Debug|Any CPU.ActiveCfg = Debug|Any CPU
		{DC4DBE38-0ED0-4CD8-A722-9F2C109FE173}.Debug|Any CPU.Build.0 = Debug|Any CPU
		{DC4DBE38-0ED0-4CD8-A722-9F2C109FE173}.Release|Any CPU.ActiveCfg = Release|Any CPU
		{DC4DBE38-0ED0-4CD8-A722-9F2C109FE173}.Release|Any CPU.Build.0 = Release|Any CPU
		{111FD89D-58A1-4445-B4A4-8A50D65DB714}.Debug|Any CPU.ActiveCfg = Debug|Any CPU
		{111FD89D-58A1-4445-B4A4-8A50D65DB714}.Debug|Any CPU.Build.0 = Debug|Any CPU
		{111FD89D-58A1-4445-B4A4-8A50D65DB714}.Release|Any CPU.ActiveCfg = Release|Any CPU
		{111FD89D-58A1-4445-B4A4-8A50D65DB714}.Release|Any CPU.Build.0 = Release|Any CPU
		{321FD171-880D-472E-9912-EC844889E11A}.Debug|Any CPU.ActiveCfg = Debug|Any CPU
		{321FD171-880D-472E-9912-EC844889E11A}.Debug|Any CPU.Build.0 = Debug|Any CPU
		{321FD171-880D-472E-9912-EC844889E11A}.Release|Any CPU.ActiveCfg = Release|Any CPU
		{321FD171-880D-472E-9912-EC844889E11A}.Release|Any CPU.Build.0 = Release|Any CPU
		{9FFB657C-7099-4594-A1DD-6E9AC5D7171E}.Debug|Any CPU.ActiveCfg = Debug|Any CPU
		{9FFB657C-7099-4594-A1DD-6E9AC5D7171E}.Debug|Any CPU.Build.0 = Debug|Any CPU
		{9FFB657C-7099-4594-A1DD-6E9AC5D7171E}.Release|Any CPU.ActiveCfg = Release|Any CPU
		{9FFB657C-7099-4594-A1DD-6E9AC5D7171E}.Release|Any CPU.Build.0 = Release|Any CPU
		{399C33BF-A9F7-4390-8F9C-8EECF7814123}.Debug|Any CPU.ActiveCfg = Debug|Any CPU
		{399C33BF-A9F7-4390-8F9C-8EECF7814123}.Debug|Any CPU.Build.0 = Debug|Any CPU
		{399C33BF-A9F7-4390-8F9C-8EECF7814123}.Release|Any CPU.ActiveCfg = Release|Any CPU
		{399C33BF-A9F7-4390-8F9C-8EECF7814123}.Release|Any CPU.Build.0 = Release|Any CPU
		{35FFAF24-1019-4BE2-901D-02E627C757DC}.Debug|Any CPU.ActiveCfg = Debug|Any CPU
		{35FFAF24-1019-4BE2-901D-02E627C757DC}.Debug|Any CPU.Build.0 = Debug|Any CPU
		{35FFAF24-1019-4BE2-901D-02E627C757DC}.Release|Any CPU.ActiveCfg = Release|Any CPU
		{35FFAF24-1019-4BE2-901D-02E627C757DC}.Release|Any CPU.Build.0 = Release|Any CPU
		{192D2C12-9D5C-4D68-96BA-4CD28054E3BC}.Debug|Any CPU.ActiveCfg = Debug|Any CPU
		{192D2C12-9D5C-4D68-96BA-4CD28054E3BC}.Debug|Any CPU.Build.0 = Debug|Any CPU
		{192D2C12-9D5C-4D68-96BA-4CD28054E3BC}.Release|Any CPU.ActiveCfg = Release|Any CPU
		{192D2C12-9D5C-4D68-96BA-4CD28054E3BC}.Release|Any CPU.Build.0 = Release|Any CPU
		{45224C3F-B0F1-4D70-8516-B50100DEF79B}.Debug|Any CPU.ActiveCfg = Debug|Any CPU
		{45224C3F-B0F1-4D70-8516-B50100DEF79B}.Debug|Any CPU.Build.0 = Debug|Any CPU
		{45224C3F-B0F1-4D70-8516-B50100DEF79B}.Release|Any CPU.ActiveCfg = Release|Any CPU
		{45224C3F-B0F1-4D70-8516-B50100DEF79B}.Release|Any CPU.Build.0 = Release|Any CPU
		{8FC20489-148C-4220-AA3B-0BA8B6BC2AC7}.Debug|Any CPU.ActiveCfg = Debug|Any CPU
		{8FC20489-148C-4220-AA3B-0BA8B6BC2AC7}.Debug|Any CPU.Build.0 = Debug|Any CPU
		{8FC20489-148C-4220-AA3B-0BA8B6BC2AC7}.Release|Any CPU.ActiveCfg = Release|Any CPU
		{8FC20489-148C-4220-AA3B-0BA8B6BC2AC7}.Release|Any CPU.Build.0 = Release|Any CPU
		{7AC1E83D-6979-48B5-8370-32F61A54B317}.Debug|Any CPU.ActiveCfg = Debug|Any CPU
		{7AC1E83D-6979-48B5-8370-32F61A54B317}.Debug|Any CPU.Build.0 = Debug|Any CPU
		{7AC1E83D-6979-48B5-8370-32F61A54B317}.Release|Any CPU.ActiveCfg = Release|Any CPU
		{7AC1E83D-6979-48B5-8370-32F61A54B317}.Release|Any CPU.Build.0 = Release|Any CPU
		{45C971C1-3E47-47C8-B0B2-AEA866BA089A}.Debug|Any CPU.ActiveCfg = Debug|Any CPU
		{45C971C1-3E47-47C8-B0B2-AEA866BA089A}.Debug|Any CPU.Build.0 = Debug|Any CPU
		{45C971C1-3E47-47C8-B0B2-AEA866BA089A}.Release|Any CPU.ActiveCfg = Release|Any CPU
		{45C971C1-3E47-47C8-B0B2-AEA866BA089A}.Release|Any CPU.Build.0 = Release|Any CPU
	EndGlobalSection
	GlobalSection(SolutionProperties) = preSolution
		HideSolutionNode = FALSE
	EndGlobalSection
	GlobalSection(NestedProjects) = preSolution
		{6CAB7735-05DA-480D-9A04-50615B00F886} = {6559CEC8-1B3B-4736-B6B8-EAD15C1BF429}
		{BC28AB7E-5B71-4AEE-BF2D-54ACF7299889} = {6559CEC8-1B3B-4736-B6B8-EAD15C1BF429}
		{36B1F505-995B-41E7-AAC9-1E845B08F2D7} = {6559CEC8-1B3B-4736-B6B8-EAD15C1BF429}
		{DC4DBE38-0ED0-4CD8-A722-9F2C109FE173} = {6559CEC8-1B3B-4736-B6B8-EAD15C1BF429}
		{111FD89D-58A1-4445-B4A4-8A50D65DB714} = {6559CEC8-1B3B-4736-B6B8-EAD15C1BF429}
		{399C33BF-A9F7-4390-8F9C-8EECF7814123} = {6559CEC8-1B3B-4736-B6B8-EAD15C1BF429}
		{35FFAF24-1019-4BE2-901D-02E627C757DC} = {6559CEC8-1B3B-4736-B6B8-EAD15C1BF429}
		{A9B54755-56B7-48C1-8941-BB69FCEFFF32} = {D802860C-403B-43DF-BFC4-92F824825505}
		{D147F5CC-0166-4B9C-B095-F905220090FA} = {D802860C-403B-43DF-BFC4-92F824825505}
		{321FD171-880D-472E-9912-EC844889E11A} = {D802860C-403B-43DF-BFC4-92F824825505}
		{9FFB657C-7099-4594-A1DD-6E9AC5D7171E} = {D802860C-403B-43DF-BFC4-92F824825505}
		{192D2C12-9D5C-4D68-96BA-4CD28054E3BC} = {D802860C-403B-43DF-BFC4-92F824825505}
		{45224C3F-B0F1-4D70-8516-B50100DEF79B} = {D802860C-403B-43DF-BFC4-92F824825505}
		{8FC20489-148C-4220-AA3B-0BA8B6BC2AC7} = {2363587B-CF41-4867-A5B5-84BB9BB65918}
		{7AC1E83D-6979-48B5-8370-32F61A54B317} = {2363587B-CF41-4867-A5B5-84BB9BB65918}
		{45C971C1-3E47-47C8-B0B2-AEA866BA089A} = {2363587B-CF41-4867-A5B5-84BB9BB65918}
	EndGlobalSection
EndGlobal
