Microsoft Visual Studio Solution File, Format Version 9.00
# Visual Studio 2005
Project("{FAE04EC0-301F-11D3-BF4B-00C04F79EFBC}") = "MbUnit.Icarus", "MbUnit.Icarus.csproj", "{6C4AEA1A-CF85-4574-B24A-2C264ED0FEC3}"
EndProject
Project("{FAE04EC0-301F-11D3-BF4B-00C04F79EFBC}") = "MbUnit.Gallio.Core", "..\..\Gallio\MbUnit.Gallio.Core\MbUnit.Gallio.Core.csproj", "{B1843915-598A-4F80-9E47-BA890F879262}"
EndProject
Project("{FAE04EC0-301F-11D3-BF4B-00C04F79EFBC}") = "MbUnit.Gallio.Framework", "..\..\Gallio\MbUnit.Gallio.Framework\MbUnit.Gallio.Framework.csproj", "{691E62B3-823F-4F1E-9585-58D0E00B72C3}"
EndProject
Project("{FAE04EC0-301F-11D3-BF4B-00C04F79EFBC}") = "MbUnit.Icarus.Core", "..\MbUnit.Icarus.Core\MbUnit.Icarus.Core.csproj", "{BADF6646-9750-4CFB-8867-5D2D4086412A}"
EndProject
Global
	GlobalSection(SolutionConfigurationPlatforms) = preSolution
		Debug|Any CPU = Debug|Any CPU
		Release|Any CPU = Release|Any CPU
	EndGlobalSection
	GlobalSection(ProjectConfigurationPlatforms) = postSolution
		{6C4AEA1A-CF85-4574-B24A-2C264ED0FEC3}.Debug|Any CPU.ActiveCfg = Debug|Any CPU
		{6C4AEA1A-CF85-4574-B24A-2C264ED0FEC3}.Debug|Any CPU.Build.0 = Debug|Any CPU
		{6C4AEA1A-CF85-4574-B24A-2C264ED0FEC3}.Release|Any CPU.ActiveCfg = Release|Any CPU
		{6C4AEA1A-CF85-4574-B24A-2C264ED0FEC3}.Release|Any CPU.Build.0 = Release|Any CPU
		{B1843915-598A-4F80-9E47-BA890F879262}.Debug|Any CPU.ActiveCfg = Debug|Any CPU
		{B1843915-598A-4F80-9E47-BA890F879262}.Debug|Any CPU.Build.0 = Debug|Any CPU
		{B1843915-598A-4F80-9E47-BA890F879262}.Release|Any CPU.ActiveCfg = Release|Any CPU
		{B1843915-598A-4F80-9E47-BA890F879262}.Release|Any CPU.Build.0 = Release|Any CPU
		{691E62B3-823F-4F1E-9585-58D0E00B72C3}.Debug|Any CPU.ActiveCfg = Debug|Any CPU
		{691E62B3-823F-4F1E-9585-58D0E00B72C3}.Debug|Any CPU.Build.0 = Debug|Any CPU
		{691E62B3-823F-4F1E-9585-58D0E00B72C3}.Release|Any CPU.ActiveCfg = Release|Any CPU
		{691E62B3-823F-4F1E-9585-58D0E00B72C3}.Release|Any CPU.Build.0 = Release|Any CPU
		{BADF6646-9750-4CFB-8867-5D2D4086412A}.Debug|Any CPU.ActiveCfg = Debug|Any CPU
		{BADF6646-9750-4CFB-8867-5D2D4086412A}.Debug|Any CPU.Build.0 = Debug|Any CPU
		{BADF6646-9750-4CFB-8867-5D2D4086412A}.Release|Any CPU.ActiveCfg = Release|Any CPU
		{BADF6646-9750-4CFB-8867-5D2D4086412A}.Release|Any CPU.Build.0 = Release|Any CPU
	EndGlobalSection
	GlobalSection(SolutionProperties) = preSolution
		HideSolutionNode = FALSE
	EndGlobalSection
EndGlobal
