
Microsoft Visual Studio Solution File, Format Version 9.00
# Visual Studio 2005
Project("{FAE04EC0-301F-11D3-BF4B-00C04F79EFBC}") = "MbUnit.Echo", "MbUnit.Echo.csproj", "{22AE34D9-185F-41A7-A48D-205BE68B1F7D}"
EndProject
Global
	GlobalSection(SolutionConfigurationPlatforms) = preSolution
		Debug|Any CPU = Debug|Any CPU
		Release|Any CPU = Release|Any CPU
	EndGlobalSection
	GlobalSection(ProjectConfigurationPlatforms) = postSolution
		{22AE34D9-185F-41A7-A48D-205BE68B1F7D}.Debug|Any CPU.ActiveCfg = Debug|Any CPU
		{22AE34D9-185F-41A7-A48D-205BE68B1F7D}.Debug|Any CPU.Build.0 = Debug|Any CPU
		{22AE34D9-185F-41A7-A48D-205BE68B1F7D}.Release|Any CPU.ActiveCfg = Release|Any CPU
		{22AE34D9-185F-41A7-A48D-205BE68B1F7D}.Release|Any CPU.Build.0 = Release|Any CPU
	EndGlobalSection
	GlobalSection(SolutionProperties) = preSolution
		HideSolutionNode = FALSE
	EndGlobalSection
EndGlobal
