
Microsoft Visual Studio Solution File, Format Version 10.00
# Visual Studio 2008
Project("{FAE04EC0-301F-11D3-BF4B-00C04F79EFBC}") = "Gallio.ControlPanel", "Gallio.ControlPanel.csproj", "{1B1FCC31-612B-4591-9BAF-95892968CAA7}"
EndProject
Project("{FAE04EC0-301F-11D3-BF4B-00C04F79EFBC}") = "Gallio", "..\Gallio\Gallio.csproj", "{6CAB7735-05DA-480D-9A04-50615B00F886}"
EndProject
Project("{FAE04EC0-301F-11D3-BF4B-00C04F79EFBC}") = "Gallio.UI", "..\Gallio.UI\Gallio.UI.csproj", "{36B1F505-995B-41E7-AAC9-1E845B08F2D7}"
EndProject
Global
	GlobalSection(SolutionConfigurationPlatforms) = preSolution
		Debug|Any CPU = Debug|Any CPU
		Release|Any CPU = Release|Any CPU
	EndGlobalSection
	GlobalSection(ProjectConfigurationPlatforms) = postSolution
		{1B1FCC31-612B-4591-9BAF-95892968CAA7}.Debug|Any CPU.ActiveCfg = Debug|Any CPU
		{1B1FCC31-612B-4591-9BAF-95892968CAA7}.Debug|Any CPU.Build.0 = Debug|Any CPU
		{1B1FCC31-612B-4591-9BAF-95892968CAA7}.Release|Any CPU.ActiveCfg = Release|Any CPU
		{1B1FCC31-612B-4591-9BAF-95892968CAA7}.Release|Any CPU.Build.0 = Release|Any CPU
		{6CAB7735-05DA-480D-9A04-50615B00F886}.Debug|Any CPU.ActiveCfg = Debug|Any CPU
		{6CAB7735-05DA-480D-9A04-50615B00F886}.Debug|Any CPU.Build.0 = Debug|Any CPU
		{6CAB7735-05DA-480D-9A04-50615B00F886}.Release|Any CPU.ActiveCfg = Release|Any CPU
		{6CAB7735-05DA-480D-9A04-50615B00F886}.Release|Any CPU.Build.0 = Release|Any CPU
		{36B1F505-995B-41E7-AAC9-1E845B08F2D7}.Debug|Any CPU.ActiveCfg = Debug|Any CPU
		{36B1F505-995B-41E7-AAC9-1E845B08F2D7}.Debug|Any CPU.Build.0 = Debug|Any CPU
		{36B1F505-995B-41E7-AAC9-1E845B08F2D7}.Release|Any CPU.ActiveCfg = Release|Any CPU
		{36B1F505-995B-41E7-AAC9-1E845B08F2D7}.Release|Any CPU.Build.0 = Release|Any CPU
	EndGlobalSection
	GlobalSection(SolutionProperties) = preSolution
		HideSolutionNode = FALSE
	EndGlobalSection
EndGlobal
