
Microsoft Visual Studio Solution File, Format Version 10.00
# Visual Studio 2008
Project("{FAE04EC0-301F-11D3-BF4B-00C04F79EFBC}") = "Gallio.Copy", "Gallio.Copy\Gallio.Copy.csproj", "{5DA3843B-9639-4E11-8673-44E30624926F}"
EndProject
Project("{FAE04EC0-301F-11D3-BF4B-00C04F79EFBC}") = "Gallio", "..\..\Gallio\Gallio\Gallio.csproj", "{6CAB7735-05DA-480D-9A04-50615B00F886}"
EndProject
Project("{FAE04EC0-301F-11D3-BF4B-00C04F79EFBC}") = "Gallio.UI", "..\..\Gallio\Gallio.UI\Gallio.UI.csproj", "{36B1F505-995B-41E7-AAC9-1E845B08F2D7}"
EndProject
Project("{FAE04EC0-301F-11D3-BF4B-00C04F79EFBC}") = "Gallio.Copy.Tests", "Gallio.Copy.Tests\Gallio.Copy.Tests.csproj", "{27D9A0F2-8E7E-45D4-8664-00D23ECBBB90}"
EndProject
Project("{FAE04EC0-301F-11D3-BF4B-00C04F79EFBC}") = "MbUnit", "..\..\MbUnit\MbUnit\MbUnit.csproj", "{A9B54755-56B7-48C1-8941-BB69FCEFFF32}"
EndProject
Global
	GlobalSection(SolutionConfigurationPlatforms) = preSolution
		Debug|Any CPU = Debug|Any CPU
		Release|Any CPU = Release|Any CPU
	EndGlobalSection
	GlobalSection(ProjectConfigurationPlatforms) = postSolution
		{5DA3843B-9639-4E11-8673-44E30624926F}.Debug|Any CPU.ActiveCfg = Debug|Any CPU
		{5DA3843B-9639-4E11-8673-44E30624926F}.Debug|Any CPU.Build.0 = Debug|Any CPU
		{5DA3843B-9639-4E11-8673-44E30624926F}.Release|Any CPU.ActiveCfg = Release|Any CPU
		{5DA3843B-9639-4E11-8673-44E30624926F}.Release|Any CPU.Build.0 = Release|Any CPU
		{6CAB7735-05DA-480D-9A04-50615B00F886}.Debug|Any CPU.ActiveCfg = Debug|Any CPU
		{6CAB7735-05DA-480D-9A04-50615B00F886}.Debug|Any CPU.Build.0 = Debug|Any CPU
		{6CAB7735-05DA-480D-9A04-50615B00F886}.Release|Any CPU.ActiveCfg = Release|Any CPU
		{6CAB7735-05DA-480D-9A04-50615B00F886}.Release|Any CPU.Build.0 = Release|Any CPU
		{36B1F505-995B-41E7-AAC9-1E845B08F2D7}.Debug|Any CPU.ActiveCfg = Debug|Any CPU
		{36B1F505-995B-41E7-AAC9-1E845B08F2D7}.Debug|Any CPU.Build.0 = Debug|Any CPU
		{36B1F505-995B-41E7-AAC9-1E845B08F2D7}.Release|Any CPU.ActiveCfg = Release|Any CPU
		{36B1F505-995B-41E7-AAC9-1E845B08F2D7}.Release|Any CPU.Build.0 = Release|Any CPU
		{27D9A0F2-8E7E-45D4-8664-00D23ECBBB90}.Debug|Any CPU.ActiveCfg = Debug|Any CPU
		{27D9A0F2-8E7E-45D4-8664-00D23ECBBB90}.Debug|Any CPU.Build.0 = Debug|Any CPU
		{27D9A0F2-8E7E-45D4-8664-00D23ECBBB90}.Release|Any CPU.ActiveCfg = Release|Any CPU
		{27D9A0F2-8E7E-45D4-8664-00D23ECBBB90}.Release|Any CPU.Build.0 = Release|Any CPU
		{A9B54755-56B7-48C1-8941-BB69FCEFFF32}.Debug|Any CPU.ActiveCfg = Debug|Any CPU
		{A9B54755-56B7-48C1-8941-BB69FCEFFF32}.Debug|Any CPU.Build.0 = Debug|Any CPU
		{A9B54755-56B7-48C1-8941-BB69FCEFFF32}.Release|Any CPU.ActiveCfg = Release|Any CPU
		{A9B54755-56B7-48C1-8941-BB69FCEFFF32}.Release|Any CPU.Build.0 = Release|Any CPU
	EndGlobalSection
	GlobalSection(SolutionProperties) = preSolution
		HideSolutionNode = FALSE
	EndGlobalSection
EndGlobal
