
Microsoft Visual Studio Solution File, Format Version 10.00
# Visual Studio 2008
Project("{2150E333-8FDC-42A3-9474-1A3956D46DE8}") = "docs", "docs", "{70543B8E-DF83-4DA7-AA29-4B71CF333096}"
	ProjectSection(SolutionItems) = preProject
		..\docs\Gallio Ideas.txt = ..\docs\Gallio Ideas.txt
		..\docs\Known Bugs.txt = ..\docs\Known Bugs.txt
		..\docs\Mono Issues.txt = ..\docs\Mono Issues.txt
		..\docs\TODO.txt = ..\docs\TODO.txt
	EndProjectSection
EndProject
Project("{2150E333-8FDC-42A3-9474-1A3956D46DE8}") = "Runners", "Runners", "{7314C58D-3714-4872-885D-309338F09FC1}"
EndProject
Project("{2150E333-8FDC-42A3-9474-1A3956D46DE8}") = "Gallio", "Gallio", "{00CE3107-C47F-4D2B-986B-763181832B51}"
EndProject
Project("{2150E333-8FDC-42A3-9474-1A3956D46DE8}") = "Plugins", "Plugins", "{BFB535CF-02E9-4201-977B-931372E68AF1}"
EndProject
Project("{2150E333-8FDC-42A3-9474-1A3956D46DE8}") = "MbUnit", "MbUnit", "{4D506DA5-13C1-4B1F-9018-4FDCA066993A}"
EndProject
Project("{2150E333-8FDC-42A3-9474-1A3956D46DE8}") = "Samples", "Samples", "{24B192F6-0332-4F79-B09A-A0D5C7080BFB}"
EndProject
Project("{FAE04EC0-301F-11D3-BF4B-00C04F79EFBC}") = "Gallio.Echo", "Gallio\Runners\Gallio.Echo\Gallio.Echo.csproj", "{22AE34D9-185F-41A7-A48D-205BE68B1F7D}"
EndProject
Project("{FAE04EC0-301F-11D3-BF4B-00C04F79EFBC}") = "Gallio.Icarus", "Gallio\Runners\Gallio.Icarus\Gallio.Icarus.csproj", "{6C4AEA1A-CF85-4574-B24A-2C264ED0FEC3}"
EndProject
Project("{FAE04EC0-301F-11D3-BF4B-00C04F79EFBC}") = "Gallio.Echo.Tests", "Gallio\Runners\Gallio.Echo.Tests\Gallio.Echo.Tests.csproj", "{299970D4-781F-4778-BCF2-F53AE7D8B060}"
EndProject
Project("{FAE04EC0-301F-11D3-BF4B-00C04F79EFBC}") = "Gallio.Icarus.Tests", "Gallio\Runners\Gallio.Icarus.Tests\Gallio.Icarus.Tests.csproj", "{A90A40C4-4D48-4D0B-BE9B-432510EB1057}"
EndProject
Project("{FAE04EC0-301F-11D3-BF4B-00C04F79EFBC}") = "Gallio", "Gallio\Gallio\Gallio.csproj", "{6CAB7735-05DA-480D-9A04-50615B00F886}"
EndProject
Project("{FAE04EC0-301F-11D3-BF4B-00C04F79EFBC}") = "Gallio.Tests", "Gallio\Gallio.Tests\Gallio.Tests.csproj", "{111FD89D-58A1-4445-B4A4-8A50D65DB714}"
EndProject
Project("{FAE04EC0-301F-11D3-BF4B-00C04F79EFBC}") = "Gallio.Reports", "Gallio\Plugins\Gallio.Reports\Gallio.Reports.csproj", "{399C33BF-A9F7-4390-8F9C-8EECF7814123}"
EndProject
Project("{FAE04EC0-301F-11D3-BF4B-00C04F79EFBC}") = "MbUnit", "MbUnit\MbUnit\MbUnit.csproj", "{A9B54755-56B7-48C1-8941-BB69FCEFFF32}"
EndProject
Project("{FAE04EC0-301F-11D3-BF4B-00C04F79EFBC}") = "MbUnit.Tests", "MbUnit\MbUnit.Tests\MbUnit.Tests.csproj", "{321FD171-880D-472E-9912-EC844889E11A}"
EndProject
Project("{FAE04EC0-301F-11D3-BF4B-00C04F79EFBC}") = "MbUnit.Samples", "MbUnit\Samples\MbUnit.Samples\MbUnit.Samples.csproj", "{12850856-0A27-4E50-9116-5A3B19C7D779}"
	ProjectSection(ProjectDependencies) = postProject
		{6CAB7735-05DA-480D-9A04-50615B00F886} = {6CAB7735-05DA-480D-9A04-50615B00F886}
		{A9B54755-56B7-48C1-8941-BB69FCEFFF32} = {A9B54755-56B7-48C1-8941-BB69FCEFFF32}
	EndProjectSection
EndProject
Project("{FAE04EC0-301F-11D3-BF4B-00C04F79EFBC}") = "MbUnit.Compatibility", "MbUnit\MbUnit.Compatibility\MbUnit.Compatibility.csproj", "{F588B51F-786A-48E2-950E-636062F9C302}"
EndProject
Project("{FAE04EC0-301F-11D3-BF4B-00C04F79EFBC}") = "Gallio.Reports.Tests", "Gallio\Plugins\Gallio.Reports.Tests\Gallio.Reports.Tests.csproj", "{94830E9B-3191-4AE5-A921-D27060A3BE65}"
EndProject
Project("{FAE04EC0-301F-11D3-BF4B-00C04F79EFBC}") = "Gallio.Host", "Gallio\Gallio.Host\Gallio.Host.csproj", "{35FFAF24-1019-4BE2-901D-02E627C757DC}"
EndProject
Project("{2150E333-8FDC-42A3-9474-1A3956D46DE8}") = "Extensions", "Extensions", "{5228D234-E4B0-467B-B6C8-FF06B0A98FAF}"
EndProject
Project("{2150E333-8FDC-42A3-9474-1A3956D46DE8}") = "CCNet", "CCNet", "{1D245366-4B41-498E-A42A-4B722428437E}"
EndProject
Project("{FAE04EC0-301F-11D3-BF4B-00C04F79EFBC}") = "MbUnit.TestResources", "MbUnit\MbUnit.TestResources\MbUnit.TestResources.csproj", "{9FFB657C-7099-4594-A1DD-6E9AC5D7171E}"
EndProject
Project("{2150E333-8FDC-42A3-9474-1A3956D46DE8}") = "Xunit", "Xunit", "{5DBFFBA7-DAFC-42E9-BBB5-4752E84C8290}"
EndProject
Project("{FAE04EC0-301F-11D3-BF4B-00C04F79EFBC}") = "Gallio.XunitAdapter", "Extensions\Xunit\Gallio.XunitAdapter\Gallio.XunitAdapter.csproj", "{F2619506-4CA0-4B5B-AAA8-733784C49476}"
EndProject
Project("{FAE04EC0-301F-11D3-BF4B-00C04F79EFBC}") = "Gallio.XunitAdapter.Tests", "Extensions\Xunit\Gallio.XunitAdapter.Tests\Gallio.XunitAdapter.Tests.csproj", "{606ED147-23B2-461B-A5DD-9A6CD998F6AE}"
EndProject
Project("{FAE04EC0-301F-11D3-BF4B-00C04F79EFBC}") = "Gallio.XunitAdapter.TestResources", "Extensions\Xunit\Gallio.XunitAdapter.TestResources\Gallio.XunitAdapter.TestResources.csproj", "{70015C50-93E8-4D17-86B0-69F030911C98}"
EndProject
Project("{2150E333-8FDC-42A3-9474-1A3956D46DE8}") = "NUnit", "NUnit", "{6B756611-1B2E-4C55-901C-B6564000F784}"
EndProject
Project("{FAE04EC0-301F-11D3-BF4B-00C04F79EFBC}") = "Gallio.NUnitAdapter", "Extensions\NUnit\Gallio.NUnitAdapter\Gallio.NUnitAdapter.csproj", "{6C54EE4A-65D5-4133-A89D-9F57C6ADB2C9}"
EndProject
Project("{FAE04EC0-301F-11D3-BF4B-00C04F79EFBC}") = "Gallio.NUnitAdapter.Tests", "Extensions\NUnit\Gallio.NUnitAdapter.Tests\Gallio.NUnitAdapter.Tests.csproj", "{7CB9DB43-2428-40C7-A926-AD3C2687A646}"
EndProject
Project("{FAE04EC0-301F-11D3-BF4B-00C04F79EFBC}") = "Gallio.NUnitAdapter.TestResources", "Extensions\NUnit\Gallio.NUnitAdapter.TestResources\Gallio.NUnitAdapter.TestResources.csproj", "{42CC86A2-B9A9-447F-97DD-D6809D78A8EB}"
EndProject
Project("{2150E333-8FDC-42A3-9474-1A3956D46DE8}") = "MbUnit2", "MbUnit2", "{046D3E80-13AA-4CAE-9BF8-880077BDDE5E}"
EndProject
Project("{FAE04EC0-301F-11D3-BF4B-00C04F79EFBC}") = "Gallio.MbUnit2Adapter", "Extensions\MbUnit2\Gallio.MbUnit2Adapter\Gallio.MbUnit2Adapter.csproj", "{0393BF1B-3E61-4AF9-B0E3-B9E77C60C67A}"
EndProject
Project("{FAE04EC0-301F-11D3-BF4B-00C04F79EFBC}") = "Gallio.MbUnit2Adapter.Tests", "Extensions\MbUnit2\Gallio.MbUnit2Adapter.Tests\Gallio.MbUnit2Adapter.Tests.csproj", "{050A5A14-3F4D-4407-AA40-C45E14FE1FF1}"
EndProject
Project("{FAE04EC0-301F-11D3-BF4B-00C04F79EFBC}") = "Gallio.MbUnit2Adapter.TestResources", "Extensions\MbUnit2\Gallio.MbUnit2Adapter.TestResources\Gallio.MbUnit2Adapter.TestResources.csproj", "{886B1BB9-AB7A-45EC-B38B-DE36CABCE505}"
EndProject
Project("{2150E333-8FDC-42A3-9474-1A3956D46DE8}") = "ReSharper", "ReSharper", "{92151574-F6C9-40C8-9AD8-66D34BED4C99}"
EndProject
Project("{FAE04EC0-301F-11D3-BF4B-00C04F79EFBC}") = "Gallio.ReSharperRunner", "Extensions\ReSharper\Gallio.ReSharperRunner\Gallio.ReSharperRunner.csproj", "{E20A7E4C-B05B-41B0-AAD5-DF7BB9AD64C4}"
EndProject
Project("{FAE04EC0-301F-11D3-BF4B-00C04F79EFBC}") = "Gallio.ReSharperRunner.Tests", "Extensions\ReSharper\Gallio.ReSharperRunner.Tests\Gallio.ReSharperRunner.Tests.csproj", "{56CC7030-DFF6-4FED-991B-641CFC5CFDCC}"
EndProject
Project("{2150E333-8FDC-42A3-9474-1A3956D46DE8}") = "TDNet", "TDNet", "{8DCD768B-DE02-418E-B593-EC55B6BC8005}"
EndProject
Project("{FAE04EC0-301F-11D3-BF4B-00C04F79EFBC}") = "Gallio.TDNetRunner", "Extensions\TDNet\Gallio.TDNetRunner\Gallio.TDNetRunner.csproj", "{00C93D01-6A43-4AAA-9E6E-5936B985B497}"
EndProject
Project("{FAE04EC0-301F-11D3-BF4B-00C04F79EFBC}") = "Gallio.TDNetRunner.Tests", "Extensions\TDNet\Gallio.TDNetRunner.Tests\Gallio.TDNetRunner.Tests.csproj", "{EBB6130D-3D29-4313-BAA9-1076BB8572AB}"
EndProject
Project("{2150E333-8FDC-42A3-9474-1A3956D46DE8}") = "MSBuild", "MSBuild", "{C8B72F29-32A8-4179-80C8-818C10E584B5}"
EndProject
Project("{FAE04EC0-301F-11D3-BF4B-00C04F79EFBC}") = "Gallio.MSBuildTasks", "Extensions\MSBuild\Gallio.MSBuildTasks\Gallio.MSBuildTasks.csproj", "{B3601484-0AB7-424F-BA81-A8CC809AB41A}"
EndProject
Project("{FAE04EC0-301F-11D3-BF4B-00C04F79EFBC}") = "Gallio.MSBuildTasks.Tests", "Extensions\MSBuild\Gallio.MSBuildTasks.Tests\Gallio.MSBuildTasks.Tests.csproj", "{9803265F-B0AF-4171-A770-0871CD2A593E}"
EndProject
Project("{2150E333-8FDC-42A3-9474-1A3956D46DE8}") = "NAnt", "NAnt", "{B6FD8CA3-96CF-48B1-9B5A-6F59A01BA6A7}"
EndProject
Project("{FAE04EC0-301F-11D3-BF4B-00C04F79EFBC}") = "Gallio.NAntTasks", "Extensions\NAnt\Gallio.NAntTasks\Gallio.NAntTasks.csproj", "{9D1FCE3D-7597-46DC-B661-83112269CD1F}"
EndProject
Project("{FAE04EC0-301F-11D3-BF4B-00C04F79EFBC}") = "Gallio.NAntTasks.Tests", "Extensions\NAnt\Gallio.NAntTasks.Tests\Gallio.NAntTasks.Tests.csproj", "{2EADCB02-CB78-480F-992D-7CCB48ACEF38}"
EndProject
Project("{2150E333-8FDC-42A3-9474-1A3956D46DE8}") = "PowerShell", "PowerShell", "{C1A81AAA-E6F1-4F02-A1C6-A580A746AA38}"
EndProject
Project("{FAE04EC0-301F-11D3-BF4B-00C04F79EFBC}") = "Gallio.PowerShellCommands", "Extensions\PowerShell\Gallio.PowerShellCommands\Gallio.PowerShellCommands.csproj", "{AA029EE0-D199-41D1-8D97-BDC5945B3CDD}"
EndProject
Project("{FAE04EC0-301F-11D3-BF4B-00C04F79EFBC}") = "Gallio.PowerShellCommands.Tests", "Extensions\PowerShell\Gallio.PowerShellCommands.Tests\Gallio.PowerShellCommands.Tests.csproj", "{52E0A229-CE15-4B72-8ACF-F17DCB929A64}"
EndProject
Project("{2150E333-8FDC-42A3-9474-1A3956D46DE8}") = "docs", "docs", "{520F7B99-3CD9-495A-B410-656864ADD813}"
	ProjectSection(SolutionItems) = preProject
		Extensions\CCNet\docs\How to use Gallio with CruiseControl.Net.txt = Extensions\CCNet\docs\How to use Gallio with CruiseControl.Net.txt
	EndProjectSection
EndProject
Project("{FAE04EC0-301F-11D3-BF4B-00C04F79EFBC}") = "CCNet.Gallio.WebDashboard.Plugin", "Extensions\CCNet\CCNet.Gallio.WebDashboard.Plugin\CCNet.Gallio.WebDashboard.Plugin.csproj", "{6E257D26-EAEA-4680-BC7A-34210A74E928}"
EndProject
Global
	GlobalSection(SolutionConfigurationPlatforms) = preSolution
		Debug|Any CPU = Debug|Any CPU
		Release|Any CPU = Release|Any CPU
	EndGlobalSection
	GlobalSection(ProjectConfigurationPlatforms) = postSolution
		{22AE34D9-185F-41A7-A48D-205BE68B1F7D}.Debug|Any CPU.ActiveCfg = Debug|Any CPU
		{22AE34D9-185F-41A7-A48D-205BE68B1F7D}.Debug|Any CPU.Build.0 = Debug|Any CPU
		{22AE34D9-185F-41A7-A48D-205BE68B1F7D}.Release|Any CPU.ActiveCfg = Release|Any CPU
		{22AE34D9-185F-41A7-A48D-205BE68B1F7D}.Release|Any CPU.Build.0 = Release|Any CPU
		{6C4AEA1A-CF85-4574-B24A-2C264ED0FEC3}.Debug|Any CPU.ActiveCfg = Debug|Any CPU
		{6C4AEA1A-CF85-4574-B24A-2C264ED0FEC3}.Debug|Any CPU.Build.0 = Debug|Any CPU
		{6C4AEA1A-CF85-4574-B24A-2C264ED0FEC3}.Release|Any CPU.ActiveCfg = Release|Any CPU
		{6C4AEA1A-CF85-4574-B24A-2C264ED0FEC3}.Release|Any CPU.Build.0 = Release|Any CPU
		{299970D4-781F-4778-BCF2-F53AE7D8B060}.Debug|Any CPU.ActiveCfg = Debug|Any CPU
		{299970D4-781F-4778-BCF2-F53AE7D8B060}.Debug|Any CPU.Build.0 = Debug|Any CPU
		{299970D4-781F-4778-BCF2-F53AE7D8B060}.Release|Any CPU.ActiveCfg = Release|Any CPU
		{299970D4-781F-4778-BCF2-F53AE7D8B060}.Release|Any CPU.Build.0 = Release|Any CPU
		{A90A40C4-4D48-4D0B-BE9B-432510EB1057}.Debug|Any CPU.ActiveCfg = Debug|Any CPU
		{A90A40C4-4D48-4D0B-BE9B-432510EB1057}.Debug|Any CPU.Build.0 = Debug|Any CPU
		{A90A40C4-4D48-4D0B-BE9B-432510EB1057}.Release|Any CPU.ActiveCfg = Release|Any CPU
		{A90A40C4-4D48-4D0B-BE9B-432510EB1057}.Release|Any CPU.Build.0 = Release|Any CPU
		{6CAB7735-05DA-480D-9A04-50615B00F886}.Debug|Any CPU.ActiveCfg = Debug|Any CPU
		{6CAB7735-05DA-480D-9A04-50615B00F886}.Debug|Any CPU.Build.0 = Debug|Any CPU
		{6CAB7735-05DA-480D-9A04-50615B00F886}.Release|Any CPU.ActiveCfg = Release|Any CPU
		{6CAB7735-05DA-480D-9A04-50615B00F886}.Release|Any CPU.Build.0 = Release|Any CPU
		{111FD89D-58A1-4445-B4A4-8A50D65DB714}.Debug|Any CPU.ActiveCfg = Debug|Any CPU
		{111FD89D-58A1-4445-B4A4-8A50D65DB714}.Debug|Any CPU.Build.0 = Debug|Any CPU
		{111FD89D-58A1-4445-B4A4-8A50D65DB714}.Release|Any CPU.ActiveCfg = Release|Any CPU
		{111FD89D-58A1-4445-B4A4-8A50D65DB714}.Release|Any CPU.Build.0 = Release|Any CPU
		{399C33BF-A9F7-4390-8F9C-8EECF7814123}.Debug|Any CPU.ActiveCfg = Debug|Any CPU
		{399C33BF-A9F7-4390-8F9C-8EECF7814123}.Debug|Any CPU.Build.0 = Debug|Any CPU
		{399C33BF-A9F7-4390-8F9C-8EECF7814123}.Release|Any CPU.ActiveCfg = Release|Any CPU
		{399C33BF-A9F7-4390-8F9C-8EECF7814123}.Release|Any CPU.Build.0 = Release|Any CPU
		{A9B54755-56B7-48C1-8941-BB69FCEFFF32}.Debug|Any CPU.ActiveCfg = Debug|Any CPU
		{A9B54755-56B7-48C1-8941-BB69FCEFFF32}.Debug|Any CPU.Build.0 = Debug|Any CPU
		{A9B54755-56B7-48C1-8941-BB69FCEFFF32}.Release|Any CPU.ActiveCfg = Release|Any CPU
		{A9B54755-56B7-48C1-8941-BB69FCEFFF32}.Release|Any CPU.Build.0 = Release|Any CPU
		{321FD171-880D-472E-9912-EC844889E11A}.Debug|Any CPU.ActiveCfg = Debug|Any CPU
		{321FD171-880D-472E-9912-EC844889E11A}.Debug|Any CPU.Build.0 = Debug|Any CPU
		{321FD171-880D-472E-9912-EC844889E11A}.Release|Any CPU.ActiveCfg = Release|Any CPU
		{321FD171-880D-472E-9912-EC844889E11A}.Release|Any CPU.Build.0 = Release|Any CPU
		{12850856-0A27-4E50-9116-5A3B19C7D779}.Debug|Any CPU.ActiveCfg = Debug|Any CPU
		{12850856-0A27-4E50-9116-5A3B19C7D779}.Debug|Any CPU.Build.0 = Debug|Any CPU
		{12850856-0A27-4E50-9116-5A3B19C7D779}.Release|Any CPU.ActiveCfg = Release|Any CPU
		{12850856-0A27-4E50-9116-5A3B19C7D779}.Release|Any CPU.Build.0 = Release|Any CPU
		{F588B51F-786A-48E2-950E-636062F9C302}.Debug|Any CPU.ActiveCfg = Debug|Any CPU
		{F588B51F-786A-48E2-950E-636062F9C302}.Debug|Any CPU.Build.0 = Debug|Any CPU
		{F588B51F-786A-48E2-950E-636062F9C302}.Release|Any CPU.ActiveCfg = Release|Any CPU
		{F588B51F-786A-48E2-950E-636062F9C302}.Release|Any CPU.Build.0 = Release|Any CPU
		{94830E9B-3191-4AE5-A921-D27060A3BE65}.Debug|Any CPU.ActiveCfg = Debug|Any CPU
		{94830E9B-3191-4AE5-A921-D27060A3BE65}.Debug|Any CPU.Build.0 = Debug|Any CPU
		{94830E9B-3191-4AE5-A921-D27060A3BE65}.Release|Any CPU.ActiveCfg = Release|Any CPU
		{94830E9B-3191-4AE5-A921-D27060A3BE65}.Release|Any CPU.Build.0 = Release|Any CPU
		{35FFAF24-1019-4BE2-901D-02E627C757DC}.Debug|Any CPU.ActiveCfg = Debug|Any CPU
		{35FFAF24-1019-4BE2-901D-02E627C757DC}.Debug|Any CPU.Build.0 = Debug|Any CPU
		{35FFAF24-1019-4BE2-901D-02E627C757DC}.Release|Any CPU.ActiveCfg = Release|Any CPU
		{35FFAF24-1019-4BE2-901D-02E627C757DC}.Release|Any CPU.Build.0 = Release|Any CPU
		{9FFB657C-7099-4594-A1DD-6E9AC5D7171E}.Debug|Any CPU.ActiveCfg = Debug|Any CPU
		{9FFB657C-7099-4594-A1DD-6E9AC5D7171E}.Debug|Any CPU.Build.0 = Debug|Any CPU
		{9FFB657C-7099-4594-A1DD-6E9AC5D7171E}.Release|Any CPU.ActiveCfg = Release|Any CPU
		{9FFB657C-7099-4594-A1DD-6E9AC5D7171E}.Release|Any CPU.Build.0 = Release|Any CPU
		{F2619506-4CA0-4B5B-AAA8-733784C49476}.Debug|Any CPU.ActiveCfg = Debug|Any CPU
		{F2619506-4CA0-4B5B-AAA8-733784C49476}.Debug|Any CPU.Build.0 = Debug|Any CPU
		{F2619506-4CA0-4B5B-AAA8-733784C49476}.Release|Any CPU.ActiveCfg = Release|Any CPU
		{F2619506-4CA0-4B5B-AAA8-733784C49476}.Release|Any CPU.Build.0 = Release|Any CPU
		{606ED147-23B2-461B-A5DD-9A6CD998F6AE}.Debug|Any CPU.ActiveCfg = Debug|Any CPU
		{606ED147-23B2-461B-A5DD-9A6CD998F6AE}.Debug|Any CPU.Build.0 = Debug|Any CPU
		{606ED147-23B2-461B-A5DD-9A6CD998F6AE}.Release|Any CPU.ActiveCfg = Release|Any CPU
		{606ED147-23B2-461B-A5DD-9A6CD998F6AE}.Release|Any CPU.Build.0 = Release|Any CPU
		{70015C50-93E8-4D17-86B0-69F030911C98}.Debug|Any CPU.ActiveCfg = Debug|Any CPU
		{70015C50-93E8-4D17-86B0-69F030911C98}.Debug|Any CPU.Build.0 = Debug|Any CPU
		{70015C50-93E8-4D17-86B0-69F030911C98}.Release|Any CPU.ActiveCfg = Release|Any CPU
		{70015C50-93E8-4D17-86B0-69F030911C98}.Release|Any CPU.Build.0 = Release|Any CPU
		{6C54EE4A-65D5-4133-A89D-9F57C6ADB2C9}.Debug|Any CPU.ActiveCfg = Debug|Any CPU
		{6C54EE4A-65D5-4133-A89D-9F57C6ADB2C9}.Debug|Any CPU.Build.0 = Debug|Any CPU
		{6C54EE4A-65D5-4133-A89D-9F57C6ADB2C9}.Release|Any CPU.ActiveCfg = Release|Any CPU
		{6C54EE4A-65D5-4133-A89D-9F57C6ADB2C9}.Release|Any CPU.Build.0 = Release|Any CPU
		{7CB9DB43-2428-40C7-A926-AD3C2687A646}.Debug|Any CPU.ActiveCfg = Debug|Any CPU
		{7CB9DB43-2428-40C7-A926-AD3C2687A646}.Debug|Any CPU.Build.0 = Debug|Any CPU
		{7CB9DB43-2428-40C7-A926-AD3C2687A646}.Release|Any CPU.ActiveCfg = Release|Any CPU
		{7CB9DB43-2428-40C7-A926-AD3C2687A646}.Release|Any CPU.Build.0 = Release|Any CPU
		{42CC86A2-B9A9-447F-97DD-D6809D78A8EB}.Debug|Any CPU.ActiveCfg = Debug|Any CPU
		{42CC86A2-B9A9-447F-97DD-D6809D78A8EB}.Debug|Any CPU.Build.0 = Debug|Any CPU
		{42CC86A2-B9A9-447F-97DD-D6809D78A8EB}.Release|Any CPU.ActiveCfg = Release|Any CPU
		{42CC86A2-B9A9-447F-97DD-D6809D78A8EB}.Release|Any CPU.Build.0 = Release|Any CPU
		{0393BF1B-3E61-4AF9-B0E3-B9E77C60C67A}.Debug|Any CPU.ActiveCfg = Debug|Any CPU
		{0393BF1B-3E61-4AF9-B0E3-B9E77C60C67A}.Debug|Any CPU.Build.0 = Debug|Any CPU
		{0393BF1B-3E61-4AF9-B0E3-B9E77C60C67A}.Release|Any CPU.ActiveCfg = Release|Any CPU
		{0393BF1B-3E61-4AF9-B0E3-B9E77C60C67A}.Release|Any CPU.Build.0 = Release|Any CPU
		{050A5A14-3F4D-4407-AA40-C45E14FE1FF1}.Debug|Any CPU.ActiveCfg = Debug|Any CPU
		{050A5A14-3F4D-4407-AA40-C45E14FE1FF1}.Debug|Any CPU.Build.0 = Debug|Any CPU
		{050A5A14-3F4D-4407-AA40-C45E14FE1FF1}.Release|Any CPU.ActiveCfg = Release|Any CPU
		{050A5A14-3F4D-4407-AA40-C45E14FE1FF1}.Release|Any CPU.Build.0 = Release|Any CPU
		{886B1BB9-AB7A-45EC-B38B-DE36CABCE505}.Debug|Any CPU.ActiveCfg = Debug|Any CPU
		{886B1BB9-AB7A-45EC-B38B-DE36CABCE505}.Debug|Any CPU.Build.0 = Debug|Any CPU
		{886B1BB9-AB7A-45EC-B38B-DE36CABCE505}.Release|Any CPU.ActiveCfg = Release|Any CPU
		{886B1BB9-AB7A-45EC-B38B-DE36CABCE505}.Release|Any CPU.Build.0 = Release|Any CPU
		{E20A7E4C-B05B-41B0-AAD5-DF7BB9AD64C4}.Debug|Any CPU.ActiveCfg = Debug|Any CPU
		{E20A7E4C-B05B-41B0-AAD5-DF7BB9AD64C4}.Debug|Any CPU.Build.0 = Debug|Any CPU
		{E20A7E4C-B05B-41B0-AAD5-DF7BB9AD64C4}.Release|Any CPU.ActiveCfg = Release|Any CPU
		{E20A7E4C-B05B-41B0-AAD5-DF7BB9AD64C4}.Release|Any CPU.Build.0 = Release|Any CPU
		{56CC7030-DFF6-4FED-991B-641CFC5CFDCC}.Debug|Any CPU.ActiveCfg = Debug|Any CPU
		{56CC7030-DFF6-4FED-991B-641CFC5CFDCC}.Debug|Any CPU.Build.0 = Debug|Any CPU
		{56CC7030-DFF6-4FED-991B-641CFC5CFDCC}.Release|Any CPU.ActiveCfg = Release|Any CPU
		{56CC7030-DFF6-4FED-991B-641CFC5CFDCC}.Release|Any CPU.Build.0 = Release|Any CPU
		{00C93D01-6A43-4AAA-9E6E-5936B985B497}.Debug|Any CPU.ActiveCfg = Debug|Any CPU
		{00C93D01-6A43-4AAA-9E6E-5936B985B497}.Debug|Any CPU.Build.0 = Debug|Any CPU
		{00C93D01-6A43-4AAA-9E6E-5936B985B497}.Release|Any CPU.ActiveCfg = Release|Any CPU
		{00C93D01-6A43-4AAA-9E6E-5936B985B497}.Release|Any CPU.Build.0 = Release|Any CPU
		{EBB6130D-3D29-4313-BAA9-1076BB8572AB}.Debug|Any CPU.ActiveCfg = Debug|Any CPU
		{EBB6130D-3D29-4313-BAA9-1076BB8572AB}.Debug|Any CPU.Build.0 = Debug|Any CPU
		{EBB6130D-3D29-4313-BAA9-1076BB8572AB}.Release|Any CPU.ActiveCfg = Release|Any CPU
		{EBB6130D-3D29-4313-BAA9-1076BB8572AB}.Release|Any CPU.Build.0 = Release|Any CPU
		{B3601484-0AB7-424F-BA81-A8CC809AB41A}.Debug|Any CPU.ActiveCfg = Debug|Any CPU
		{B3601484-0AB7-424F-BA81-A8CC809AB41A}.Debug|Any CPU.Build.0 = Debug|Any CPU
		{B3601484-0AB7-424F-BA81-A8CC809AB41A}.Release|Any CPU.ActiveCfg = Release|Any CPU
		{B3601484-0AB7-424F-BA81-A8CC809AB41A}.Release|Any CPU.Build.0 = Release|Any CPU
		{9803265F-B0AF-4171-A770-0871CD2A593E}.Debug|Any CPU.ActiveCfg = Debug|Any CPU
		{9803265F-B0AF-4171-A770-0871CD2A593E}.Debug|Any CPU.Build.0 = Debug|Any CPU
		{9803265F-B0AF-4171-A770-0871CD2A593E}.Release|Any CPU.ActiveCfg = Release|Any CPU
		{9803265F-B0AF-4171-A770-0871CD2A593E}.Release|Any CPU.Build.0 = Release|Any CPU
		{9D1FCE3D-7597-46DC-B661-83112269CD1F}.Debug|Any CPU.ActiveCfg = Debug|Any CPU
		{9D1FCE3D-7597-46DC-B661-83112269CD1F}.Debug|Any CPU.Build.0 = Debug|Any CPU
		{9D1FCE3D-7597-46DC-B661-83112269CD1F}.Release|Any CPU.ActiveCfg = Release|Any CPU
		{9D1FCE3D-7597-46DC-B661-83112269CD1F}.Release|Any CPU.Build.0 = Release|Any CPU
		{2EADCB02-CB78-480F-992D-7CCB48ACEF38}.Debug|Any CPU.ActiveCfg = Debug|Any CPU
		{2EADCB02-CB78-480F-992D-7CCB48ACEF38}.Debug|Any CPU.Build.0 = Debug|Any CPU
		{2EADCB02-CB78-480F-992D-7CCB48ACEF38}.Release|Any CPU.ActiveCfg = Release|Any CPU
		{2EADCB02-CB78-480F-992D-7CCB48ACEF38}.Release|Any CPU.Build.0 = Release|Any CPU
		{AA029EE0-D199-41D1-8D97-BDC5945B3CDD}.Debug|Any CPU.ActiveCfg = Debug|Any CPU
		{AA029EE0-D199-41D1-8D97-BDC5945B3CDD}.Debug|Any CPU.Build.0 = Debug|Any CPU
		{AA029EE0-D199-41D1-8D97-BDC5945B3CDD}.Release|Any CPU.ActiveCfg = Release|Any CPU
		{AA029EE0-D199-41D1-8D97-BDC5945B3CDD}.Release|Any CPU.Build.0 = Release|Any CPU
		{52E0A229-CE15-4B72-8ACF-F17DCB929A64}.Debug|Any CPU.ActiveCfg = Debug|Any CPU
		{52E0A229-CE15-4B72-8ACF-F17DCB929A64}.Debug|Any CPU.Build.0 = Debug|Any CPU
		{52E0A229-CE15-4B72-8ACF-F17DCB929A64}.Release|Any CPU.ActiveCfg = Release|Any CPU
		{52E0A229-CE15-4B72-8ACF-F17DCB929A64}.Release|Any CPU.Build.0 = Release|Any CPU
		{6E257D26-EAEA-4680-BC7A-34210A74E928}.Debug|Any CPU.ActiveCfg = Debug|Any CPU
		{6E257D26-EAEA-4680-BC7A-34210A74E928}.Debug|Any CPU.Build.0 = Debug|Any CPU
		{6E257D26-EAEA-4680-BC7A-34210A74E928}.Release|Any CPU.ActiveCfg = Release|Any CPU
		{6E257D26-EAEA-4680-BC7A-34210A74E928}.Release|Any CPU.Build.0 = Release|Any CPU
	EndGlobalSection
	GlobalSection(SolutionProperties) = preSolution
		HideSolutionNode = FALSE
	EndGlobalSection
	GlobalSection(NestedProjects) = preSolution
		{7314C58D-3714-4872-885D-309338F09FC1} = {00CE3107-C47F-4D2B-986B-763181832B51}
		{BFB535CF-02E9-4201-977B-931372E68AF1} = {00CE3107-C47F-4D2B-986B-763181832B51}
		{6CAB7735-05DA-480D-9A04-50615B00F886} = {00CE3107-C47F-4D2B-986B-763181832B51}
		{111FD89D-58A1-4445-B4A4-8A50D65DB714} = {00CE3107-C47F-4D2B-986B-763181832B51}
		{35FFAF24-1019-4BE2-901D-02E627C757DC} = {00CE3107-C47F-4D2B-986B-763181832B51}
		{22AE34D9-185F-41A7-A48D-205BE68B1F7D} = {7314C58D-3714-4872-885D-309338F09FC1}
		{6C4AEA1A-CF85-4574-B24A-2C264ED0FEC3} = {7314C58D-3714-4872-885D-309338F09FC1}
		{299970D4-781F-4778-BCF2-F53AE7D8B060} = {7314C58D-3714-4872-885D-309338F09FC1}
		{A90A40C4-4D48-4D0B-BE9B-432510EB1057} = {7314C58D-3714-4872-885D-309338F09FC1}
		{399C33BF-A9F7-4390-8F9C-8EECF7814123} = {BFB535CF-02E9-4201-977B-931372E68AF1}
		{94830E9B-3191-4AE5-A921-D27060A3BE65} = {BFB535CF-02E9-4201-977B-931372E68AF1}
		{24B192F6-0332-4F79-B09A-A0D5C7080BFB} = {4D506DA5-13C1-4B1F-9018-4FDCA066993A}
		{A9B54755-56B7-48C1-8941-BB69FCEFFF32} = {4D506DA5-13C1-4B1F-9018-4FDCA066993A}
		{321FD171-880D-472E-9912-EC844889E11A} = {4D506DA5-13C1-4B1F-9018-4FDCA066993A}
		{F588B51F-786A-48E2-950E-636062F9C302} = {4D506DA5-13C1-4B1F-9018-4FDCA066993A}
		{9FFB657C-7099-4594-A1DD-6E9AC5D7171E} = {4D506DA5-13C1-4B1F-9018-4FDCA066993A}
		{12850856-0A27-4E50-9116-5A3B19C7D779} = {24B192F6-0332-4F79-B09A-A0D5C7080BFB}
		{1D245366-4B41-498E-A42A-4B722428437E} = {5228D234-E4B0-467B-B6C8-FF06B0A98FAF}
		{5DBFFBA7-DAFC-42E9-BBB5-4752E84C8290} = {5228D234-E4B0-467B-B6C8-FF06B0A98FAF}
		{6B756611-1B2E-4C55-901C-B6564000F784} = {5228D234-E4B0-467B-B6C8-FF06B0A98FAF}
		{046D3E80-13AA-4CAE-9BF8-880077BDDE5E} = {5228D234-E4B0-467B-B6C8-FF06B0A98FAF}
		{92151574-F6C9-40C8-9AD8-66D34BED4C99} = {5228D234-E4B0-467B-B6C8-FF06B0A98FAF}
		{8DCD768B-DE02-418E-B593-EC55B6BC8005} = {5228D234-E4B0-467B-B6C8-FF06B0A98FAF}
		{C8B72F29-32A8-4179-80C8-818C10E584B5} = {5228D234-E4B0-467B-B6C8-FF06B0A98FAF}
		{B6FD8CA3-96CF-48B1-9B5A-6F59A01BA6A7} = {5228D234-E4B0-467B-B6C8-FF06B0A98FAF}
		{C1A81AAA-E6F1-4F02-A1C6-A580A746AA38} = {5228D234-E4B0-467B-B6C8-FF06B0A98FAF}
		{520F7B99-3CD9-495A-B410-656864ADD813} = {1D245366-4B41-498E-A42A-4B722428437E}
		{6E257D26-EAEA-4680-BC7A-34210A74E928} = {1D245366-4B41-498E-A42A-4B722428437E}
		{F2619506-4CA0-4B5B-AAA8-733784C49476} = {5DBFFBA7-DAFC-42E9-BBB5-4752E84C8290}
		{606ED147-23B2-461B-A5DD-9A6CD998F6AE} = {5DBFFBA7-DAFC-42E9-BBB5-4752E84C8290}
		{70015C50-93E8-4D17-86B0-69F030911C98} = {5DBFFBA7-DAFC-42E9-BBB5-4752E84C8290}
		{6C54EE4A-65D5-4133-A89D-9F57C6ADB2C9} = {6B756611-1B2E-4C55-901C-B6564000F784}
		{7CB9DB43-2428-40C7-A926-AD3C2687A646} = {6B756611-1B2E-4C55-901C-B6564000F784}
		{42CC86A2-B9A9-447F-97DD-D6809D78A8EB} = {6B756611-1B2E-4C55-901C-B6564000F784}
		{0393BF1B-3E61-4AF9-B0E3-B9E77C60C67A} = {046D3E80-13AA-4CAE-9BF8-880077BDDE5E}
		{050A5A14-3F4D-4407-AA40-C45E14FE1FF1} = {046D3E80-13AA-4CAE-9BF8-880077BDDE5E}
		{886B1BB9-AB7A-45EC-B38B-DE36CABCE505} = {046D3E80-13AA-4CAE-9BF8-880077BDDE5E}
		{E20A7E4C-B05B-41B0-AAD5-DF7BB9AD64C4} = {92151574-F6C9-40C8-9AD8-66D34BED4C99}
		{56CC7030-DFF6-4FED-991B-641CFC5CFDCC} = {92151574-F6C9-40C8-9AD8-66D34BED4C99}
		{00C93D01-6A43-4AAA-9E6E-5936B985B497} = {8DCD768B-DE02-418E-B593-EC55B6BC8005}
		{EBB6130D-3D29-4313-BAA9-1076BB8572AB} = {8DCD768B-DE02-418E-B593-EC55B6BC8005}
		{B3601484-0AB7-424F-BA81-A8CC809AB41A} = {C8B72F29-32A8-4179-80C8-818C10E584B5}
		{9803265F-B0AF-4171-A770-0871CD2A593E} = {C8B72F29-32A8-4179-80C8-818C10E584B5}
		{9D1FCE3D-7597-46DC-B661-83112269CD1F} = {B6FD8CA3-96CF-48B1-9B5A-6F59A01BA6A7}
		{2EADCB02-CB78-480F-992D-7CCB48ACEF38} = {B6FD8CA3-96CF-48B1-9B5A-6F59A01BA6A7}
		{AA029EE0-D199-41D1-8D97-BDC5945B3CDD} = {C1A81AAA-E6F1-4F02-A1C6-A580A746AA38}
		{52E0A229-CE15-4B72-8ACF-F17DCB929A64} = {C1A81AAA-E6F1-4F02-A1C6-A580A746AA38}
	EndGlobalSection
EndGlobal
