
Microsoft Visual Studio Solution File, Format Version 10.00
# Visual Studio 2008
Project("{2150E333-8FDC-42A3-9474-1A3956D46DE8}") = "docs", "docs", "{70543B8E-DF83-4DA7-AA29-4B71CF333096}"
	ProjectSection(SolutionItems) = preProject
		..\docs\Gallio Ideas.txt = ..\docs\Gallio Ideas.txt
		..\docs\Mono Issues.txt = ..\docs\Mono Issues.txt
	EndProjectSection
EndProject
Project("{2150E333-8FDC-42A3-9474-1A3956D46DE8}") = "Gallio", "Gallio", "{00CE3107-C47F-4D2B-986B-763181832B51}"
EndProject
Project("{2150E333-8FDC-42A3-9474-1A3956D46DE8}") = "MbUnit", "MbUnit", "{4D506DA5-13C1-4B1F-9018-4FDCA066993A}"
EndProject
Project("{FAE04EC0-301F-11D3-BF4B-00C04F79EFBC}") = "Gallio.Echo", "Extensions\Echo\Gallio.Echo\Gallio.Echo.csproj", "{22AE34D9-185F-41A7-A48D-205BE68B1F7D}"
EndProject
Project("{FAE04EC0-301F-11D3-BF4B-00C04F79EFBC}") = "Gallio.Icarus", "Extensions\Icarus\Gallio.Icarus\Gallio.Icarus.csproj", "{6C4AEA1A-CF85-4574-B24A-2C264ED0FEC3}"
EndProject
Project("{FAE04EC0-301F-11D3-BF4B-00C04F79EFBC}") = "Gallio.Echo.Tests", "Extensions\Echo\Gallio.Echo.Tests\Gallio.Echo.Tests.csproj", "{299970D4-781F-4778-BCF2-F53AE7D8B060}"
EndProject
Project("{FAE04EC0-301F-11D3-BF4B-00C04F79EFBC}") = "Gallio.Icarus.Tests", "Extensions\Icarus\Gallio.Icarus.Tests\Gallio.Icarus.Tests.csproj", "{A90A40C4-4D48-4D0B-BE9B-432510EB1057}"
EndProject
Project("{FAE04EC0-301F-11D3-BF4B-00C04F79EFBC}") = "Gallio", "Gallio\Gallio\Gallio.csproj", "{6CAB7735-05DA-480D-9A04-50615B00F886}"
EndProject
Project("{FAE04EC0-301F-11D3-BF4B-00C04F79EFBC}") = "Gallio.Tests", "Gallio\Gallio.Tests\Gallio.Tests.csproj", "{111FD89D-58A1-4445-B4A4-8A50D65DB714}"
EndProject
Project("{FAE04EC0-301F-11D3-BF4B-00C04F79EFBC}") = "MbUnit", "MbUnit\MbUnit\MbUnit.csproj", "{A9B54755-56B7-48C1-8941-BB69FCEFFF32}"
EndProject
Project("{FAE04EC0-301F-11D3-BF4B-00C04F79EFBC}") = "MbUnit.Tests", "MbUnit\MbUnit.Tests\MbUnit.Tests.csproj", "{321FD171-880D-472E-9912-EC844889E11A}"
EndProject
Project("{FAE04EC0-301F-11D3-BF4B-00C04F79EFBC}") = "MbUnit.Samples", "MbUnit\Samples\MbUnit.Samples\MbUnit.Samples.csproj", "{12850856-0A27-4E50-9116-5A3B19C7D779}"
	ProjectSection(ProjectDependencies) = postProject
		{6CAB7735-05DA-480D-9A04-50615B00F886} = {6CAB7735-05DA-480D-9A04-50615B00F886}
		{A9B54755-56B7-48C1-8941-BB69FCEFFF32} = {A9B54755-56B7-48C1-8941-BB69FCEFFF32}
	EndProjectSection
EndProject
Project("{FAE04EC0-301F-11D3-BF4B-00C04F79EFBC}") = "MbUnit.Compatibility", "MbUnit\MbUnit.Compatibility\MbUnit.Compatibility.csproj", "{F588B51F-786A-48E2-950E-636062F9C302}"
EndProject
Project("{FAE04EC0-301F-11D3-BF4B-00C04F79EFBC}") = "Gallio.Host", "Gallio\Gallio.Host\Gallio.Host.csproj", "{35FFAF24-1019-4BE2-901D-02E627C757DC}"
EndProject
Project("{2150E333-8FDC-42A3-9474-1A3956D46DE8}") = "Extensions", "Extensions", "{5228D234-E4B0-467B-B6C8-FF06B0A98FAF}"
EndProject
Project("{2150E333-8FDC-42A3-9474-1A3956D46DE8}") = "CCNet", "CCNet", "{1D245366-4B41-498E-A42A-4B722428437E}"
EndProject
Project("{FAE04EC0-301F-11D3-BF4B-00C04F79EFBC}") = "MbUnit.TestResources", "MbUnit\MbUnit.TestResources\MbUnit.TestResources.csproj", "{9FFB657C-7099-4594-A1DD-6E9AC5D7171E}"
EndProject
Project("{2150E333-8FDC-42A3-9474-1A3956D46DE8}") = "Xunit", "Xunit", "{5DBFFBA7-DAFC-42E9-BBB5-4752E84C8290}"
EndProject
Project("{FAE04EC0-301F-11D3-BF4B-00C04F79EFBC}") = "Gallio.XunitAdapter", "Extensions\Xunit\Gallio.XunitAdapter\Gallio.XunitAdapter.csproj", "{F2619506-4CA0-4B5B-AAA8-733784C49476}"
EndProject
Project("{FAE04EC0-301F-11D3-BF4B-00C04F79EFBC}") = "Gallio.XunitAdapter.Tests", "Extensions\Xunit\Gallio.XunitAdapter.Tests\Gallio.XunitAdapter.Tests.csproj", "{606ED147-23B2-461B-A5DD-9A6CD998F6AE}"
EndProject
Project("{FAE04EC0-301F-11D3-BF4B-00C04F79EFBC}") = "Gallio.XunitAdapter.TestResources", "Extensions\Xunit\Gallio.XunitAdapter.TestResources\Gallio.XunitAdapter.TestResources.csproj", "{70015C50-93E8-4D17-86B0-69F030911C98}"
EndProject
Project("{2150E333-8FDC-42A3-9474-1A3956D46DE8}") = "NUnit", "NUnit", "{6B756611-1B2E-4C55-901C-B6564000F784}"
EndProject
Project("{FAE04EC0-301F-11D3-BF4B-00C04F79EFBC}") = "Gallio.NUnitAdapter248", "Extensions\NUnit\Gallio.NUnitAdapter\Gallio.NUnitAdapter248.csproj", "{6C54EE4A-65D5-4133-A89D-9F57C6ADB2C9}"
EndProject
Project("{FAE04EC0-301F-11D3-BF4B-00C04F79EFBC}") = "Gallio.NUnitAdapter248.Tests", "Extensions\NUnit\Gallio.NUnitAdapter.Tests\Gallio.NUnitAdapter248.Tests.csproj", "{7CB9DB43-2428-40C7-A926-AD3C2687A646}"
EndProject
Project("{2150E333-8FDC-42A3-9474-1A3956D46DE8}") = "MbUnit2", "MbUnit2", "{046D3E80-13AA-4CAE-9BF8-880077BDDE5E}"
EndProject
Project("{FAE04EC0-301F-11D3-BF4B-00C04F79EFBC}") = "Gallio.MbUnit2Adapter", "Extensions\MbUnit2\Gallio.MbUnit2Adapter\Gallio.MbUnit2Adapter.csproj", "{0393BF1B-3E61-4AF9-B0E3-B9E77C60C67A}"
EndProject
Project("{FAE04EC0-301F-11D3-BF4B-00C04F79EFBC}") = "Gallio.MbUnit2Adapter.Tests", "Extensions\MbUnit2\Gallio.MbUnit2Adapter.Tests\Gallio.MbUnit2Adapter.Tests.csproj", "{050A5A14-3F4D-4407-AA40-C45E14FE1FF1}"
EndProject
Project("{FAE04EC0-301F-11D3-BF4B-00C04F79EFBC}") = "Gallio.MbUnit2Adapter.TestResources", "Extensions\MbUnit2\Gallio.MbUnit2Adapter.TestResources\Gallio.MbUnit2Adapter.TestResources.csproj", "{886B1BB9-AB7A-45EC-B38B-DE36CABCE505}"
EndProject
Project("{2150E333-8FDC-42A3-9474-1A3956D46DE8}") = "ReSharper", "ReSharper", "{92151574-F6C9-40C8-9AD8-66D34BED4C99}"
EndProject
Project("{FAE04EC0-301F-11D3-BF4B-00C04F79EFBC}") = "Gallio.ReSharperRunner31", "Extensions\ReSharper\Gallio.ReSharperRunner\Gallio.ReSharperRunner31.csproj", "{E20A7E4C-B05B-41B0-AAD5-DF7BB9AD64C4}"
EndProject
Project("{FAE04EC0-301F-11D3-BF4B-00C04F79EFBC}") = "Gallio.ReSharperRunner31.Tests", "Extensions\ReSharper\Gallio.ReSharperRunner.Tests\Gallio.ReSharperRunner31.Tests.csproj", "{56CC7030-DFF6-4FED-991B-641CFC5CFDCC}"
EndProject
Project("{2150E333-8FDC-42A3-9474-1A3956D46DE8}") = "TDNet", "TDNet", "{8DCD768B-DE02-418E-B593-EC55B6BC8005}"
EndProject
Project("{FAE04EC0-301F-11D3-BF4B-00C04F79EFBC}") = "Gallio.TDNetRunner", "Extensions\TDNet\Gallio.TDNetRunner\Gallio.TDNetRunner.csproj", "{00C93D01-6A43-4AAA-9E6E-5936B985B497}"
EndProject
Project("{FAE04EC0-301F-11D3-BF4B-00C04F79EFBC}") = "Gallio.TDNetRunner.Tests", "Extensions\TDNet\Gallio.TDNetRunner.Tests\Gallio.TDNetRunner.Tests.csproj", "{EBB6130D-3D29-4313-BAA9-1076BB8572AB}"
EndProject
Project("{2150E333-8FDC-42A3-9474-1A3956D46DE8}") = "MSBuild", "MSBuild", "{C8B72F29-32A8-4179-80C8-818C10E584B5}"
EndProject
Project("{FAE04EC0-301F-11D3-BF4B-00C04F79EFBC}") = "Gallio.MSBuildTasks", "Extensions\MSBuild\Gallio.MSBuildTasks\Gallio.MSBuildTasks.csproj", "{B3601484-0AB7-424F-BA81-A8CC809AB41A}"
EndProject
Project("{FAE04EC0-301F-11D3-BF4B-00C04F79EFBC}") = "Gallio.MSBuildTasks.Tests", "Extensions\MSBuild\Gallio.MSBuildTasks.Tests\Gallio.MSBuildTasks.Tests.csproj", "{9803265F-B0AF-4171-A770-0871CD2A593E}"
EndProject
Project("{2150E333-8FDC-42A3-9474-1A3956D46DE8}") = "NAnt", "NAnt", "{B6FD8CA3-96CF-48B1-9B5A-6F59A01BA6A7}"
	ProjectSection(SolutionItems) = preProject
		Extensions\MSBuild\Gallio.MSBuildTasks\NamespaceDoc.cs = Extensions\MSBuild\Gallio.MSBuildTasks\NamespaceDoc.cs
	EndProjectSection
EndProject
Project("{FAE04EC0-301F-11D3-BF4B-00C04F79EFBC}") = "Gallio.NAntTasks", "Extensions\NAnt\Gallio.NAntTasks\Gallio.NAntTasks.csproj", "{9D1FCE3D-7597-46DC-B661-83112269CD1F}"
EndProject
Project("{FAE04EC0-301F-11D3-BF4B-00C04F79EFBC}") = "Gallio.NAntTasks.Tests", "Extensions\NAnt\Gallio.NAntTasks.Tests\Gallio.NAntTasks.Tests.csproj", "{2EADCB02-CB78-480F-992D-7CCB48ACEF38}"
EndProject
Project("{2150E333-8FDC-42A3-9474-1A3956D46DE8}") = "PowerShell", "PowerShell", "{C1A81AAA-E6F1-4F02-A1C6-A580A746AA38}"
EndProject
Project("{FAE04EC0-301F-11D3-BF4B-00C04F79EFBC}") = "Gallio.PowerShellCommands", "Extensions\PowerShell\Gallio.PowerShellCommands\Gallio.PowerShellCommands.csproj", "{AA029EE0-D199-41D1-8D97-BDC5945B3CDD}"
EndProject
Project("{FAE04EC0-301F-11D3-BF4B-00C04F79EFBC}") = "Gallio.PowerShellCommands.Tests", "Extensions\PowerShell\Gallio.PowerShellCommands.Tests\Gallio.PowerShellCommands.Tests.csproj", "{52E0A229-CE15-4B72-8ACF-F17DCB929A64}"
EndProject
Project("{2150E333-8FDC-42A3-9474-1A3956D46DE8}") = "docs", "docs", "{520F7B99-3CD9-495A-B410-656864ADD813}"
	ProjectSection(SolutionItems) = preProject
		Extensions\CCNet\docs\How to use Gallio with CruiseControl.Net.txt = Extensions\CCNet\docs\How to use Gallio with CruiseControl.Net.txt
	EndProjectSection
EndProject
Project("{FAE04EC0-301F-11D3-BF4B-00C04F79EFBC}") = "CCNet.Gallio.WebDashboard.Plugin", "Extensions\CCNet\CCNet.Gallio.WebDashboard.Plugin\CCNet.Gallio.WebDashboard.Plugin.csproj", "{6E257D26-EAEA-4680-BC7A-34210A74E928}"
EndProject
Project("{2150E333-8FDC-42A3-9474-1A3956D46DE8}") = "NCover", "NCover", "{009E6883-7A5B-4420-9100-B4E5A3B811C8}"
EndProject
Project("{2150E333-8FDC-42A3-9474-1A3956D46DE8}") = "TypeMock", "TypeMock", "{B068EF02-F496-478D-BC61-2C75D228FF27}"
EndProject
Project("{FAE04EC0-301F-11D3-BF4B-00C04F79EFBC}") = "Gallio.NCoverIntegration", "Extensions\NCover\Gallio.NCoverIntegration\Gallio.NCoverIntegration.csproj", "{47D0414C-AE6E-4885-9D03-45B12E5A9BCC}"
EndProject
Project("{FAE04EC0-301F-11D3-BF4B-00C04F79EFBC}") = "Gallio.NCoverIntegration.Tests", "Extensions\NCover\Gallio.NCoverIntegration.Tests\Gallio.NCoverIntegration.Tests.csproj", "{6F31E7BC-AD9B-4B83-B88D-9471DCF64A7B}"
EndProject
Project("{FAE04EC0-301F-11D3-BF4B-00C04F79EFBC}") = "Gallio.TypeMockIntegration", "Extensions\TypeMock\Gallio.TypeMockIntegration\Gallio.TypeMockIntegration.csproj", "{094147F6-756E-4F3D-A80C-23DC05F13242}"
EndProject
Project("{FAE04EC0-301F-11D3-BF4B-00C04F79EFBC}") = "Gallio.TypeMockIntegration.Tests", "Extensions\TypeMock\Gallio.TypeMockIntegration.Tests\Gallio.TypeMockIntegration.Tests.csproj", "{2A4AD33D-F6C2-4652-BD8C-ABF673B43FDE}"
EndProject
Project("{2150E333-8FDC-42A3-9474-1A3956D46DE8}") = "Echo", "Echo", "{6BA5CD5B-CAB6-4F07-A1A6-2701C6F92677}"
EndProject
Project("{2150E333-8FDC-42A3-9474-1A3956D46DE8}") = "Icarus", "Icarus", "{EF7C2792-A4BD-4BCC-93B4-3927303AA59C}"
EndProject
Project("{2150E333-8FDC-42A3-9474-1A3956D46DE8}") = "MSTest", "MSTest", "{179C6171-1521-463A-B92D-F97D77A75541}"
EndProject
Project("{FAE04EC0-301F-11D3-BF4B-00C04F79EFBC}") = "Gallio.MSTestAdapter", "Extensions\MSTest\Gallio.MSTestAdapter\Gallio.MSTestAdapter.csproj", "{8FC20489-148C-4220-AA3B-0BA8B6BC2AC7}"
EndProject
Project("{FAE04EC0-301F-11D3-BF4B-00C04F79EFBC}") = "Gallio.MSTestAdapter.Tests", "Extensions\MSTest\Gallio.MSTestAdapter.Tests\Gallio.MSTestAdapter.Tests.csproj", "{45C971C1-3E47-47C8-B0B2-AEA866BA089A}"
EndProject
Project("{FAE04EC0-301F-11D3-BF4B-00C04F79EFBC}") = "Gallio.NUnitAdapter248.TestResources", "Extensions\NUnit\Gallio.NUnitAdapter.TestResources\Gallio.NUnitAdapter248.TestResources.csproj", "{42CC86A2-B9A9-447F-97DD-D6809D78A8EB}"
EndProject
Project("{FAE04EC0-301F-11D3-BF4B-00C04F79EFBC}") = "Gallio.MSTestAdapter.TestResources", "Extensions\MSTest\Gallio.MSTestAdapter.TestResources\Gallio.MSTestAdapter.TestResources.csproj", "{7AC1E83D-6979-48B5-8370-32F61A54B317}"
EndProject
Project("{FAE04EC0-301F-11D3-BF4B-00C04F79EFBC}") = "Gallio.Loader", "Gallio\Gallio.Loader\Gallio.Loader.csproj", "{67FB2969-E6BF-4754-91AA-B6075F8E67EE}"
EndProject
Project("{FAE04EC0-301F-11D3-BF4B-00C04F79EFBC}") = "Gallio.ReSharperRunner40", "Extensions\ReSharper\Gallio.ReSharperRunner\Gallio.ReSharperRunner40.csproj", "{48880439-9299-4D32-8D31-47F56D83D7A8}"
EndProject
Project("{FAE04EC0-301F-11D3-BF4B-00C04F79EFBC}") = "Gallio.ReSharperRunner40.Tests", "Extensions\ReSharper\Gallio.ReSharperRunner.Tests\Gallio.ReSharperRunner40.Tests.csproj", "{76031E03-3807-4F76-A93C-6056D669AAEC}"
EndProject
Project("{FAE04EC0-301F-11D3-BF4B-00C04F79EFBC}") = "Gallio35", "Gallio\Gallio35\Gallio35.csproj", "{BC28AB7E-5B71-4AEE-BF2D-54ACF7299889}"
EndProject
Project("{FAE04EC0-301F-11D3-BF4B-00C04F79EFBC}") = "MbUnit35", "MbUnit\MbUnit35\MbUnit35.csproj", "{D147F5CC-0166-4B9C-B095-F905220090FA}"
EndProject
Project("{2150E333-8FDC-42A3-9474-1A3956D46DE8}") = "VisualStudio", "VisualStudio", "{0D06CCC5-943B-4778-B035-5F069E8C5E94}"
EndProject
Project("{2150E333-8FDC-42A3-9474-1A3956D46DE8}") = "CSUnit", "CSUnit", "{3B31F139-ECED-42F2-AE8D-B61FF4893C2E}"
EndProject
Project("{FAE04EC0-301F-11D3-BF4B-00C04F79EFBC}") = "Gallio.CSUnitAdapter", "Extensions\CSUnit\Gallio.CSUnitAdapter\Gallio.CSUnitAdapter.csproj", "{5274A22B-7BCC-42B3-9B6C-0220DE8789AF}"
EndProject
Project("{FAE04EC0-301F-11D3-BF4B-00C04F79EFBC}") = "Gallio.CSUnitAdapter.Tests", "Extensions\CSUnit\Gallio.CSUnitAdapter.Tests\Gallio.CSUnitAdapter.Tests.csproj", "{05250B22-B9FE-4B0E-9D64-1306A9BAD973}"
EndProject
Project("{FAE04EC0-301F-11D3-BF4B-00C04F79EFBC}") = "Gallio.CSUnitAdapter.TestResources", "Extensions\CSUnit\Gallio.CSUnitAdapter.TestResources\Gallio.CSUnitAdapter.TestResources.csproj", "{8EE3C638-38C4-4F9E-8246-C2549F74CD8F}"
EndProject
Project("{2150E333-8FDC-42A3-9474-1A3956D46DE8}") = "Samples", "Samples", "{217FF1EE-8D49-445F-92EE-91FA009B3238}"
EndProject
Project("{2150E333-8FDC-42A3-9474-1A3956D46DE8}") = "EasyTest", "EasyTest", "{23906FCF-C41A-4A1B-9A28-75FBA4F0658B}"
	ProjectSection(SolutionItems) = preProject
		Gallio\Samples\EasyTest\EasyTest Sample Readme.txt = Gallio\Samples\EasyTest\EasyTest Sample Readme.txt
	EndProjectSection
EndProject
Project("{2150E333-8FDC-42A3-9474-1A3956D46DE8}") = "LowLevel", "LowLevel", "{491CEFD8-A5ED-444A-9997-F4D8B3E5B189}"
EndProject
Project("{2150E333-8FDC-42A3-9474-1A3956D46DE8}") = "HighLevel", "HighLevel", "{502A0578-FAAB-4DB5-83B3-0DA1BB1F4507}"
EndProject
Project("{2150E333-8FDC-42A3-9474-1A3956D46DE8}") = "Samples", "Samples", "{94118DD9-3F1A-410D-B21B-BDE1636B4730}"
EndProject
Project("{FAE04EC0-301F-11D3-BF4B-00C04F79EFBC}") = "Gallio.ReSharperRunner41", "Extensions\ReSharper\Gallio.ReSharperRunner\Gallio.ReSharperRunner41.csproj", "{4A3F8946-0124-4282-86D5-1A9E9A0FE83C}"
EndProject
Project("{FAE04EC0-301F-11D3-BF4B-00C04F79EFBC}") = "Gallio.ReSharperRunner41.Tests", "Extensions\ReSharper\Gallio.ReSharperRunner.Tests\Gallio.ReSharperRunner41.Tests.csproj", "{BA294887-CBB1-4BAC-A9D6-009459AFE519}"
EndProject
Project("{FAE04EC0-301F-11D3-BF4B-00C04F79EFBC}") = "Gallio.Reports", "Gallio\Gallio.Reports\Gallio.Reports.csproj", "{399C33BF-A9F7-4390-8F9C-8EECF7814123}"
EndProject
Project("{FAE04EC0-301F-11D3-BF4B-00C04F79EFBC}") = "MbUnit.Samples.VSTSIntegration", "MbUnit\Samples\MbUnit.Samples.VSTSIntegration\MbUnit.Samples.VSTSIntegration.csproj", "{51FD0718-1728-4062-9649-5561C6035ACA}"
EndProject
Project("{FAE04EC0-301F-11D3-BF4B-00C04F79EFBC}") = "Gallio.VisualStudio.Shell90", "Extensions\VisualStudio\Gallio.VisualStudio.Shell\Gallio.VisualStudio.Shell90.csproj", "{80983DC5-71B6-49CD-BA5F-305D29A65D05}"
EndProject
Project("{FAE04EC0-301F-11D3-BF4B-00C04F79EFBC}") = "Gallio.VisualStudio.Sail90", "Extensions\VisualStudio\Gallio.VisualStudio.Sail\Gallio.VisualStudio.Sail90.csproj", "{7BE8C909-6E33-42C6-AC7F-CC523CB438D0}"
EndProject
Project("{FAE04EC0-301F-11D3-BF4B-00C04F79EFBC}") = "Gallio.VisualStudio.Sail90.Tests", "Extensions\VisualStudio\Gallio.VisualStudio.Sail.Tests\Gallio.VisualStudio.Sail90.Tests.csproj", "{7609B681-E196-4AFB-AD64-6C5A9E5A160D}"
EndProject
Project("{FAE04EC0-301F-11D3-BF4B-00C04F79EFBC}") = "Gallio.VisualStudio.Shell90.Tests", "Extensions\VisualStudio\Gallio.VisualStudio.Shell.Tests\Gallio.VisualStudio.Shell90.Tests.csproj", "{E7145C4E-1937-48E5-A8BC-415E97FBD293}"
EndProject
Project("{2150E333-8FDC-42A3-9474-1A3956D46DE8}") = "Solution Items", "Solution Items", "{158A45EB-FBE2-4F6C-8804-5A913D56CC9B}"
	ProjectSection(SolutionItems) = preProject
		All.testrunconfig = All.testrunconfig
		All.vsmdi = All.vsmdi
		ApplyLicenseBoilerplate.bat = ApplyLicenseBoilerplate.bat
	EndProjectSection
EndProject
Project("{2150E333-8FDC-42A3-9474-1A3956D46DE8}") = "TeamCity", "TeamCity", "{17F8A2B9-E015-4267-A177-C2C9693B7C3E}"
EndProject
Project("{FAE04EC0-301F-11D3-BF4B-00C04F79EFBC}") = "Gallio.TeamCityIntegration", "Extensions\TeamCity\Gallio.TeamCityIntegration\Gallio.TeamCityIntegration.csproj", "{793C19C2-E78F-4A1E-A26C-9417F1C2DF5D}"
EndProject
Project("{FAE04EC0-301F-11D3-BF4B-00C04F79EFBC}") = "Gallio.TeamCityIntegration.Tests", "Extensions\TeamCity\Gallio.TeamCityIntegration.Tests\Gallio.TeamCityIntegration.Tests.csproj", "{F1CD36C5-5617-49E6-83A1-815900F48148}"
EndProject
Project("{2150E333-8FDC-42A3-9474-1A3956D46DE8}") = "Navigator", "Navigator", "{25B3E188-1727-4549-BFC1-30702994BDBE}"
EndProject
Project("{FAE04EC0-301F-11D3-BF4B-00C04F79EFBC}") = "Gallio.Navigator", "Extensions\Navigator\Gallio.Navigator\Gallio.Navigator.csproj", "{9863B9FA-1DE6-48D5-A84D-FB8FE2025303}"
EndProject
Project("{FAE04EC0-301F-11D3-BF4B-00C04F79EFBC}") = "Gallio.Navigator.Tests", "Extensions\Navigator\Gallio.Navigator.Tests\Gallio.Navigator.Tests.csproj", "{22DB6C17-5E90-42C8-9621-E8BAB32EB656}"
EndProject
Project("{FAE04EC0-301F-11D3-BF4B-00C04F79EFBC}") = "Gallio.VisualStudio.Interop", "Extensions\VisualStudio\Gallio.VisualStudio.Interop\Gallio.VisualStudio.Interop.csproj", "{B6912CC5-1E73-46E0-8F09-7F135924E3E2}"
EndProject
Project("{2150E333-8FDC-42A3-9474-1A3956D46DE8}") = "Ambience", "Ambience", "{ACA40816-EB16-49AB-8DCD-1C23A188BD57}"
EndProject
Project("{FAE04EC0-301F-11D3-BF4B-00C04F79EFBC}") = "Gallio.Ambience", "Extensions\Ambience\Gallio.Ambience\Gallio.Ambience.csproj", "{540D39B1-FF3C-48E9-B3EF-EFADF556E80A}"
EndProject
Project("{FAE04EC0-301F-11D3-BF4B-00C04F79EFBC}") = "Gallio.Ambience.Tests", "Extensions\Ambience\Gallio.Ambience.Tests\Gallio.Ambience.Tests.csproj", "{072D1424-9F12-46ED-AF07-7B2A5D20643F}"
EndProject
Project("{FAE04EC0-301F-11D3-BF4B-00C04F79EFBC}") = "Gallio.Ambience.Server", "Extensions\Ambience\Gallio.Ambience.Server\Gallio.Ambience.Server.csproj", "{5C8C48E1-E384-4473-B5D7-74642FC8D178}"
EndProject
Project("{FAE04EC0-301F-11D3-BF4B-00C04F79EFBC}") = "Gallio.UI", "Gallio\Gallio.UI\Gallio.UI.csproj", "{36B1F505-995B-41E7-AAC9-1E845B08F2D7}"
EndProject
Project("{FAE04EC0-301F-11D3-BF4B-00C04F79EFBC}") = "MbUnit.TestResources.x86", "MbUnit\MbUnit.TestResources.x86\MbUnit.TestResources.x86.csproj", "{45224C3F-B0F1-4D70-8516-B50100DEF79B}"
EndProject
Project("{FAE04EC0-301F-11D3-BF4B-00C04F79EFBC}") = "MbUnit.TestResources.x64", "MbUnit\MbUnit.TestResources.x64\MbUnit.TestResources.x64.csproj", "{192D2C12-9D5C-4D68-96BA-4CD28054E3BC}"
EndProject
Project("{FAE04EC0-301F-11D3-BF4B-00C04F79EFBC}") = "Gallio.VisualStudio.Tip90", "Extensions\VisualStudio\Gallio.VisualStudio.Tip\Gallio.VisualStudio.Tip90.csproj", "{F3678999-969B-4CA5-B326-6732C26D97B3}"
EndProject
Project("{FAE04EC0-301F-11D3-BF4B-00C04F79EFBC}") = "Gallio.VisualStudio.Tip90.Proxy", "Extensions\VisualStudio\Gallio.VisualStudio.Tip.Proxy\Gallio.VisualStudio.Tip90.Proxy.csproj", "{3A5CA3C2-628D-4EAA-884B-95BB8C90C01C}"
EndProject
Project("{FAE04EC0-301F-11D3-BF4B-00C04F79EFBC}") = "Gallio.VisualStudio.Tip90.Tests", "Extensions\VisualStudio\Gallio.VisualStudio.Tip.Tests\Gallio.VisualStudio.Tip90.Tests.csproj", "{66E6622C-CA7F-4234-A227-B262033B3976}"
EndProject
Project("{2150E333-8FDC-42A3-9474-1A3956D46DE8}") = "AutoCAD", "AutoCAD", "{A4C7BF21-4DEE-4E6A-B9D6-B5F8AA4DE806}"
EndProject
Project("{FAE04EC0-301F-11D3-BF4B-00C04F79EFBC}") = "Gallio.AutoCAD", "Extensions\AutoCAD\Gallio.AutoCAD\Gallio.AutoCAD.csproj", "{F7F0D285-79D0-452A-A791-84B174C1546E}"
EndProject
Project("{FAE04EC0-301F-11D3-BF4B-00C04F79EFBC}") = "Gallio.AutoCAD.Plugin", "Extensions\AutoCAD\Gallio.AutoCAD.Plugin\Gallio.AutoCAD.Plugin.csproj", "{AFBC884C-F0A5-4ABE-B8E7-C7DD585134F5}"
EndProject
Project("{FAE04EC0-301F-11D3-BF4B-00C04F79EFBC}") = "Gallio.AutoCAD.Tests", "Extensions\AutoCAD\Gallio.AutoCAD.Tests\Gallio.AutoCAD.Tests.csproj", "{249CBFC1-FB73-4569-984B-D844EBA59F67}"
EndProject
Project("{FAE04EC0-301F-11D3-BF4B-00C04F79EFBC}") = "Gallio.ReSharperRunner45", "Extensions\ReSharper\Gallio.ReSharperRunner\Gallio.ReSharperRunner45.csproj", "{41CE8757-1908-45DF-B2D7-D630942C18CD}"
EndProject
Project("{FAE04EC0-301F-11D3-BF4B-00C04F79EFBC}") = "Gallio.ReSharperRunner45.Tests", "Extensions\ReSharper\Gallio.ReSharperRunner.Tests\Gallio.ReSharperRunner45.Tests.csproj", "{4D4C9967-94B4-4102-81C0-069245469B4E}"
EndProject
Project("{FAE04EC0-301F-11D3-BF4B-00C04F79EFBC}") = "Gallio.Utility", "Gallio\Gallio.Utility\Gallio.Utility.csproj", "{EAA1CA6D-4078-4E7B-B605-1326E80EAA38}"
EndProject
Project("{2150E333-8FDC-42A3-9474-1A3956D46DE8}") = "DLR", "DLR", "{4C8FCA8C-EF7C-4EDE-9325-489BEC0E8417}"
EndProject
Project("{FAE04EC0-301F-11D3-BF4B-00C04F79EFBC}") = "Gallio.DLRIntegration", "Extensions\DLR\Gallio.DLRIntegration\Gallio.DLRIntegration.csproj", "{FCF9143C-3DF2-4DFF-972B-A2FEB30D7AA9}"
EndProject
Project("{FAE04EC0-301F-11D3-BF4B-00C04F79EFBC}") = "Gallio.DLRIntegration.Tests", "Extensions\DLR\Gallio.DLRIntegration.Tests\Gallio.DLRIntegration.Tests.csproj", "{A0D79FA2-9EF3-4184-8B73-47F7AE991A67}"
EndProject
Project("{2150E333-8FDC-42A3-9474-1A3956D46DE8}") = "RSpec", "RSpec", "{2758749B-0BAC-4C3F-987F-9518FEB9C40A}"
EndProject
Project("{FAE04EC0-301F-11D3-BF4B-00C04F79EFBC}") = "Gallio.RSpecAdapter", "Extensions\RSpec\Gallio.RSpecAdapter\Gallio.RSpecAdapter.csproj", "{F0E0CB93-617D-42E1-88EE-A7A451A0BDC5}"
EndProject
Project("{FAE04EC0-301F-11D3-BF4B-00C04F79EFBC}") = "Gallio.RSpecAdapter.Tests", "Extensions\RSpec\Gallio.RSpecAdapter.Tests\Gallio.RSpecAdapter.Tests.csproj", "{31F4EA44-83BC-4864-AB2E-E85FA668D3EF}"
EndProject
Project("{FAE04EC0-301F-11D3-BF4B-00C04F79EFBC}") = "Gallio.ControlPanel", "Gallio\Gallio.ControlPanel\Gallio.ControlPanel.csproj", "{1B1FCC31-612B-4591-9BAF-95892968CAA7}"
EndProject
Project("{FAE04EC0-301F-11D3-BF4B-00C04F79EFBC}") = "Gallio.TDNetRunner.UI", "Extensions\TDNet\Gallio.TDNetRunner.UI\Gallio.TDNetRunner.UI.csproj", "{7FE31A41-EF76-4A9C-8C65-196C8869CA31}"
EndProject
Project("{2150E333-8FDC-42A3-9474-1A3956D46DE8}") = "Copy", "Copy", "{9A699FF3-5895-430D-B89D-3C22E5EC2832}"
EndProject
Project("{FAE04EC0-301F-11D3-BF4B-00C04F79EFBC}") = "Gallio.Copy", "Extensions\Copy\Gallio.Copy\Gallio.Copy.csproj", "{5DA3843B-9639-4E11-8673-44E30624926F}"
EndProject
Project("{FAE04EC0-301F-11D3-BF4B-00C04F79EFBC}") = "Gallio.Copy.Tests", "Extensions\Copy\Gallio.Copy.Tests\Gallio.Copy.Tests.csproj", "{27D9A0F2-8E7E-45D4-8664-00D23ECBBB90}"
EndProject
Project("{FAE04EC0-301F-11D3-BF4B-00C04F79EFBC}") = "Gallio.NUnitAdapter25", "Extensions\NUnit\Gallio.NUnitAdapter\Gallio.NUnitAdapter25.csproj", "{8C2F707D-A342-434B-92CD-0AAD5112C7FB}"
EndProject
Project("{FAE04EC0-301F-11D3-BF4B-00C04F79EFBC}") = "Gallio.NUnitAdapter25.TestResources", "Extensions\NUnit\Gallio.NUnitAdapter.TestResources\Gallio.NUnitAdapter25.TestResources.csproj", "{7B5AABA5-3349-4D21-8813-D0796EA6E625}"
EndProject
Project("{FAE04EC0-301F-11D3-BF4B-00C04F79EFBC}") = "Gallio.NUnitAdapter25.Tests", "Extensions\NUnit\Gallio.NUnitAdapter.Tests\Gallio.NUnitAdapter25.Tests.csproj", "{5CCF0411-EDE6-4A26-8996-B4E7A358E9E9}"
EndProject
Project("{FAE04EC0-301F-11D3-BF4B-00C04F79EFBC}") = "Gallio.Ambience.UI", "Extensions\Ambience\Gallio.Ambience.UI\Gallio.Ambience.UI.csproj", "{198C5EA8-B6F2-4EBE-8581-09BD1BD66D60}"
EndProject
Project("{FAE04EC0-301F-11D3-BF4B-00C04F79EFBC}") = "Gallio.VisualStudio.Interop.Tests", "Extensions\VisualStudio\Gallio.VisualStudio.Interop.Tests\Gallio.VisualStudio.Interop.Tests.csproj", "{8780AC10-ACEB-4CAB-A591-FF6C76D3E122}"
EndProject
Project("{FAE04EC0-301F-11D3-BF4B-00C04F79EFBC}") = "Gallio.AutoCAD.UI", "Extensions\AutoCAD\Gallio.AutoCAD.UI\Gallio.AutoCAD.UI.csproj", "{5F9B23E4-1CCF-46FE-B0FC-C1E58B2EE83A}"
EndProject
Global
	GlobalSection(TestCaseManagementSettings) = postSolution
		CategoryFile = All.vsmdi
	EndGlobalSection
	GlobalSection(SolutionConfigurationPlatforms) = preSolution
		Debug|Any CPU = Debug|Any CPU
		Release|Any CPU = Release|Any CPU
	EndGlobalSection
	GlobalSection(ProjectConfigurationPlatforms) = postSolution
		{22AE34D9-185F-41A7-A48D-205BE68B1F7D}.Debug|Any CPU.ActiveCfg = Debug|Any CPU
		{22AE34D9-185F-41A7-A48D-205BE68B1F7D}.Debug|Any CPU.Build.0 = Debug|Any CPU
		{22AE34D9-185F-41A7-A48D-205BE68B1F7D}.Release|Any CPU.ActiveCfg = Release|Any CPU
		{22AE34D9-185F-41A7-A48D-205BE68B1F7D}.Release|Any CPU.Build.0 = Release|Any CPU
		{6C4AEA1A-CF85-4574-B24A-2C264ED0FEC3}.Debug|Any CPU.ActiveCfg = Debug|Any CPU
		{6C4AEA1A-CF85-4574-B24A-2C264ED0FEC3}.Debug|Any CPU.Build.0 = Debug|Any CPU
		{6C4AEA1A-CF85-4574-B24A-2C264ED0FEC3}.Release|Any CPU.ActiveCfg = Release|Any CPU
		{6C4AEA1A-CF85-4574-B24A-2C264ED0FEC3}.Release|Any CPU.Build.0 = Release|Any CPU
		{299970D4-781F-4778-BCF2-F53AE7D8B060}.Debug|Any CPU.ActiveCfg = Debug|Any CPU
		{299970D4-781F-4778-BCF2-F53AE7D8B060}.Debug|Any CPU.Build.0 = Debug|Any CPU
		{299970D4-781F-4778-BCF2-F53AE7D8B060}.Release|Any CPU.ActiveCfg = Release|Any CPU
		{299970D4-781F-4778-BCF2-F53AE7D8B060}.Release|Any CPU.Build.0 = Release|Any CPU
		{A90A40C4-4D48-4D0B-BE9B-432510EB1057}.Debug|Any CPU.ActiveCfg = Debug|Any CPU
		{A90A40C4-4D48-4D0B-BE9B-432510EB1057}.Debug|Any CPU.Build.0 = Debug|Any CPU
		{A90A40C4-4D48-4D0B-BE9B-432510EB1057}.Release|Any CPU.ActiveCfg = Release|Any CPU
		{A90A40C4-4D48-4D0B-BE9B-432510EB1057}.Release|Any CPU.Build.0 = Release|Any CPU
		{6CAB7735-05DA-480D-9A04-50615B00F886}.Debug|Any CPU.ActiveCfg = Debug|Any CPU
		{6CAB7735-05DA-480D-9A04-50615B00F886}.Debug|Any CPU.Build.0 = Debug|Any CPU
		{6CAB7735-05DA-480D-9A04-50615B00F886}.Release|Any CPU.ActiveCfg = Release|Any CPU
		{6CAB7735-05DA-480D-9A04-50615B00F886}.Release|Any CPU.Build.0 = Release|Any CPU
		{111FD89D-58A1-4445-B4A4-8A50D65DB714}.Debug|Any CPU.ActiveCfg = Debug|Any CPU
		{111FD89D-58A1-4445-B4A4-8A50D65DB714}.Debug|Any CPU.Build.0 = Debug|Any CPU
		{111FD89D-58A1-4445-B4A4-8A50D65DB714}.Release|Any CPU.ActiveCfg = Release|Any CPU
		{111FD89D-58A1-4445-B4A4-8A50D65DB714}.Release|Any CPU.Build.0 = Release|Any CPU
		{A9B54755-56B7-48C1-8941-BB69FCEFFF32}.Debug|Any CPU.ActiveCfg = Debug|Any CPU
		{A9B54755-56B7-48C1-8941-BB69FCEFFF32}.Debug|Any CPU.Build.0 = Debug|Any CPU
		{A9B54755-56B7-48C1-8941-BB69FCEFFF32}.Release|Any CPU.ActiveCfg = Release|Any CPU
		{A9B54755-56B7-48C1-8941-BB69FCEFFF32}.Release|Any CPU.Build.0 = Release|Any CPU
		{321FD171-880D-472E-9912-EC844889E11A}.Debug|Any CPU.ActiveCfg = Debug|Any CPU
		{321FD171-880D-472E-9912-EC844889E11A}.Debug|Any CPU.Build.0 = Debug|Any CPU
		{321FD171-880D-472E-9912-EC844889E11A}.Release|Any CPU.ActiveCfg = Release|Any CPU
		{321FD171-880D-472E-9912-EC844889E11A}.Release|Any CPU.Build.0 = Release|Any CPU
		{12850856-0A27-4E50-9116-5A3B19C7D779}.Debug|Any CPU.ActiveCfg = Debug|Any CPU
		{12850856-0A27-4E50-9116-5A3B19C7D779}.Debug|Any CPU.Build.0 = Debug|Any CPU
		{12850856-0A27-4E50-9116-5A3B19C7D779}.Release|Any CPU.ActiveCfg = Release|Any CPU
		{12850856-0A27-4E50-9116-5A3B19C7D779}.Release|Any CPU.Build.0 = Release|Any CPU
		{F588B51F-786A-48E2-950E-636062F9C302}.Debug|Any CPU.ActiveCfg = Debug|Any CPU
		{F588B51F-786A-48E2-950E-636062F9C302}.Debug|Any CPU.Build.0 = Debug|Any CPU
		{F588B51F-786A-48E2-950E-636062F9C302}.Release|Any CPU.ActiveCfg = Release|Any CPU
		{F588B51F-786A-48E2-950E-636062F9C302}.Release|Any CPU.Build.0 = Release|Any CPU
		{35FFAF24-1019-4BE2-901D-02E627C757DC}.Debug|Any CPU.ActiveCfg = Debug|Any CPU
		{35FFAF24-1019-4BE2-901D-02E627C757DC}.Debug|Any CPU.Build.0 = Debug|Any CPU
		{35FFAF24-1019-4BE2-901D-02E627C757DC}.Release|Any CPU.ActiveCfg = Release|Any CPU
		{35FFAF24-1019-4BE2-901D-02E627C757DC}.Release|Any CPU.Build.0 = Release|Any CPU
		{9FFB657C-7099-4594-A1DD-6E9AC5D7171E}.Debug|Any CPU.ActiveCfg = Debug|Any CPU
		{9FFB657C-7099-4594-A1DD-6E9AC5D7171E}.Debug|Any CPU.Build.0 = Debug|Any CPU
		{9FFB657C-7099-4594-A1DD-6E9AC5D7171E}.Release|Any CPU.ActiveCfg = Release|Any CPU
		{9FFB657C-7099-4594-A1DD-6E9AC5D7171E}.Release|Any CPU.Build.0 = Release|Any CPU
		{F2619506-4CA0-4B5B-AAA8-733784C49476}.Debug|Any CPU.ActiveCfg = Debug|Any CPU
		{F2619506-4CA0-4B5B-AAA8-733784C49476}.Debug|Any CPU.Build.0 = Debug|Any CPU
		{F2619506-4CA0-4B5B-AAA8-733784C49476}.Release|Any CPU.ActiveCfg = Release|Any CPU
		{F2619506-4CA0-4B5B-AAA8-733784C49476}.Release|Any CPU.Build.0 = Release|Any CPU
		{606ED147-23B2-461B-A5DD-9A6CD998F6AE}.Debug|Any CPU.ActiveCfg = Debug|Any CPU
		{606ED147-23B2-461B-A5DD-9A6CD998F6AE}.Debug|Any CPU.Build.0 = Debug|Any CPU
		{606ED147-23B2-461B-A5DD-9A6CD998F6AE}.Release|Any CPU.ActiveCfg = Release|Any CPU
		{606ED147-23B2-461B-A5DD-9A6CD998F6AE}.Release|Any CPU.Build.0 = Release|Any CPU
		{70015C50-93E8-4D17-86B0-69F030911C98}.Debug|Any CPU.ActiveCfg = Debug|Any CPU
		{70015C50-93E8-4D17-86B0-69F030911C98}.Debug|Any CPU.Build.0 = Debug|Any CPU
		{70015C50-93E8-4D17-86B0-69F030911C98}.Release|Any CPU.ActiveCfg = Release|Any CPU
		{70015C50-93E8-4D17-86B0-69F030911C98}.Release|Any CPU.Build.0 = Release|Any CPU
		{6C54EE4A-65D5-4133-A89D-9F57C6ADB2C9}.Debug|Any CPU.ActiveCfg = Debug|Any CPU
		{6C54EE4A-65D5-4133-A89D-9F57C6ADB2C9}.Debug|Any CPU.Build.0 = Debug|Any CPU
		{6C54EE4A-65D5-4133-A89D-9F57C6ADB2C9}.Release|Any CPU.ActiveCfg = Release|Any CPU
		{6C54EE4A-65D5-4133-A89D-9F57C6ADB2C9}.Release|Any CPU.Build.0 = Release|Any CPU
		{7CB9DB43-2428-40C7-A926-AD3C2687A646}.Debug|Any CPU.ActiveCfg = Debug|Any CPU
		{7CB9DB43-2428-40C7-A926-AD3C2687A646}.Debug|Any CPU.Build.0 = Debug|Any CPU
		{7CB9DB43-2428-40C7-A926-AD3C2687A646}.Release|Any CPU.ActiveCfg = Release|Any CPU
		{7CB9DB43-2428-40C7-A926-AD3C2687A646}.Release|Any CPU.Build.0 = Release|Any CPU
		{0393BF1B-3E61-4AF9-B0E3-B9E77C60C67A}.Debug|Any CPU.ActiveCfg = Debug|Any CPU
		{0393BF1B-3E61-4AF9-B0E3-B9E77C60C67A}.Debug|Any CPU.Build.0 = Debug|Any CPU
		{0393BF1B-3E61-4AF9-B0E3-B9E77C60C67A}.Release|Any CPU.ActiveCfg = Release|Any CPU
		{0393BF1B-3E61-4AF9-B0E3-B9E77C60C67A}.Release|Any CPU.Build.0 = Release|Any CPU
		{050A5A14-3F4D-4407-AA40-C45E14FE1FF1}.Debug|Any CPU.ActiveCfg = Debug|Any CPU
		{050A5A14-3F4D-4407-AA40-C45E14FE1FF1}.Debug|Any CPU.Build.0 = Debug|Any CPU
		{050A5A14-3F4D-4407-AA40-C45E14FE1FF1}.Release|Any CPU.ActiveCfg = Release|Any CPU
		{050A5A14-3F4D-4407-AA40-C45E14FE1FF1}.Release|Any CPU.Build.0 = Release|Any CPU
		{886B1BB9-AB7A-45EC-B38B-DE36CABCE505}.Debug|Any CPU.ActiveCfg = Debug|Any CPU
		{886B1BB9-AB7A-45EC-B38B-DE36CABCE505}.Debug|Any CPU.Build.0 = Debug|Any CPU
		{886B1BB9-AB7A-45EC-B38B-DE36CABCE505}.Release|Any CPU.ActiveCfg = Release|Any CPU
		{886B1BB9-AB7A-45EC-B38B-DE36CABCE505}.Release|Any CPU.Build.0 = Release|Any CPU
		{E20A7E4C-B05B-41B0-AAD5-DF7BB9AD64C4}.Debug|Any CPU.ActiveCfg = Debug|Any CPU
		{E20A7E4C-B05B-41B0-AAD5-DF7BB9AD64C4}.Debug|Any CPU.Build.0 = Debug|Any CPU
		{E20A7E4C-B05B-41B0-AAD5-DF7BB9AD64C4}.Release|Any CPU.ActiveCfg = Release|Any CPU
		{E20A7E4C-B05B-41B0-AAD5-DF7BB9AD64C4}.Release|Any CPU.Build.0 = Release|Any CPU
		{56CC7030-DFF6-4FED-991B-641CFC5CFDCC}.Debug|Any CPU.ActiveCfg = Debug|Any CPU
		{56CC7030-DFF6-4FED-991B-641CFC5CFDCC}.Debug|Any CPU.Build.0 = Debug|Any CPU
		{56CC7030-DFF6-4FED-991B-641CFC5CFDCC}.Release|Any CPU.ActiveCfg = Release|Any CPU
		{56CC7030-DFF6-4FED-991B-641CFC5CFDCC}.Release|Any CPU.Build.0 = Release|Any CPU
		{00C93D01-6A43-4AAA-9E6E-5936B985B497}.Debug|Any CPU.ActiveCfg = Debug|Any CPU
		{00C93D01-6A43-4AAA-9E6E-5936B985B497}.Debug|Any CPU.Build.0 = Debug|Any CPU
		{00C93D01-6A43-4AAA-9E6E-5936B985B497}.Release|Any CPU.ActiveCfg = Release|Any CPU
		{00C93D01-6A43-4AAA-9E6E-5936B985B497}.Release|Any CPU.Build.0 = Release|Any CPU
		{EBB6130D-3D29-4313-BAA9-1076BB8572AB}.Debug|Any CPU.ActiveCfg = Debug|Any CPU
		{EBB6130D-3D29-4313-BAA9-1076BB8572AB}.Debug|Any CPU.Build.0 = Debug|Any CPU
		{EBB6130D-3D29-4313-BAA9-1076BB8572AB}.Release|Any CPU.ActiveCfg = Release|Any CPU
		{EBB6130D-3D29-4313-BAA9-1076BB8572AB}.Release|Any CPU.Build.0 = Release|Any CPU
		{B3601484-0AB7-424F-BA81-A8CC809AB41A}.Debug|Any CPU.ActiveCfg = Debug|Any CPU
		{B3601484-0AB7-424F-BA81-A8CC809AB41A}.Debug|Any CPU.Build.0 = Debug|Any CPU
		{B3601484-0AB7-424F-BA81-A8CC809AB41A}.Release|Any CPU.ActiveCfg = Release|Any CPU
		{B3601484-0AB7-424F-BA81-A8CC809AB41A}.Release|Any CPU.Build.0 = Release|Any CPU
		{9803265F-B0AF-4171-A770-0871CD2A593E}.Debug|Any CPU.ActiveCfg = Debug|Any CPU
		{9803265F-B0AF-4171-A770-0871CD2A593E}.Debug|Any CPU.Build.0 = Debug|Any CPU
		{9803265F-B0AF-4171-A770-0871CD2A593E}.Release|Any CPU.ActiveCfg = Release|Any CPU
		{9803265F-B0AF-4171-A770-0871CD2A593E}.Release|Any CPU.Build.0 = Release|Any CPU
		{9D1FCE3D-7597-46DC-B661-83112269CD1F}.Debug|Any CPU.ActiveCfg = Debug|Any CPU
		{9D1FCE3D-7597-46DC-B661-83112269CD1F}.Debug|Any CPU.Build.0 = Debug|Any CPU
		{9D1FCE3D-7597-46DC-B661-83112269CD1F}.Release|Any CPU.ActiveCfg = Release|Any CPU
		{9D1FCE3D-7597-46DC-B661-83112269CD1F}.Release|Any CPU.Build.0 = Release|Any CPU
		{2EADCB02-CB78-480F-992D-7CCB48ACEF38}.Debug|Any CPU.ActiveCfg = Debug|Any CPU
		{2EADCB02-CB78-480F-992D-7CCB48ACEF38}.Debug|Any CPU.Build.0 = Debug|Any CPU
		{2EADCB02-CB78-480F-992D-7CCB48ACEF38}.Release|Any CPU.ActiveCfg = Release|Any CPU
		{2EADCB02-CB78-480F-992D-7CCB48ACEF38}.Release|Any CPU.Build.0 = Release|Any CPU
		{AA029EE0-D199-41D1-8D97-BDC5945B3CDD}.Debug|Any CPU.ActiveCfg = Debug|Any CPU
		{AA029EE0-D199-41D1-8D97-BDC5945B3CDD}.Debug|Any CPU.Build.0 = Debug|Any CPU
		{AA029EE0-D199-41D1-8D97-BDC5945B3CDD}.Release|Any CPU.ActiveCfg = Release|Any CPU
		{AA029EE0-D199-41D1-8D97-BDC5945B3CDD}.Release|Any CPU.Build.0 = Release|Any CPU
		{52E0A229-CE15-4B72-8ACF-F17DCB929A64}.Debug|Any CPU.ActiveCfg = Debug|Any CPU
		{52E0A229-CE15-4B72-8ACF-F17DCB929A64}.Debug|Any CPU.Build.0 = Debug|Any CPU
		{52E0A229-CE15-4B72-8ACF-F17DCB929A64}.Release|Any CPU.ActiveCfg = Release|Any CPU
		{52E0A229-CE15-4B72-8ACF-F17DCB929A64}.Release|Any CPU.Build.0 = Release|Any CPU
		{6E257D26-EAEA-4680-BC7A-34210A74E928}.Debug|Any CPU.ActiveCfg = Debug|Any CPU
		{6E257D26-EAEA-4680-BC7A-34210A74E928}.Debug|Any CPU.Build.0 = Debug|Any CPU
		{6E257D26-EAEA-4680-BC7A-34210A74E928}.Release|Any CPU.ActiveCfg = Release|Any CPU
		{6E257D26-EAEA-4680-BC7A-34210A74E928}.Release|Any CPU.Build.0 = Release|Any CPU
		{47D0414C-AE6E-4885-9D03-45B12E5A9BCC}.Debug|Any CPU.ActiveCfg = Debug|Any CPU
		{47D0414C-AE6E-4885-9D03-45B12E5A9BCC}.Debug|Any CPU.Build.0 = Debug|Any CPU
		{47D0414C-AE6E-4885-9D03-45B12E5A9BCC}.Release|Any CPU.ActiveCfg = Release|Any CPU
		{47D0414C-AE6E-4885-9D03-45B12E5A9BCC}.Release|Any CPU.Build.0 = Release|Any CPU
		{6F31E7BC-AD9B-4B83-B88D-9471DCF64A7B}.Debug|Any CPU.ActiveCfg = Debug|Any CPU
		{6F31E7BC-AD9B-4B83-B88D-9471DCF64A7B}.Debug|Any CPU.Build.0 = Debug|Any CPU
		{6F31E7BC-AD9B-4B83-B88D-9471DCF64A7B}.Release|Any CPU.ActiveCfg = Release|Any CPU
		{6F31E7BC-AD9B-4B83-B88D-9471DCF64A7B}.Release|Any CPU.Build.0 = Release|Any CPU
		{094147F6-756E-4F3D-A80C-23DC05F13242}.Debug|Any CPU.ActiveCfg = Debug|Any CPU
		{094147F6-756E-4F3D-A80C-23DC05F13242}.Debug|Any CPU.Build.0 = Debug|Any CPU
		{094147F6-756E-4F3D-A80C-23DC05F13242}.Release|Any CPU.ActiveCfg = Release|Any CPU
		{094147F6-756E-4F3D-A80C-23DC05F13242}.Release|Any CPU.Build.0 = Release|Any CPU
		{2A4AD33D-F6C2-4652-BD8C-ABF673B43FDE}.Debug|Any CPU.ActiveCfg = Debug|Any CPU
		{2A4AD33D-F6C2-4652-BD8C-ABF673B43FDE}.Debug|Any CPU.Build.0 = Debug|Any CPU
		{2A4AD33D-F6C2-4652-BD8C-ABF673B43FDE}.Release|Any CPU.ActiveCfg = Release|Any CPU
		{2A4AD33D-F6C2-4652-BD8C-ABF673B43FDE}.Release|Any CPU.Build.0 = Release|Any CPU
		{8FC20489-148C-4220-AA3B-0BA8B6BC2AC7}.Debug|Any CPU.ActiveCfg = Debug|Any CPU
		{8FC20489-148C-4220-AA3B-0BA8B6BC2AC7}.Debug|Any CPU.Build.0 = Debug|Any CPU
		{8FC20489-148C-4220-AA3B-0BA8B6BC2AC7}.Release|Any CPU.ActiveCfg = Release|Any CPU
		{8FC20489-148C-4220-AA3B-0BA8B6BC2AC7}.Release|Any CPU.Build.0 = Release|Any CPU
		{45C971C1-3E47-47C8-B0B2-AEA866BA089A}.Debug|Any CPU.ActiveCfg = Debug|Any CPU
		{45C971C1-3E47-47C8-B0B2-AEA866BA089A}.Debug|Any CPU.Build.0 = Debug|Any CPU
		{45C971C1-3E47-47C8-B0B2-AEA866BA089A}.Release|Any CPU.ActiveCfg = Release|Any CPU
		{45C971C1-3E47-47C8-B0B2-AEA866BA089A}.Release|Any CPU.Build.0 = Release|Any CPU
		{42CC86A2-B9A9-447F-97DD-D6809D78A8EB}.Debug|Any CPU.ActiveCfg = Debug|Any CPU
		{42CC86A2-B9A9-447F-97DD-D6809D78A8EB}.Debug|Any CPU.Build.0 = Debug|Any CPU
		{42CC86A2-B9A9-447F-97DD-D6809D78A8EB}.Release|Any CPU.ActiveCfg = Release|Any CPU
		{42CC86A2-B9A9-447F-97DD-D6809D78A8EB}.Release|Any CPU.Build.0 = Release|Any CPU
		{7AC1E83D-6979-48B5-8370-32F61A54B317}.Debug|Any CPU.ActiveCfg = Debug|Any CPU
		{7AC1E83D-6979-48B5-8370-32F61A54B317}.Debug|Any CPU.Build.0 = Debug|Any CPU
		{7AC1E83D-6979-48B5-8370-32F61A54B317}.Release|Any CPU.ActiveCfg = Release|Any CPU
		{7AC1E83D-6979-48B5-8370-32F61A54B317}.Release|Any CPU.Build.0 = Release|Any CPU
		{67FB2969-E6BF-4754-91AA-B6075F8E67EE}.Debug|Any CPU.ActiveCfg = Debug|Any CPU
		{67FB2969-E6BF-4754-91AA-B6075F8E67EE}.Debug|Any CPU.Build.0 = Debug|Any CPU
		{67FB2969-E6BF-4754-91AA-B6075F8E67EE}.Release|Any CPU.ActiveCfg = Release|Any CPU
		{67FB2969-E6BF-4754-91AA-B6075F8E67EE}.Release|Any CPU.Build.0 = Release|Any CPU
		{48880439-9299-4D32-8D31-47F56D83D7A8}.Debug|Any CPU.ActiveCfg = Debug|Any CPU
		{48880439-9299-4D32-8D31-47F56D83D7A8}.Debug|Any CPU.Build.0 = Debug|Any CPU
		{48880439-9299-4D32-8D31-47F56D83D7A8}.Release|Any CPU.ActiveCfg = Release|Any CPU
		{48880439-9299-4D32-8D31-47F56D83D7A8}.Release|Any CPU.Build.0 = Release|Any CPU
		{76031E03-3807-4F76-A93C-6056D669AAEC}.Debug|Any CPU.ActiveCfg = Debug|Any CPU
		{76031E03-3807-4F76-A93C-6056D669AAEC}.Debug|Any CPU.Build.0 = Debug|Any CPU
		{76031E03-3807-4F76-A93C-6056D669AAEC}.Release|Any CPU.ActiveCfg = Release|Any CPU
		{76031E03-3807-4F76-A93C-6056D669AAEC}.Release|Any CPU.Build.0 = Release|Any CPU
		{BC28AB7E-5B71-4AEE-BF2D-54ACF7299889}.Debug|Any CPU.ActiveCfg = Debug|Any CPU
		{BC28AB7E-5B71-4AEE-BF2D-54ACF7299889}.Debug|Any CPU.Build.0 = Debug|Any CPU
		{BC28AB7E-5B71-4AEE-BF2D-54ACF7299889}.Release|Any CPU.ActiveCfg = Release|Any CPU
		{BC28AB7E-5B71-4AEE-BF2D-54ACF7299889}.Release|Any CPU.Build.0 = Release|Any CPU
		{D147F5CC-0166-4B9C-B095-F905220090FA}.Debug|Any CPU.ActiveCfg = Debug|Any CPU
		{D147F5CC-0166-4B9C-B095-F905220090FA}.Debug|Any CPU.Build.0 = Debug|Any CPU
		{D147F5CC-0166-4B9C-B095-F905220090FA}.Release|Any CPU.ActiveCfg = Release|Any CPU
		{D147F5CC-0166-4B9C-B095-F905220090FA}.Release|Any CPU.Build.0 = Release|Any CPU
		{5274A22B-7BCC-42B3-9B6C-0220DE8789AF}.Debug|Any CPU.ActiveCfg = Debug|Any CPU
		{5274A22B-7BCC-42B3-9B6C-0220DE8789AF}.Debug|Any CPU.Build.0 = Debug|Any CPU
		{5274A22B-7BCC-42B3-9B6C-0220DE8789AF}.Release|Any CPU.ActiveCfg = Release|Any CPU
		{5274A22B-7BCC-42B3-9B6C-0220DE8789AF}.Release|Any CPU.Build.0 = Release|Any CPU
		{05250B22-B9FE-4B0E-9D64-1306A9BAD973}.Debug|Any CPU.ActiveCfg = Debug|Any CPU
		{05250B22-B9FE-4B0E-9D64-1306A9BAD973}.Debug|Any CPU.Build.0 = Debug|Any CPU
		{05250B22-B9FE-4B0E-9D64-1306A9BAD973}.Release|Any CPU.ActiveCfg = Release|Any CPU
		{05250B22-B9FE-4B0E-9D64-1306A9BAD973}.Release|Any CPU.Build.0 = Release|Any CPU
		{8EE3C638-38C4-4F9E-8246-C2549F74CD8F}.Debug|Any CPU.ActiveCfg = Debug|Any CPU
		{8EE3C638-38C4-4F9E-8246-C2549F74CD8F}.Debug|Any CPU.Build.0 = Debug|Any CPU
		{8EE3C638-38C4-4F9E-8246-C2549F74CD8F}.Release|Any CPU.ActiveCfg = Release|Any CPU
		{8EE3C638-38C4-4F9E-8246-C2549F74CD8F}.Release|Any CPU.Build.0 = Release|Any CPU
		{4A3F8946-0124-4282-86D5-1A9E9A0FE83C}.Debug|Any CPU.ActiveCfg = Debug|Any CPU
		{4A3F8946-0124-4282-86D5-1A9E9A0FE83C}.Debug|Any CPU.Build.0 = Debug|Any CPU
		{4A3F8946-0124-4282-86D5-1A9E9A0FE83C}.Release|Any CPU.ActiveCfg = Release|Any CPU
		{4A3F8946-0124-4282-86D5-1A9E9A0FE83C}.Release|Any CPU.Build.0 = Release|Any CPU
		{BA294887-CBB1-4BAC-A9D6-009459AFE519}.Debug|Any CPU.ActiveCfg = Debug|Any CPU
		{BA294887-CBB1-4BAC-A9D6-009459AFE519}.Debug|Any CPU.Build.0 = Debug|Any CPU
		{BA294887-CBB1-4BAC-A9D6-009459AFE519}.Release|Any CPU.ActiveCfg = Release|Any CPU
		{BA294887-CBB1-4BAC-A9D6-009459AFE519}.Release|Any CPU.Build.0 = Release|Any CPU
		{399C33BF-A9F7-4390-8F9C-8EECF7814123}.Debug|Any CPU.ActiveCfg = Debug|Any CPU
		{399C33BF-A9F7-4390-8F9C-8EECF7814123}.Debug|Any CPU.Build.0 = Debug|Any CPU
		{399C33BF-A9F7-4390-8F9C-8EECF7814123}.Release|Any CPU.ActiveCfg = Release|Any CPU
		{399C33BF-A9F7-4390-8F9C-8EECF7814123}.Release|Any CPU.Build.0 = Release|Any CPU
		{51FD0718-1728-4062-9649-5561C6035ACA}.Debug|Any CPU.ActiveCfg = Debug|Any CPU
		{51FD0718-1728-4062-9649-5561C6035ACA}.Debug|Any CPU.Build.0 = Debug|Any CPU
		{51FD0718-1728-4062-9649-5561C6035ACA}.Release|Any CPU.ActiveCfg = Release|Any CPU
		{51FD0718-1728-4062-9649-5561C6035ACA}.Release|Any CPU.Build.0 = Release|Any CPU
		{80983DC5-71B6-49CD-BA5F-305D29A65D05}.Debug|Any CPU.ActiveCfg = Debug|Any CPU
		{80983DC5-71B6-49CD-BA5F-305D29A65D05}.Debug|Any CPU.Build.0 = Debug|Any CPU
		{80983DC5-71B6-49CD-BA5F-305D29A65D05}.Release|Any CPU.ActiveCfg = Release|Any CPU
		{80983DC5-71B6-49CD-BA5F-305D29A65D05}.Release|Any CPU.Build.0 = Release|Any CPU
		{7BE8C909-6E33-42C6-AC7F-CC523CB438D0}.Debug|Any CPU.ActiveCfg = Debug|Any CPU
		{7BE8C909-6E33-42C6-AC7F-CC523CB438D0}.Debug|Any CPU.Build.0 = Debug|Any CPU
		{7BE8C909-6E33-42C6-AC7F-CC523CB438D0}.Release|Any CPU.ActiveCfg = Release|Any CPU
		{7BE8C909-6E33-42C6-AC7F-CC523CB438D0}.Release|Any CPU.Build.0 = Release|Any CPU
		{7609B681-E196-4AFB-AD64-6C5A9E5A160D}.Debug|Any CPU.ActiveCfg = Debug|Any CPU
		{7609B681-E196-4AFB-AD64-6C5A9E5A160D}.Debug|Any CPU.Build.0 = Debug|Any CPU
		{7609B681-E196-4AFB-AD64-6C5A9E5A160D}.Release|Any CPU.ActiveCfg = Release|Any CPU
		{7609B681-E196-4AFB-AD64-6C5A9E5A160D}.Release|Any CPU.Build.0 = Release|Any CPU
		{E7145C4E-1937-48E5-A8BC-415E97FBD293}.Debug|Any CPU.ActiveCfg = Debug|Any CPU
		{E7145C4E-1937-48E5-A8BC-415E97FBD293}.Debug|Any CPU.Build.0 = Debug|Any CPU
		{E7145C4E-1937-48E5-A8BC-415E97FBD293}.Release|Any CPU.ActiveCfg = Release|Any CPU
		{E7145C4E-1937-48E5-A8BC-415E97FBD293}.Release|Any CPU.Build.0 = Release|Any CPU
		{793C19C2-E78F-4A1E-A26C-9417F1C2DF5D}.Debug|Any CPU.ActiveCfg = Debug|Any CPU
		{793C19C2-E78F-4A1E-A26C-9417F1C2DF5D}.Debug|Any CPU.Build.0 = Debug|Any CPU
		{793C19C2-E78F-4A1E-A26C-9417F1C2DF5D}.Release|Any CPU.ActiveCfg = Release|Any CPU
		{793C19C2-E78F-4A1E-A26C-9417F1C2DF5D}.Release|Any CPU.Build.0 = Release|Any CPU
		{F1CD36C5-5617-49E6-83A1-815900F48148}.Debug|Any CPU.ActiveCfg = Debug|Any CPU
		{F1CD36C5-5617-49E6-83A1-815900F48148}.Debug|Any CPU.Build.0 = Debug|Any CPU
		{F1CD36C5-5617-49E6-83A1-815900F48148}.Release|Any CPU.ActiveCfg = Release|Any CPU
		{F1CD36C5-5617-49E6-83A1-815900F48148}.Release|Any CPU.Build.0 = Release|Any CPU
		{9863B9FA-1DE6-48D5-A84D-FB8FE2025303}.Debug|Any CPU.ActiveCfg = Debug|Any CPU
		{9863B9FA-1DE6-48D5-A84D-FB8FE2025303}.Debug|Any CPU.Build.0 = Debug|Any CPU
		{9863B9FA-1DE6-48D5-A84D-FB8FE2025303}.Release|Any CPU.ActiveCfg = Release|Any CPU
		{9863B9FA-1DE6-48D5-A84D-FB8FE2025303}.Release|Any CPU.Build.0 = Release|Any CPU
		{22DB6C17-5E90-42C8-9621-E8BAB32EB656}.Debug|Any CPU.ActiveCfg = Debug|Any CPU
		{22DB6C17-5E90-42C8-9621-E8BAB32EB656}.Debug|Any CPU.Build.0 = Debug|Any CPU
		{22DB6C17-5E90-42C8-9621-E8BAB32EB656}.Release|Any CPU.ActiveCfg = Release|Any CPU
		{22DB6C17-5E90-42C8-9621-E8BAB32EB656}.Release|Any CPU.Build.0 = Release|Any CPU
		{B6912CC5-1E73-46E0-8F09-7F135924E3E2}.Debug|Any CPU.ActiveCfg = Debug|Any CPU
		{B6912CC5-1E73-46E0-8F09-7F135924E3E2}.Debug|Any CPU.Build.0 = Debug|Any CPU
		{B6912CC5-1E73-46E0-8F09-7F135924E3E2}.Release|Any CPU.ActiveCfg = Release|Any CPU
		{B6912CC5-1E73-46E0-8F09-7F135924E3E2}.Release|Any CPU.Build.0 = Release|Any CPU
		{540D39B1-FF3C-48E9-B3EF-EFADF556E80A}.Debug|Any CPU.ActiveCfg = Debug|Any CPU
		{540D39B1-FF3C-48E9-B3EF-EFADF556E80A}.Debug|Any CPU.Build.0 = Debug|Any CPU
		{540D39B1-FF3C-48E9-B3EF-EFADF556E80A}.Release|Any CPU.ActiveCfg = Release|Any CPU
		{540D39B1-FF3C-48E9-B3EF-EFADF556E80A}.Release|Any CPU.Build.0 = Release|Any CPU
		{072D1424-9F12-46ED-AF07-7B2A5D20643F}.Debug|Any CPU.ActiveCfg = Debug|Any CPU
		{072D1424-9F12-46ED-AF07-7B2A5D20643F}.Debug|Any CPU.Build.0 = Debug|Any CPU
		{072D1424-9F12-46ED-AF07-7B2A5D20643F}.Release|Any CPU.ActiveCfg = Release|Any CPU
		{072D1424-9F12-46ED-AF07-7B2A5D20643F}.Release|Any CPU.Build.0 = Release|Any CPU
		{5C8C48E1-E384-4473-B5D7-74642FC8D178}.Debug|Any CPU.ActiveCfg = Debug|Any CPU
		{5C8C48E1-E384-4473-B5D7-74642FC8D178}.Debug|Any CPU.Build.0 = Debug|Any CPU
		{5C8C48E1-E384-4473-B5D7-74642FC8D178}.Release|Any CPU.ActiveCfg = Release|Any CPU
		{5C8C48E1-E384-4473-B5D7-74642FC8D178}.Release|Any CPU.Build.0 = Release|Any CPU
		{36B1F505-995B-41E7-AAC9-1E845B08F2D7}.Debug|Any CPU.ActiveCfg = Debug|Any CPU
		{36B1F505-995B-41E7-AAC9-1E845B08F2D7}.Debug|Any CPU.Build.0 = Debug|Any CPU
		{36B1F505-995B-41E7-AAC9-1E845B08F2D7}.Release|Any CPU.ActiveCfg = Release|Any CPU
		{36B1F505-995B-41E7-AAC9-1E845B08F2D7}.Release|Any CPU.Build.0 = Release|Any CPU
		{45224C3F-B0F1-4D70-8516-B50100DEF79B}.Debug|Any CPU.ActiveCfg = Debug|Any CPU
		{45224C3F-B0F1-4D70-8516-B50100DEF79B}.Debug|Any CPU.Build.0 = Debug|Any CPU
		{45224C3F-B0F1-4D70-8516-B50100DEF79B}.Release|Any CPU.ActiveCfg = Release|Any CPU
		{45224C3F-B0F1-4D70-8516-B50100DEF79B}.Release|Any CPU.Build.0 = Release|Any CPU
		{192D2C12-9D5C-4D68-96BA-4CD28054E3BC}.Debug|Any CPU.ActiveCfg = Debug|Any CPU
		{192D2C12-9D5C-4D68-96BA-4CD28054E3BC}.Debug|Any CPU.Build.0 = Debug|Any CPU
		{192D2C12-9D5C-4D68-96BA-4CD28054E3BC}.Release|Any CPU.ActiveCfg = Release|Any CPU
		{192D2C12-9D5C-4D68-96BA-4CD28054E3BC}.Release|Any CPU.Build.0 = Release|Any CPU
		{F3678999-969B-4CA5-B326-6732C26D97B3}.Debug|Any CPU.ActiveCfg = Debug|Any CPU
		{F3678999-969B-4CA5-B326-6732C26D97B3}.Debug|Any CPU.Build.0 = Debug|Any CPU
		{F3678999-969B-4CA5-B326-6732C26D97B3}.Release|Any CPU.ActiveCfg = Release|Any CPU
		{F3678999-969B-4CA5-B326-6732C26D97B3}.Release|Any CPU.Build.0 = Release|Any CPU
		{3A5CA3C2-628D-4EAA-884B-95BB8C90C01C}.Debug|Any CPU.ActiveCfg = Debug|Any CPU
		{3A5CA3C2-628D-4EAA-884B-95BB8C90C01C}.Debug|Any CPU.Build.0 = Debug|Any CPU
		{3A5CA3C2-628D-4EAA-884B-95BB8C90C01C}.Release|Any CPU.ActiveCfg = Release|Any CPU
		{3A5CA3C2-628D-4EAA-884B-95BB8C90C01C}.Release|Any CPU.Build.0 = Release|Any CPU
		{66E6622C-CA7F-4234-A227-B262033B3976}.Debug|Any CPU.ActiveCfg = Debug|Any CPU
		{66E6622C-CA7F-4234-A227-B262033B3976}.Debug|Any CPU.Build.0 = Debug|Any CPU
		{66E6622C-CA7F-4234-A227-B262033B3976}.Release|Any CPU.ActiveCfg = Release|Any CPU
		{66E6622C-CA7F-4234-A227-B262033B3976}.Release|Any CPU.Build.0 = Release|Any CPU
		{F7F0D285-79D0-452A-A791-84B174C1546E}.Debug|Any CPU.ActiveCfg = Debug|Any CPU
		{F7F0D285-79D0-452A-A791-84B174C1546E}.Debug|Any CPU.Build.0 = Debug|Any CPU
		{F7F0D285-79D0-452A-A791-84B174C1546E}.Release|Any CPU.ActiveCfg = Release|Any CPU
		{F7F0D285-79D0-452A-A791-84B174C1546E}.Release|Any CPU.Build.0 = Release|Any CPU
		{AFBC884C-F0A5-4ABE-B8E7-C7DD585134F5}.Debug|Any CPU.ActiveCfg = Debug|Any CPU
		{AFBC884C-F0A5-4ABE-B8E7-C7DD585134F5}.Debug|Any CPU.Build.0 = Debug|Any CPU
		{AFBC884C-F0A5-4ABE-B8E7-C7DD585134F5}.Release|Any CPU.ActiveCfg = Release|Any CPU
		{AFBC884C-F0A5-4ABE-B8E7-C7DD585134F5}.Release|Any CPU.Build.0 = Release|Any CPU
		{249CBFC1-FB73-4569-984B-D844EBA59F67}.Debug|Any CPU.ActiveCfg = Debug|Any CPU
		{249CBFC1-FB73-4569-984B-D844EBA59F67}.Debug|Any CPU.Build.0 = Debug|Any CPU
		{249CBFC1-FB73-4569-984B-D844EBA59F67}.Release|Any CPU.ActiveCfg = Release|Any CPU
		{249CBFC1-FB73-4569-984B-D844EBA59F67}.Release|Any CPU.Build.0 = Release|Any CPU
		{41CE8757-1908-45DF-B2D7-D630942C18CD}.Debug|Any CPU.ActiveCfg = Debug|Any CPU
		{41CE8757-1908-45DF-B2D7-D630942C18CD}.Debug|Any CPU.Build.0 = Debug|Any CPU
		{41CE8757-1908-45DF-B2D7-D630942C18CD}.Release|Any CPU.ActiveCfg = Release|Any CPU
		{41CE8757-1908-45DF-B2D7-D630942C18CD}.Release|Any CPU.Build.0 = Release|Any CPU
		{4D4C9967-94B4-4102-81C0-069245469B4E}.Debug|Any CPU.ActiveCfg = Debug|Any CPU
		{4D4C9967-94B4-4102-81C0-069245469B4E}.Debug|Any CPU.Build.0 = Debug|Any CPU
		{4D4C9967-94B4-4102-81C0-069245469B4E}.Release|Any CPU.ActiveCfg = Release|Any CPU
		{4D4C9967-94B4-4102-81C0-069245469B4E}.Release|Any CPU.Build.0 = Release|Any CPU
		{EAA1CA6D-4078-4E7B-B605-1326E80EAA38}.Debug|Any CPU.ActiveCfg = Debug|Any CPU
		{EAA1CA6D-4078-4E7B-B605-1326E80EAA38}.Debug|Any CPU.Build.0 = Debug|Any CPU
		{EAA1CA6D-4078-4E7B-B605-1326E80EAA38}.Release|Any CPU.ActiveCfg = Release|Any CPU
		{EAA1CA6D-4078-4E7B-B605-1326E80EAA38}.Release|Any CPU.Build.0 = Release|Any CPU
		{FCF9143C-3DF2-4DFF-972B-A2FEB30D7AA9}.Debug|Any CPU.ActiveCfg = Debug|Any CPU
		{FCF9143C-3DF2-4DFF-972B-A2FEB30D7AA9}.Debug|Any CPU.Build.0 = Debug|Any CPU
		{FCF9143C-3DF2-4DFF-972B-A2FEB30D7AA9}.Release|Any CPU.ActiveCfg = Release|Any CPU
		{FCF9143C-3DF2-4DFF-972B-A2FEB30D7AA9}.Release|Any CPU.Build.0 = Release|Any CPU
		{A0D79FA2-9EF3-4184-8B73-47F7AE991A67}.Debug|Any CPU.ActiveCfg = Debug|Any CPU
		{A0D79FA2-9EF3-4184-8B73-47F7AE991A67}.Debug|Any CPU.Build.0 = Debug|Any CPU
		{A0D79FA2-9EF3-4184-8B73-47F7AE991A67}.Release|Any CPU.ActiveCfg = Release|Any CPU
		{A0D79FA2-9EF3-4184-8B73-47F7AE991A67}.Release|Any CPU.Build.0 = Release|Any CPU
		{F0E0CB93-617D-42E1-88EE-A7A451A0BDC5}.Debug|Any CPU.ActiveCfg = Debug|Any CPU
		{F0E0CB93-617D-42E1-88EE-A7A451A0BDC5}.Debug|Any CPU.Build.0 = Debug|Any CPU
		{F0E0CB93-617D-42E1-88EE-A7A451A0BDC5}.Release|Any CPU.ActiveCfg = Release|Any CPU
		{F0E0CB93-617D-42E1-88EE-A7A451A0BDC5}.Release|Any CPU.Build.0 = Release|Any CPU
		{31F4EA44-83BC-4864-AB2E-E85FA668D3EF}.Debug|Any CPU.ActiveCfg = Debug|Any CPU
		{31F4EA44-83BC-4864-AB2E-E85FA668D3EF}.Debug|Any CPU.Build.0 = Debug|Any CPU
		{31F4EA44-83BC-4864-AB2E-E85FA668D3EF}.Release|Any CPU.ActiveCfg = Release|Any CPU
		{31F4EA44-83BC-4864-AB2E-E85FA668D3EF}.Release|Any CPU.Build.0 = Release|Any CPU
		{1B1FCC31-612B-4591-9BAF-95892968CAA7}.Debug|Any CPU.ActiveCfg = Debug|Any CPU
		{1B1FCC31-612B-4591-9BAF-95892968CAA7}.Debug|Any CPU.Build.0 = Debug|Any CPU
		{1B1FCC31-612B-4591-9BAF-95892968CAA7}.Release|Any CPU.ActiveCfg = Release|Any CPU
		{1B1FCC31-612B-4591-9BAF-95892968CAA7}.Release|Any CPU.Build.0 = Release|Any CPU
		{7FE31A41-EF76-4A9C-8C65-196C8869CA31}.Debug|Any CPU.ActiveCfg = Debug|Any CPU
		{7FE31A41-EF76-4A9C-8C65-196C8869CA31}.Debug|Any CPU.Build.0 = Debug|Any CPU
		{7FE31A41-EF76-4A9C-8C65-196C8869CA31}.Release|Any CPU.ActiveCfg = Release|Any CPU
		{7FE31A41-EF76-4A9C-8C65-196C8869CA31}.Release|Any CPU.Build.0 = Release|Any CPU
		{5DA3843B-9639-4E11-8673-44E30624926F}.Debug|Any CPU.ActiveCfg = Debug|Any CPU
		{5DA3843B-9639-4E11-8673-44E30624926F}.Debug|Any CPU.Build.0 = Debug|Any CPU
		{5DA3843B-9639-4E11-8673-44E30624926F}.Release|Any CPU.ActiveCfg = Release|Any CPU
		{5DA3843B-9639-4E11-8673-44E30624926F}.Release|Any CPU.Build.0 = Release|Any CPU
		{27D9A0F2-8E7E-45D4-8664-00D23ECBBB90}.Debug|Any CPU.ActiveCfg = Debug|Any CPU
		{27D9A0F2-8E7E-45D4-8664-00D23ECBBB90}.Debug|Any CPU.Build.0 = Debug|Any CPU
		{27D9A0F2-8E7E-45D4-8664-00D23ECBBB90}.Release|Any CPU.ActiveCfg = Release|Any CPU
		{27D9A0F2-8E7E-45D4-8664-00D23ECBBB90}.Release|Any CPU.Build.0 = Release|Any CPU
		{8C2F707D-A342-434B-92CD-0AAD5112C7FB}.Debug|Any CPU.ActiveCfg = Debug|Any CPU
		{8C2F707D-A342-434B-92CD-0AAD5112C7FB}.Debug|Any CPU.Build.0 = Debug|Any CPU
		{8C2F707D-A342-434B-92CD-0AAD5112C7FB}.Release|Any CPU.ActiveCfg = Release|Any CPU
		{8C2F707D-A342-434B-92CD-0AAD5112C7FB}.Release|Any CPU.Build.0 = Release|Any CPU
		{7B5AABA5-3349-4D21-8813-D0796EA6E625}.Debug|Any CPU.ActiveCfg = Debug|Any CPU
		{7B5AABA5-3349-4D21-8813-D0796EA6E625}.Debug|Any CPU.Build.0 = Debug|Any CPU
		{7B5AABA5-3349-4D21-8813-D0796EA6E625}.Release|Any CPU.ActiveCfg = Release|Any CPU
		{7B5AABA5-3349-4D21-8813-D0796EA6E625}.Release|Any CPU.Build.0 = Release|Any CPU
		{5CCF0411-EDE6-4A26-8996-B4E7A358E9E9}.Debug|Any CPU.ActiveCfg = Debug|Any CPU
		{5CCF0411-EDE6-4A26-8996-B4E7A358E9E9}.Debug|Any CPU.Build.0 = Debug|Any CPU
		{5CCF0411-EDE6-4A26-8996-B4E7A358E9E9}.Release|Any CPU.ActiveCfg = Release|Any CPU
		{5CCF0411-EDE6-4A26-8996-B4E7A358E9E9}.Release|Any CPU.Build.0 = Release|Any CPU
		{198C5EA8-B6F2-4EBE-8581-09BD1BD66D60}.Debug|Any CPU.ActiveCfg = Debug|Any CPU
		{198C5EA8-B6F2-4EBE-8581-09BD1BD66D60}.Debug|Any CPU.Build.0 = Debug|Any CPU
		{198C5EA8-B6F2-4EBE-8581-09BD1BD66D60}.Release|Any CPU.ActiveCfg = Release|Any CPU
		{198C5EA8-B6F2-4EBE-8581-09BD1BD66D60}.Release|Any CPU.Build.0 = Release|Any CPU
		{8780AC10-ACEB-4CAB-A591-FF6C76D3E122}.Debug|Any CPU.ActiveCfg = Debug|Any CPU
		{8780AC10-ACEB-4CAB-A591-FF6C76D3E122}.Debug|Any CPU.Build.0 = Debug|Any CPU
		{8780AC10-ACEB-4CAB-A591-FF6C76D3E122}.Release|Any CPU.ActiveCfg = Release|Any CPU
		{8780AC10-ACEB-4CAB-A591-FF6C76D3E122}.Release|Any CPU.Build.0 = Release|Any CPU
		{5F9B23E4-1CCF-46FE-B0FC-C1E58B2EE83A}.Debug|Any CPU.ActiveCfg = Debug|Any CPU
		{5F9B23E4-1CCF-46FE-B0FC-C1E58B2EE83A}.Debug|Any CPU.Build.0 = Debug|Any CPU
		{5F9B23E4-1CCF-46FE-B0FC-C1E58B2EE83A}.Release|Any CPU.ActiveCfg = Release|Any CPU
		{5F9B23E4-1CCF-46FE-B0FC-C1E58B2EE83A}.Release|Any CPU.Build.0 = Release|Any CPU
	EndGlobalSection
	GlobalSection(SolutionProperties) = preSolution
		HideSolutionNode = FALSE
	EndGlobalSection
	GlobalSection(NestedProjects) = preSolution
		{6CAB7735-05DA-480D-9A04-50615B00F886} = {00CE3107-C47F-4D2B-986B-763181832B51}
		{111FD89D-58A1-4445-B4A4-8A50D65DB714} = {00CE3107-C47F-4D2B-986B-763181832B51}
		{35FFAF24-1019-4BE2-901D-02E627C757DC} = {00CE3107-C47F-4D2B-986B-763181832B51}
		{67FB2969-E6BF-4754-91AA-B6075F8E67EE} = {00CE3107-C47F-4D2B-986B-763181832B51}
		{BC28AB7E-5B71-4AEE-BF2D-54ACF7299889} = {00CE3107-C47F-4D2B-986B-763181832B51}
		{217FF1EE-8D49-445F-92EE-91FA009B3238} = {00CE3107-C47F-4D2B-986B-763181832B51}
		{399C33BF-A9F7-4390-8F9C-8EECF7814123} = {00CE3107-C47F-4D2B-986B-763181832B51}
		{36B1F505-995B-41E7-AAC9-1E845B08F2D7} = {00CE3107-C47F-4D2B-986B-763181832B51}
		{EAA1CA6D-4078-4E7B-B605-1326E80EAA38} = {00CE3107-C47F-4D2B-986B-763181832B51}
		{1B1FCC31-612B-4591-9BAF-95892968CAA7} = {00CE3107-C47F-4D2B-986B-763181832B51}
		{A9B54755-56B7-48C1-8941-BB69FCEFFF32} = {4D506DA5-13C1-4B1F-9018-4FDCA066993A}
		{321FD171-880D-472E-9912-EC844889E11A} = {4D506DA5-13C1-4B1F-9018-4FDCA066993A}
		{94118DD9-3F1A-410D-B21B-BDE1636B4730} = {4D506DA5-13C1-4B1F-9018-4FDCA066993A}
		{F588B51F-786A-48E2-950E-636062F9C302} = {4D506DA5-13C1-4B1F-9018-4FDCA066993A}
		{9FFB657C-7099-4594-A1DD-6E9AC5D7171E} = {4D506DA5-13C1-4B1F-9018-4FDCA066993A}
		{D147F5CC-0166-4B9C-B095-F905220090FA} = {4D506DA5-13C1-4B1F-9018-4FDCA066993A}
		{45224C3F-B0F1-4D70-8516-B50100DEF79B} = {4D506DA5-13C1-4B1F-9018-4FDCA066993A}
		{192D2C12-9D5C-4D68-96BA-4CD28054E3BC} = {4D506DA5-13C1-4B1F-9018-4FDCA066993A}
		{EF7C2792-A4BD-4BCC-93B4-3927303AA59C} = {5228D234-E4B0-467B-B6C8-FF06B0A98FAF}
		{6BA5CD5B-CAB6-4F07-A1A6-2701C6F92677} = {5228D234-E4B0-467B-B6C8-FF06B0A98FAF}
		{1D245366-4B41-498E-A42A-4B722428437E} = {5228D234-E4B0-467B-B6C8-FF06B0A98FAF}
		{5DBFFBA7-DAFC-42E9-BBB5-4752E84C8290} = {5228D234-E4B0-467B-B6C8-FF06B0A98FAF}
		{6B756611-1B2E-4C55-901C-B6564000F784} = {5228D234-E4B0-467B-B6C8-FF06B0A98FAF}
		{046D3E80-13AA-4CAE-9BF8-880077BDDE5E} = {5228D234-E4B0-467B-B6C8-FF06B0A98FAF}
		{92151574-F6C9-40C8-9AD8-66D34BED4C99} = {5228D234-E4B0-467B-B6C8-FF06B0A98FAF}
		{8DCD768B-DE02-418E-B593-EC55B6BC8005} = {5228D234-E4B0-467B-B6C8-FF06B0A98FAF}
		{C8B72F29-32A8-4179-80C8-818C10E584B5} = {5228D234-E4B0-467B-B6C8-FF06B0A98FAF}
		{B6FD8CA3-96CF-48B1-9B5A-6F59A01BA6A7} = {5228D234-E4B0-467B-B6C8-FF06B0A98FAF}
		{C1A81AAA-E6F1-4F02-A1C6-A580A746AA38} = {5228D234-E4B0-467B-B6C8-FF06B0A98FAF}
		{009E6883-7A5B-4420-9100-B4E5A3B811C8} = {5228D234-E4B0-467B-B6C8-FF06B0A98FAF}
		{B068EF02-F496-478D-BC61-2C75D228FF27} = {5228D234-E4B0-467B-B6C8-FF06B0A98FAF}
		{179C6171-1521-463A-B92D-F97D77A75541} = {5228D234-E4B0-467B-B6C8-FF06B0A98FAF}
		{0D06CCC5-943B-4778-B035-5F069E8C5E94} = {5228D234-E4B0-467B-B6C8-FF06B0A98FAF}
		{3B31F139-ECED-42F2-AE8D-B61FF4893C2E} = {5228D234-E4B0-467B-B6C8-FF06B0A98FAF}
		{17F8A2B9-E015-4267-A177-C2C9693B7C3E} = {5228D234-E4B0-467B-B6C8-FF06B0A98FAF}
		{25B3E188-1727-4549-BFC1-30702994BDBE} = {5228D234-E4B0-467B-B6C8-FF06B0A98FAF}
		{ACA40816-EB16-49AB-8DCD-1C23A188BD57} = {5228D234-E4B0-467B-B6C8-FF06B0A98FAF}
		{A4C7BF21-4DEE-4E6A-B9D6-B5F8AA4DE806} = {5228D234-E4B0-467B-B6C8-FF06B0A98FAF}
		{4C8FCA8C-EF7C-4EDE-9325-489BEC0E8417} = {5228D234-E4B0-467B-B6C8-FF06B0A98FAF}
		{2758749B-0BAC-4C3F-987F-9518FEB9C40A} = {5228D234-E4B0-467B-B6C8-FF06B0A98FAF}
		{9A699FF3-5895-430D-B89D-3C22E5EC2832} = {5228D234-E4B0-467B-B6C8-FF06B0A98FAF}
		{A90A40C4-4D48-4D0B-BE9B-432510EB1057} = {EF7C2792-A4BD-4BCC-93B4-3927303AA59C}
		{6C4AEA1A-CF85-4574-B24A-2C264ED0FEC3} = {EF7C2792-A4BD-4BCC-93B4-3927303AA59C}
		{22AE34D9-185F-41A7-A48D-205BE68B1F7D} = {6BA5CD5B-CAB6-4F07-A1A6-2701C6F92677}
		{299970D4-781F-4778-BCF2-F53AE7D8B060} = {6BA5CD5B-CAB6-4F07-A1A6-2701C6F92677}
		{12850856-0A27-4E50-9116-5A3B19C7D779} = {94118DD9-3F1A-410D-B21B-BDE1636B4730}
		{51FD0718-1728-4062-9649-5561C6035ACA} = {94118DD9-3F1A-410D-B21B-BDE1636B4730}
		{520F7B99-3CD9-495A-B410-656864ADD813} = {1D245366-4B41-498E-A42A-4B722428437E}
		{6E257D26-EAEA-4680-BC7A-34210A74E928} = {1D245366-4B41-498E-A42A-4B722428437E}
		{F2619506-4CA0-4B5B-AAA8-733784C49476} = {5DBFFBA7-DAFC-42E9-BBB5-4752E84C8290}
		{606ED147-23B2-461B-A5DD-9A6CD998F6AE} = {5DBFFBA7-DAFC-42E9-BBB5-4752E84C8290}
		{70015C50-93E8-4D17-86B0-69F030911C98} = {5DBFFBA7-DAFC-42E9-BBB5-4752E84C8290}
		{6C54EE4A-65D5-4133-A89D-9F57C6ADB2C9} = {6B756611-1B2E-4C55-901C-B6564000F784}
		{7CB9DB43-2428-40C7-A926-AD3C2687A646} = {6B756611-1B2E-4C55-901C-B6564000F784}
		{42CC86A2-B9A9-447F-97DD-D6809D78A8EB} = {6B756611-1B2E-4C55-901C-B6564000F784}
		{8C2F707D-A342-434B-92CD-0AAD5112C7FB} = {6B756611-1B2E-4C55-901C-B6564000F784}
		{7B5AABA5-3349-4D21-8813-D0796EA6E625} = {6B756611-1B2E-4C55-901C-B6564000F784}
		{5CCF0411-EDE6-4A26-8996-B4E7A358E9E9} = {6B756611-1B2E-4C55-901C-B6564000F784}
		{0393BF1B-3E61-4AF9-B0E3-B9E77C60C67A} = {046D3E80-13AA-4CAE-9BF8-880077BDDE5E}
		{050A5A14-3F4D-4407-AA40-C45E14FE1FF1} = {046D3E80-13AA-4CAE-9BF8-880077BDDE5E}
		{886B1BB9-AB7A-45EC-B38B-DE36CABCE505} = {046D3E80-13AA-4CAE-9BF8-880077BDDE5E}
		{E20A7E4C-B05B-41B0-AAD5-DF7BB9AD64C4} = {92151574-F6C9-40C8-9AD8-66D34BED4C99}
		{56CC7030-DFF6-4FED-991B-641CFC5CFDCC} = {92151574-F6C9-40C8-9AD8-66D34BED4C99}
		{48880439-9299-4D32-8D31-47F56D83D7A8} = {92151574-F6C9-40C8-9AD8-66D34BED4C99}
		{76031E03-3807-4F76-A93C-6056D669AAEC} = {92151574-F6C9-40C8-9AD8-66D34BED4C99}
		{4A3F8946-0124-4282-86D5-1A9E9A0FE83C} = {92151574-F6C9-40C8-9AD8-66D34BED4C99}
		{BA294887-CBB1-4BAC-A9D6-009459AFE519} = {92151574-F6C9-40C8-9AD8-66D34BED4C99}
		{41CE8757-1908-45DF-B2D7-D630942C18CD} = {92151574-F6C9-40C8-9AD8-66D34BED4C99}
		{4D4C9967-94B4-4102-81C0-069245469B4E} = {92151574-F6C9-40C8-9AD8-66D34BED4C99}
		{00C93D01-6A43-4AAA-9E6E-5936B985B497} = {8DCD768B-DE02-418E-B593-EC55B6BC8005}
		{EBB6130D-3D29-4313-BAA9-1076BB8572AB} = {8DCD768B-DE02-418E-B593-EC55B6BC8005}
		{7FE31A41-EF76-4A9C-8C65-196C8869CA31} = {8DCD768B-DE02-418E-B593-EC55B6BC8005}
		{B3601484-0AB7-424F-BA81-A8CC809AB41A} = {C8B72F29-32A8-4179-80C8-818C10E584B5}
		{9803265F-B0AF-4171-A770-0871CD2A593E} = {C8B72F29-32A8-4179-80C8-818C10E584B5}
		{9D1FCE3D-7597-46DC-B661-83112269CD1F} = {B6FD8CA3-96CF-48B1-9B5A-6F59A01BA6A7}
		{2EADCB02-CB78-480F-992D-7CCB48ACEF38} = {B6FD8CA3-96CF-48B1-9B5A-6F59A01BA6A7}
		{AA029EE0-D199-41D1-8D97-BDC5945B3CDD} = {C1A81AAA-E6F1-4F02-A1C6-A580A746AA38}
		{52E0A229-CE15-4B72-8ACF-F17DCB929A64} = {C1A81AAA-E6F1-4F02-A1C6-A580A746AA38}
		{47D0414C-AE6E-4885-9D03-45B12E5A9BCC} = {009E6883-7A5B-4420-9100-B4E5A3B811C8}
		{6F31E7BC-AD9B-4B83-B88D-9471DCF64A7B} = {009E6883-7A5B-4420-9100-B4E5A3B811C8}
		{094147F6-756E-4F3D-A80C-23DC05F13242} = {B068EF02-F496-478D-BC61-2C75D228FF27}
		{2A4AD33D-F6C2-4652-BD8C-ABF673B43FDE} = {B068EF02-F496-478D-BC61-2C75D228FF27}
		{8FC20489-148C-4220-AA3B-0BA8B6BC2AC7} = {179C6171-1521-463A-B92D-F97D77A75541}
		{45C971C1-3E47-47C8-B0B2-AEA866BA089A} = {179C6171-1521-463A-B92D-F97D77A75541}
		{7AC1E83D-6979-48B5-8370-32F61A54B317} = {179C6171-1521-463A-B92D-F97D77A75541}
		{80983DC5-71B6-49CD-BA5F-305D29A65D05} = {0D06CCC5-943B-4778-B035-5F069E8C5E94}
		{7BE8C909-6E33-42C6-AC7F-CC523CB438D0} = {0D06CCC5-943B-4778-B035-5F069E8C5E94}
		{7609B681-E196-4AFB-AD64-6C5A9E5A160D} = {0D06CCC5-943B-4778-B035-5F069E8C5E94}
		{E7145C4E-1937-48E5-A8BC-415E97FBD293} = {0D06CCC5-943B-4778-B035-5F069E8C5E94}
		{B6912CC5-1E73-46E0-8F09-7F135924E3E2} = {0D06CCC5-943B-4778-B035-5F069E8C5E94}
		{F3678999-969B-4CA5-B326-6732C26D97B3} = {0D06CCC5-943B-4778-B035-5F069E8C5E94}
		{3A5CA3C2-628D-4EAA-884B-95BB8C90C01C} = {0D06CCC5-943B-4778-B035-5F069E8C5E94}
		{66E6622C-CA7F-4234-A227-B262033B3976} = {0D06CCC5-943B-4778-B035-5F069E8C5E94}
		{8780AC10-ACEB-4CAB-A591-FF6C76D3E122} = {0D06CCC5-943B-4778-B035-5F069E8C5E94}
		{5274A22B-7BCC-42B3-9B6C-0220DE8789AF} = {3B31F139-ECED-42F2-AE8D-B61FF4893C2E}
		{05250B22-B9FE-4B0E-9D64-1306A9BAD973} = {3B31F139-ECED-42F2-AE8D-B61FF4893C2E}
		{8EE3C638-38C4-4F9E-8246-C2549F74CD8F} = {3B31F139-ECED-42F2-AE8D-B61FF4893C2E}
		{23906FCF-C41A-4A1B-9A28-75FBA4F0658B} = {217FF1EE-8D49-445F-92EE-91FA009B3238}
		{491CEFD8-A5ED-444A-9997-F4D8B3E5B189} = {23906FCF-C41A-4A1B-9A28-75FBA4F0658B}
		{502A0578-FAAB-4DB5-83B3-0DA1BB1F4507} = {23906FCF-C41A-4A1B-9A28-75FBA4F0658B}
		{793C19C2-E78F-4A1E-A26C-9417F1C2DF5D} = {17F8A2B9-E015-4267-A177-C2C9693B7C3E}
		{F1CD36C5-5617-49E6-83A1-815900F48148} = {17F8A2B9-E015-4267-A177-C2C9693B7C3E}
		{9863B9FA-1DE6-48D5-A84D-FB8FE2025303} = {25B3E188-1727-4549-BFC1-30702994BDBE}
		{22DB6C17-5E90-42C8-9621-E8BAB32EB656} = {25B3E188-1727-4549-BFC1-30702994BDBE}
		{540D39B1-FF3C-48E9-B3EF-EFADF556E80A} = {ACA40816-EB16-49AB-8DCD-1C23A188BD57}
		{072D1424-9F12-46ED-AF07-7B2A5D20643F} = {ACA40816-EB16-49AB-8DCD-1C23A188BD57}
		{5C8C48E1-E384-4473-B5D7-74642FC8D178} = {ACA40816-EB16-49AB-8DCD-1C23A188BD57}
		{198C5EA8-B6F2-4EBE-8581-09BD1BD66D60} = {ACA40816-EB16-49AB-8DCD-1C23A188BD57}
		{F7F0D285-79D0-452A-A791-84B174C1546E} = {A4C7BF21-4DEE-4E6A-B9D6-B5F8AA4DE806}
		{AFBC884C-F0A5-4ABE-B8E7-C7DD585134F5} = {A4C7BF21-4DEE-4E6A-B9D6-B5F8AA4DE806}
		{249CBFC1-FB73-4569-984B-D844EBA59F67} = {A4C7BF21-4DEE-4E6A-B9D6-B5F8AA4DE806}
		{5F9B23E4-1CCF-46FE-B0FC-C1E58B2EE83A} = {A4C7BF21-4DEE-4E6A-B9D6-B5F8AA4DE806}
		{FCF9143C-3DF2-4DFF-972B-A2FEB30D7AA9} = {4C8FCA8C-EF7C-4EDE-9325-489BEC0E8417}
		{A0D79FA2-9EF3-4184-8B73-47F7AE991A67} = {4C8FCA8C-EF7C-4EDE-9325-489BEC0E8417}
		{F0E0CB93-617D-42E1-88EE-A7A451A0BDC5} = {2758749B-0BAC-4C3F-987F-9518FEB9C40A}
		{31F4EA44-83BC-4864-AB2E-E85FA668D3EF} = {2758749B-0BAC-4C3F-987F-9518FEB9C40A}
		{5DA3843B-9639-4E11-8673-44E30624926F} = {9A699FF3-5895-430D-B89D-3C22E5EC2832}
		{27D9A0F2-8E7E-45D4-8664-00D23ECBBB90} = {9A699FF3-5895-430D-B89D-3C22E5EC2832}
	EndGlobalSection
EndGlobal
