
Microsoft Visual Studio Solution File, Format Version 11.00
# Visual Studio 2010
Project("{2150E333-8FDC-42A3-9474-1A3956D46DE8}") = "Gallio", "Gallio", "{6559CEC8-1B3B-4736-B6B8-EAD15C1BF429}"
EndProject
Project("{FAE04EC0-301F-11D3-BF4B-00C04F79EFBC}") = "Gallio.vs2010", "..\..\Gallio\Gallio\Gallio.vs2010.csproj", "{6CAB7735-05DA-480D-9A04-50615B00F886}"
EndProject
Project("{2150E333-8FDC-42A3-9474-1A3956D46DE8}") = "MbUnit", "MbUnit", "{D802860C-403B-43DF-BFC4-92F824825505}"
EndProject
Project("{FAE04EC0-301F-11D3-BF4B-00C04F79EFBC}") = "MbUnit.vs2010", "..\..\MbUnit\MbUnit\MbUnit.vs2010.csproj", "{A9B54755-56B7-48C1-8941-BB69FCEFFF32}"
EndProject
Project("{FAE04EC0-301F-11D3-BF4B-00C04F79EFBC}") = "MbUnit35.vs2010", "..\..\MbUnit\MbUnit35\MbUnit35.vs2010.csproj", "{D147F5CC-0166-4B9C-B095-F905220090FA}"
EndProject
Project("{FAE04EC0-301F-11D3-BF4B-00C04F79EFBC}") = "Gallio35.vs2010", "..\..\Gallio\Gallio35\Gallio35.vs2010.csproj", "{BC28AB7E-5B71-4AEE-BF2D-54ACF7299889}"
EndProject
Project("{FAE04EC0-301F-11D3-BF4B-00C04F79EFBC}") = "Gallio.UI.vs2010", "..\..\Gallio\Gallio.UI\Gallio.UI.vs2010.csproj", "{36B1F505-995B-41E7-AAC9-1E845B08F2D7}"
EndProject
Project("{FAE04EC0-301F-11D3-BF4B-00C04F79EFBC}") = "Gallio.UI.Tests.vs2010", "..\..\Gallio\Gallio.UI.Tests\Gallio.UI.Tests.vs2010.csproj", "{DC4DBE38-0ED0-4CD8-A722-9F2C109FE173}"
EndProject
Project("{FAE04EC0-301F-11D3-BF4B-00C04F79EFBC}") = "Gallio.Tests.vs2010", "..\..\Gallio\Gallio.Tests\Gallio.Tests.vs2010.csproj", "{111FD89D-58A1-4445-B4A4-8A50D65DB714}"
EndProject
Project("{FAE04EC0-301F-11D3-BF4B-00C04F79EFBC}") = "MbUnit.Tests.vs2010", "..\..\MbUnit\MbUnit.Tests\MbUnit.Tests.vs2010.csproj", "{321FD171-880D-472E-9912-EC844889E11A}"
EndProject
Project("{FAE04EC0-301F-11D3-BF4B-00C04F79EFBC}") = "MbUnit.TestResources.vs2010", "..\..\MbUnit\MbUnit.TestResources\MbUnit.TestResources.vs2010.csproj", "{9FFB657C-7099-4594-A1DD-6E9AC5D7171E}"
EndProject
Project("{FAE04EC0-301F-11D3-BF4B-00C04F79EFBC}") = "Gallio.Reports.vs2010", "..\..\Gallio\Gallio.Reports\Gallio.Reports.vs2010.csproj", "{399C33BF-A9F7-4390-8F9C-8EECF7814123}"
EndProject
Project("{FAE04EC0-301F-11D3-BF4B-00C04F79EFBC}") = "Gallio.Host.vs2010", "..\..\Gallio\Gallio.Host\Gallio.Host.vs2010.csproj", "{35FFAF24-1019-4BE2-901D-02E627C757DC}"
EndProject
Project("{FAE04EC0-301F-11D3-BF4B-00C04F79EFBC}") = "MbUnit.TestResources.x64.vs2010", "..\..\MbUnit\MbUnit.TestResources.x64\MbUnit.TestResources.x64.vs2010.csproj", "{192D2C12-9D5C-4D68-96BA-4CD28054E3BC}"
EndProject
Project("{FAE04EC0-301F-11D3-BF4B-00C04F79EFBC}") = "MbUnit.TestResources.x86.vs2010", "..\..\MbUnit\MbUnit.TestResources.x86\MbUnit.TestResources.x86.vs2010.csproj", "{45224C3F-B0F1-4D70-8516-B50100DEF79B}"
EndProject
Project("{2150E333-8FDC-42A3-9474-1A3956D46DE8}") = "VisualStudio", "VisualStudio", "{AC56845C-4493-4B8E-8F98-9C684BAD9FE8}"
EndProject
Project("{FAE04EC0-301F-11D3-BF4B-00C04F79EFBC}") = "Gallio.VisualStudio.Interop.vs2010", "Gallio.VisualStudio.Interop\Gallio.VisualStudio.Interop.vs2010.csproj", "{B6912CC5-1E73-46E0-8F09-7F135924E3E2}"
EndProject
Project("{FAE04EC0-301F-11D3-BF4B-00C04F79EFBC}") = "Gallio.VisualStudio.Interop.Tests.vs2010", "Gallio.VisualStudio.Interop.Tests\Gallio.VisualStudio.Interop.Tests.vs2010.csproj", "{8780AC10-ACEB-4CAB-A591-FF6C76D3E122}"
EndProject
Project("{FAE04EC0-301F-11D3-BF4B-00C04F79EFBC}") = "Gallio.VisualStudio.Sail100.vs2010", "Gallio.VisualStudio.Sail\Gallio.VisualStudio.Sail100.vs2010.csproj", "{FF431043-DB9C-4FC0-AC07-AF22A5D3132F}"
EndProject
Project("{FAE04EC0-301F-11D3-BF4B-00C04F79EFBC}") = "Gallio.VisualStudio.Sail90.vs2010", "Gallio.VisualStudio.Sail\Gallio.VisualStudio.Sail90.vs2010.csproj", "{7BE8C909-6E33-42C6-AC7F-CC523CB438D0}"
EndProject
Project("{FAE04EC0-301F-11D3-BF4B-00C04F79EFBC}") = "Gallio.VisualStudio.Sail90.Tests.vs2010", "Gallio.VisualStudio.Sail.Tests\Gallio.VisualStudio.Sail90.Tests.vs2010.csproj", "{7609B681-E196-4AFB-AD64-6C5A9E5A160D}"
EndProject
Project("{FAE04EC0-301F-11D3-BF4B-00C04F79EFBC}") = "Gallio.VisualStudio.Sail100.Tests.vs2010", "Gallio.VisualStudio.Sail.Tests\Gallio.VisualStudio.Sail100.Tests.vs2010.csproj", "{14D881DD-7BAE-4EA7-8591-843282CA7241}"
EndProject
Project("{FAE04EC0-301F-11D3-BF4B-00C04F79EFBC}") = "Gallio.VisualStudio.Shell90.vs2010", "Gallio.VisualStudio.Shell\Gallio.VisualStudio.Shell90.vs2010.csproj", "{80983DC5-71B6-49CD-BA5F-305D29A65D05}"
EndProject
Project("{FAE04EC0-301F-11D3-BF4B-00C04F79EFBC}") = "Gallio.VisualStudio.Shell100.vs2010", "Gallio.VisualStudio.Shell\Gallio.VisualStudio.Shell100.vs2010.csproj", "{263B96B0-100C-4B1F-A855-AB9B6ACE6228}"
EndProject
Project("{FAE04EC0-301F-11D3-BF4B-00C04F79EFBC}") = "Gallio.VisualStudio.Shell.vs2010", "Gallio.VisualStudio.Shell.Common\Gallio.VisualStudio.Shell.vs2010.csproj", "{71536C3E-7859-4F9E-A5C7-16DDCE609E5F}"
EndProject
Project("{FAE04EC0-301F-11D3-BF4B-00C04F79EFBC}") = "Gallio.VisualStudio.Shell90.Tests.vs2010", "Gallio.VisualStudio.Shell.Tests\Gallio.VisualStudio.Shell90.Tests.vs2010.csproj", "{E7145C4E-1937-48E5-A8BC-415E97FBD293}"
EndProject
Project("{FAE04EC0-301F-11D3-BF4B-00C04F79EFBC}") = "Gallio.VisualStudio.Shell100.Tests.vs2010", "Gallio.VisualStudio.Shell.Tests\Gallio.VisualStudio.Shell100.Tests.vs2010.csproj", "{519F391E-5F61-433C-B983-9492CFFAC14C}"
EndProject
Project("{FAE04EC0-301F-11D3-BF4B-00C04F79EFBC}") = "Gallio.VisualStudio.Tip90.vs2010", "Gallio.VisualStudio.Tip\Gallio.VisualStudio.Tip90.vs2010.csproj", "{F3678999-969B-4CA5-B326-6732C26D97B3}"
EndProject
Project("{FAE04EC0-301F-11D3-BF4B-00C04F79EFBC}") = "Gallio.VisualStudio.Tip100.vs2010", "Gallio.VisualStudio.Tip\Gallio.VisualStudio.Tip100.vs2010.csproj", "{8885AB3A-C27D-467C-A83A-0D33E47A93AA}"
EndProject
Project("{FAE04EC0-301F-11D3-BF4B-00C04F79EFBC}") = "Gallio.VisualStudio.Tip90.Proxy.vs2010", "Gallio.VisualStudio.Tip.Proxy\Gallio.VisualStudio.Tip90.Proxy.vs2010.csproj", "{3A5CA3C2-628D-4EAA-884B-95BB8C90C01C}"
EndProject
Project("{FAE04EC0-301F-11D3-BF4B-00C04F79EFBC}") = "Gallio.VisualStudio.Tip100.Proxy.vs2010", "Gallio.VisualStudio.Tip.Proxy\Gallio.VisualStudio.Tip100.Proxy.vs2010.csproj", "{43613F1C-B173-469E-AC06-15E60FC5BBAD}"
EndProject
Project("{FAE04EC0-301F-11D3-BF4B-00C04F79EFBC}") = "Gallio.VisualStudio.Tip90.Tests.vs2010", "Gallio.VisualStudio.Tip.Tests\Gallio.VisualStudio.Tip90.Tests.vs2010.csproj", "{66E6622C-CA7F-4234-A227-B262033B3976}"
EndProject
Project("{FAE04EC0-301F-11D3-BF4B-00C04F79EFBC}") = "Gallio.VisualStudio.Tip100.Tests.vs2010", "Gallio.VisualStudio.Tip.Tests\Gallio.VisualStudio.Tip100.Tests.vs2010.csproj", "{D17696EB-296F-4274-9C76-97133A4F8497}"
EndProject
Global
	GlobalSection(SolutionConfigurationPlatforms) = preSolution
		Debug|Any CPU = Debug|Any CPU
		Release|Any CPU = Release|Any CPU
	EndGlobalSection
	GlobalSection(ProjectConfigurationPlatforms) = postSolution
		{6CAB7735-05DA-480D-9A04-50615B00F886}.Debug|Any CPU.ActiveCfg = Debug|Any CPU
		{6CAB7735-05DA-480D-9A04-50615B00F886}.Debug|Any CPU.Build.0 = Debug|Any CPU
		{6CAB7735-05DA-480D-9A04-50615B00F886}.Release|Any CPU.ActiveCfg = Release|Any CPU
		{6CAB7735-05DA-480D-9A04-50615B00F886}.Release|Any CPU.Build.0 = Release|Any CPU
		{A9B54755-56B7-48C1-8941-BB69FCEFFF32}.Debug|Any CPU.ActiveCfg = Debug|Any CPU
		{A9B54755-56B7-48C1-8941-BB69FCEFFF32}.Debug|Any CPU.Build.0 = Debug|Any CPU
		{A9B54755-56B7-48C1-8941-BB69FCEFFF32}.Release|Any CPU.ActiveCfg = Release|Any CPU
		{A9B54755-56B7-48C1-8941-BB69FCEFFF32}.Release|Any CPU.Build.0 = Release|Any CPU
		{D147F5CC-0166-4B9C-B095-F905220090FA}.Debug|Any CPU.ActiveCfg = Debug|Any CPU
		{D147F5CC-0166-4B9C-B095-F905220090FA}.Debug|Any CPU.Build.0 = Debug|Any CPU
		{D147F5CC-0166-4B9C-B095-F905220090FA}.Release|Any CPU.ActiveCfg = Release|Any CPU
		{D147F5CC-0166-4B9C-B095-F905220090FA}.Release|Any CPU.Build.0 = Release|Any CPU
		{BC28AB7E-5B71-4AEE-BF2D-54ACF7299889}.Debug|Any CPU.ActiveCfg = Debug|Any CPU
		{BC28AB7E-5B71-4AEE-BF2D-54ACF7299889}.Debug|Any CPU.Build.0 = Debug|Any CPU
		{BC28AB7E-5B71-4AEE-BF2D-54ACF7299889}.Release|Any CPU.ActiveCfg = Release|Any CPU
		{BC28AB7E-5B71-4AEE-BF2D-54ACF7299889}.Release|Any CPU.Build.0 = Release|Any CPU
		{36B1F505-995B-41E7-AAC9-1E845B08F2D7}.Debug|Any CPU.ActiveCfg = Debug|Any CPU
		{36B1F505-995B-41E7-AAC9-1E845B08F2D7}.Debug|Any CPU.Build.0 = Debug|Any CPU
		{36B1F505-995B-41E7-AAC9-1E845B08F2D7}.Release|Any CPU.ActiveCfg = Release|Any CPU
		{36B1F505-995B-41E7-AAC9-1E845B08F2D7}.Release|Any CPU.Build.0 = Release|Any CPU
		{DC4DBE38-0ED0-4CD8-A722-9F2C109FE173}.Debug|Any CPU.ActiveCfg = Debug|Any CPU
		{DC4DBE38-0ED0-4CD8-A722-9F2C109FE173}.Debug|Any CPU.Build.0 = Debug|Any CPU
		{DC4DBE38-0ED0-4CD8-A722-9F2C109FE173}.Release|Any CPU.ActiveCfg = Release|Any CPU
		{DC4DBE38-0ED0-4CD8-A722-9F2C109FE173}.Release|Any CPU.Build.0 = Release|Any CPU
		{111FD89D-58A1-4445-B4A4-8A50D65DB714}.Debug|Any CPU.ActiveCfg = Debug|Any CPU
		{111FD89D-58A1-4445-B4A4-8A50D65DB714}.Debug|Any CPU.Build.0 = Debug|Any CPU
		{111FD89D-58A1-4445-B4A4-8A50D65DB714}.Release|Any CPU.ActiveCfg = Release|Any CPU
		{111FD89D-58A1-4445-B4A4-8A50D65DB714}.Release|Any CPU.Build.0 = Release|Any CPU
		{321FD171-880D-472E-9912-EC844889E11A}.Debug|Any CPU.ActiveCfg = Debug|Any CPU
		{321FD171-880D-472E-9912-EC844889E11A}.Debug|Any CPU.Build.0 = Debug|Any CPU
		{321FD171-880D-472E-9912-EC844889E11A}.Release|Any CPU.ActiveCfg = Release|Any CPU
		{321FD171-880D-472E-9912-EC844889E11A}.Release|Any CPU.Build.0 = Release|Any CPU
		{9FFB657C-7099-4594-A1DD-6E9AC5D7171E}.Debug|Any CPU.ActiveCfg = Debug|Any CPU
		{9FFB657C-7099-4594-A1DD-6E9AC5D7171E}.Debug|Any CPU.Build.0 = Debug|Any CPU
		{9FFB657C-7099-4594-A1DD-6E9AC5D7171E}.Release|Any CPU.ActiveCfg = Release|Any CPU
		{9FFB657C-7099-4594-A1DD-6E9AC5D7171E}.Release|Any CPU.Build.0 = Release|Any CPU
		{399C33BF-A9F7-4390-8F9C-8EECF7814123}.Debug|Any CPU.ActiveCfg = Debug|Any CPU
		{399C33BF-A9F7-4390-8F9C-8EECF7814123}.Debug|Any CPU.Build.0 = Debug|Any CPU
		{399C33BF-A9F7-4390-8F9C-8EECF7814123}.Release|Any CPU.ActiveCfg = Release|Any CPU
		{399C33BF-A9F7-4390-8F9C-8EECF7814123}.Release|Any CPU.Build.0 = Release|Any CPU
		{35FFAF24-1019-4BE2-901D-02E627C757DC}.Debug|Any CPU.ActiveCfg = Debug|Any CPU
		{35FFAF24-1019-4BE2-901D-02E627C757DC}.Debug|Any CPU.Build.0 = Debug|Any CPU
		{35FFAF24-1019-4BE2-901D-02E627C757DC}.Release|Any CPU.ActiveCfg = Release|Any CPU
		{35FFAF24-1019-4BE2-901D-02E627C757DC}.Release|Any CPU.Build.0 = Release|Any CPU
		{192D2C12-9D5C-4D68-96BA-4CD28054E3BC}.Debug|Any CPU.ActiveCfg = Debug|Any CPU
		{192D2C12-9D5C-4D68-96BA-4CD28054E3BC}.Debug|Any CPU.Build.0 = Debug|Any CPU
		{192D2C12-9D5C-4D68-96BA-4CD28054E3BC}.Release|Any CPU.ActiveCfg = Release|Any CPU
		{192D2C12-9D5C-4D68-96BA-4CD28054E3BC}.Release|Any CPU.Build.0 = Release|Any CPU
		{45224C3F-B0F1-4D70-8516-B50100DEF79B}.Debug|Any CPU.ActiveCfg = Debug|Any CPU
		{45224C3F-B0F1-4D70-8516-B50100DEF79B}.Debug|Any CPU.Build.0 = Debug|Any CPU
		{45224C3F-B0F1-4D70-8516-B50100DEF79B}.Release|Any CPU.ActiveCfg = Release|Any CPU
		{45224C3F-B0F1-4D70-8516-B50100DEF79B}.Release|Any CPU.Build.0 = Release|Any CPU
		{B6912CC5-1E73-46E0-8F09-7F135924E3E2}.Debug|Any CPU.ActiveCfg = Debug|Any CPU
		{B6912CC5-1E73-46E0-8F09-7F135924E3E2}.Debug|Any CPU.Build.0 = Debug|Any CPU
		{B6912CC5-1E73-46E0-8F09-7F135924E3E2}.Release|Any CPU.ActiveCfg = Release|Any CPU
		{B6912CC5-1E73-46E0-8F09-7F135924E3E2}.Release|Any CPU.Build.0 = Release|Any CPU
		{8780AC10-ACEB-4CAB-A591-FF6C76D3E122}.Debug|Any CPU.ActiveCfg = Debug|Any CPU
		{8780AC10-ACEB-4CAB-A591-FF6C76D3E122}.Debug|Any CPU.Build.0 = Debug|Any CPU
		{8780AC10-ACEB-4CAB-A591-FF6C76D3E122}.Release|Any CPU.ActiveCfg = Release|Any CPU
		{8780AC10-ACEB-4CAB-A591-FF6C76D3E122}.Release|Any CPU.Build.0 = Release|Any CPU
		{FF431043-DB9C-4FC0-AC07-AF22A5D3132F}.Debug|Any CPU.ActiveCfg = Debug|Any CPU
		{FF431043-DB9C-4FC0-AC07-AF22A5D3132F}.Debug|Any CPU.Build.0 = Debug|Any CPU
		{FF431043-DB9C-4FC0-AC07-AF22A5D3132F}.Release|Any CPU.ActiveCfg = Release|Any CPU
		{FF431043-DB9C-4FC0-AC07-AF22A5D3132F}.Release|Any CPU.Build.0 = Release|Any CPU
		{7BE8C909-6E33-42C6-AC7F-CC523CB438D0}.Debug|Any CPU.ActiveCfg = Debug|Any CPU
		{7BE8C909-6E33-42C6-AC7F-CC523CB438D0}.Debug|Any CPU.Build.0 = Debug|Any CPU
		{7BE8C909-6E33-42C6-AC7F-CC523CB438D0}.Release|Any CPU.ActiveCfg = Release|Any CPU
		{7BE8C909-6E33-42C6-AC7F-CC523CB438D0}.Release|Any CPU.Build.0 = Release|Any CPU
		{7609B681-E196-4AFB-AD64-6C5A9E5A160D}.Debug|Any CPU.ActiveCfg = Debug|Any CPU
		{7609B681-E196-4AFB-AD64-6C5A9E5A160D}.Debug|Any CPU.Build.0 = Debug|Any CPU
		{7609B681-E196-4AFB-AD64-6C5A9E5A160D}.Release|Any CPU.ActiveCfg = Release|Any CPU
		{7609B681-E196-4AFB-AD64-6C5A9E5A160D}.Release|Any CPU.Build.0 = Release|Any CPU
		{14D881DD-7BAE-4EA7-8591-843282CA7241}.Debug|Any CPU.ActiveCfg = Debug|Any CPU
		{14D881DD-7BAE-4EA7-8591-843282CA7241}.Debug|Any CPU.Build.0 = Debug|Any CPU
		{14D881DD-7BAE-4EA7-8591-843282CA7241}.Release|Any CPU.ActiveCfg = Release|Any CPU
		{14D881DD-7BAE-4EA7-8591-843282CA7241}.Release|Any CPU.Build.0 = Release|Any CPU
		{80983DC5-71B6-49CD-BA5F-305D29A65D05}.Debug|Any CPU.ActiveCfg = Debug|Any CPU
		{80983DC5-71B6-49CD-BA5F-305D29A65D05}.Debug|Any CPU.Build.0 = Debug|Any CPU
		{80983DC5-71B6-49CD-BA5F-305D29A65D05}.Release|Any CPU.ActiveCfg = Release|Any CPU
		{80983DC5-71B6-49CD-BA5F-305D29A65D05}.Release|Any CPU.Build.0 = Release|Any CPU
		{263B96B0-100C-4B1F-A855-AB9B6ACE6228}.Debug|Any CPU.ActiveCfg = Debug|Any CPU
		{263B96B0-100C-4B1F-A855-AB9B6ACE6228}.Debug|Any CPU.Build.0 = Debug|Any CPU
		{263B96B0-100C-4B1F-A855-AB9B6ACE6228}.Release|Any CPU.ActiveCfg = Release|Any CPU
		{263B96B0-100C-4B1F-A855-AB9B6ACE6228}.Release|Any CPU.Build.0 = Release|Any CPU
		{71536C3E-7859-4F9E-A5C7-16DDCE609E5F}.Debug|Any CPU.ActiveCfg = Debug|Any CPU
		{71536C3E-7859-4F9E-A5C7-16DDCE609E5F}.Debug|Any CPU.Build.0 = Debug|Any CPU
		{71536C3E-7859-4F9E-A5C7-16DDCE609E5F}.Release|Any CPU.ActiveCfg = Release|Any CPU
		{71536C3E-7859-4F9E-A5C7-16DDCE609E5F}.Release|Any CPU.Build.0 = Release|Any CPU
		{E7145C4E-1937-48E5-A8BC-415E97FBD293}.Debug|Any CPU.ActiveCfg = Debug|Any CPU
		{E7145C4E-1937-48E5-A8BC-415E97FBD293}.Debug|Any CPU.Build.0 = Debug|Any CPU
		{E7145C4E-1937-48E5-A8BC-415E97FBD293}.Release|Any CPU.ActiveCfg = Release|Any CPU
		{E7145C4E-1937-48E5-A8BC-415E97FBD293}.Release|Any CPU.Build.0 = Release|Any CPU
		{519F391E-5F61-433C-B983-9492CFFAC14C}.Debug|Any CPU.ActiveCfg = Debug|Any CPU
		{519F391E-5F61-433C-B983-9492CFFAC14C}.Debug|Any CPU.Build.0 = Debug|Any CPU
		{519F391E-5F61-433C-B983-9492CFFAC14C}.Release|Any CPU.ActiveCfg = Release|Any CPU
		{519F391E-5F61-433C-B983-9492CFFAC14C}.Release|Any CPU.Build.0 = Release|Any CPU
		{F3678999-969B-4CA5-B326-6732C26D97B3}.Debug|Any CPU.ActiveCfg = Debug|Any CPU
		{F3678999-969B-4CA5-B326-6732C26D97B3}.Debug|Any CPU.Build.0 = Debug|Any CPU
		{F3678999-969B-4CA5-B326-6732C26D97B3}.Release|Any CPU.ActiveCfg = Release|Any CPU
		{F3678999-969B-4CA5-B326-6732C26D97B3}.Release|Any CPU.Build.0 = Release|Any CPU
		{8885AB3A-C27D-467C-A83A-0D33E47A93AA}.Debug|Any CPU.ActiveCfg = Debug|Any CPU
		{8885AB3A-C27D-467C-A83A-0D33E47A93AA}.Debug|Any CPU.Build.0 = Debug|Any CPU
		{8885AB3A-C27D-467C-A83A-0D33E47A93AA}.Release|Any CPU.ActiveCfg = Release|Any CPU
		{8885AB3A-C27D-467C-A83A-0D33E47A93AA}.Release|Any CPU.Build.0 = Release|Any CPU
		{3A5CA3C2-628D-4EAA-884B-95BB8C90C01C}.Debug|Any CPU.ActiveCfg = Debug|Any CPU
		{3A5CA3C2-628D-4EAA-884B-95BB8C90C01C}.Debug|Any CPU.Build.0 = Debug|Any CPU
		{3A5CA3C2-628D-4EAA-884B-95BB8C90C01C}.Release|Any CPU.ActiveCfg = Release|Any CPU
		{3A5CA3C2-628D-4EAA-884B-95BB8C90C01C}.Release|Any CPU.Build.0 = Release|Any CPU
		{43613F1C-B173-469E-AC06-15E60FC5BBAD}.Debug|Any CPU.ActiveCfg = Debug|Any CPU
		{43613F1C-B173-469E-AC06-15E60FC5BBAD}.Debug|Any CPU.Build.0 = Debug|Any CPU
		{43613F1C-B173-469E-AC06-15E60FC5BBAD}.Release|Any CPU.ActiveCfg = Release|Any CPU
		{43613F1C-B173-469E-AC06-15E60FC5BBAD}.Release|Any CPU.Build.0 = Release|Any CPU
		{66E6622C-CA7F-4234-A227-B262033B3976}.Debug|Any CPU.ActiveCfg = Debug|Any CPU
		{66E6622C-CA7F-4234-A227-B262033B3976}.Debug|Any CPU.Build.0 = Debug|Any CPU
		{66E6622C-CA7F-4234-A227-B262033B3976}.Release|Any CPU.ActiveCfg = Release|Any CPU
		{66E6622C-CA7F-4234-A227-B262033B3976}.Release|Any CPU.Build.0 = Release|Any CPU
		{D17696EB-296F-4274-9C76-97133A4F8497}.Debug|Any CPU.ActiveCfg = Debug|Any CPU
		{D17696EB-296F-4274-9C76-97133A4F8497}.Debug|Any CPU.Build.0 = Debug|Any CPU
		{D17696EB-296F-4274-9C76-97133A4F8497}.Release|Any CPU.ActiveCfg = Release|Any CPU
		{D17696EB-296F-4274-9C76-97133A4F8497}.Release|Any CPU.Build.0 = Release|Any CPU
	EndGlobalSection
	GlobalSection(SolutionProperties) = preSolution
		HideSolutionNode = FALSE
	EndGlobalSection
	GlobalSection(NestedProjects) = preSolution
		{6CAB7735-05DA-480D-9A04-50615B00F886} = {6559CEC8-1B3B-4736-B6B8-EAD15C1BF429}
		{BC28AB7E-5B71-4AEE-BF2D-54ACF7299889} = {6559CEC8-1B3B-4736-B6B8-EAD15C1BF429}
		{36B1F505-995B-41E7-AAC9-1E845B08F2D7} = {6559CEC8-1B3B-4736-B6B8-EAD15C1BF429}
		{DC4DBE38-0ED0-4CD8-A722-9F2C109FE173} = {6559CEC8-1B3B-4736-B6B8-EAD15C1BF429}
		{111FD89D-58A1-4445-B4A4-8A50D65DB714} = {6559CEC8-1B3B-4736-B6B8-EAD15C1BF429}
		{399C33BF-A9F7-4390-8F9C-8EECF7814123} = {6559CEC8-1B3B-4736-B6B8-EAD15C1BF429}
		{35FFAF24-1019-4BE2-901D-02E627C757DC} = {6559CEC8-1B3B-4736-B6B8-EAD15C1BF429}
		{A9B54755-56B7-48C1-8941-BB69FCEFFF32} = {D802860C-403B-43DF-BFC4-92F824825505}
		{D147F5CC-0166-4B9C-B095-F905220090FA} = {D802860C-403B-43DF-BFC4-92F824825505}
		{321FD171-880D-472E-9912-EC844889E11A} = {D802860C-403B-43DF-BFC4-92F824825505}
		{9FFB657C-7099-4594-A1DD-6E9AC5D7171E} = {D802860C-403B-43DF-BFC4-92F824825505}
		{192D2C12-9D5C-4D68-96BA-4CD28054E3BC} = {D802860C-403B-43DF-BFC4-92F824825505}
		{45224C3F-B0F1-4D70-8516-B50100DEF79B} = {D802860C-403B-43DF-BFC4-92F824825505}
		{B6912CC5-1E73-46E0-8F09-7F135924E3E2} = {AC56845C-4493-4B8E-8F98-9C684BAD9FE8}
		{8780AC10-ACEB-4CAB-A591-FF6C76D3E122} = {AC56845C-4493-4B8E-8F98-9C684BAD9FE8}
		{FF431043-DB9C-4FC0-AC07-AF22A5D3132F} = {AC56845C-4493-4B8E-8F98-9C684BAD9FE8}
		{7BE8C909-6E33-42C6-AC7F-CC523CB438D0} = {AC56845C-4493-4B8E-8F98-9C684BAD9FE8}
		{7609B681-E196-4AFB-AD64-6C5A9E5A160D} = {AC56845C-4493-4B8E-8F98-9C684BAD9FE8}
		{14D881DD-7BAE-4EA7-8591-843282CA7241} = {AC56845C-4493-4B8E-8F98-9C684BAD9FE8}
		{80983DC5-71B6-49CD-BA5F-305D29A65D05} = {AC56845C-4493-4B8E-8F98-9C684BAD9FE8}
		{263B96B0-100C-4B1F-A855-AB9B6ACE6228} = {AC56845C-4493-4B8E-8F98-9C684BAD9FE8}
		{71536C3E-7859-4F9E-A5C7-16DDCE609E5F} = {AC56845C-4493-4B8E-8F98-9C684BAD9FE8}
		{E7145C4E-1937-48E5-A8BC-415E97FBD293} = {AC56845C-4493-4B8E-8F98-9C684BAD9FE8}
		{519F391E-5F61-433C-B983-9492CFFAC14C} = {AC56845C-4493-4B8E-8F98-9C684BAD9FE8}
		{F3678999-969B-4CA5-B326-6732C26D97B3} = {AC56845C-4493-4B8E-8F98-9C684BAD9FE8}
		{8885AB3A-C27D-467C-A83A-0D33E47A93AA} = {AC56845C-4493-4B8E-8F98-9C684BAD9FE8}
		{3A5CA3C2-628D-4EAA-884B-95BB8C90C01C} = {AC56845C-4493-4B8E-8F98-9C684BAD9FE8}
		{43613F1C-B173-469E-AC06-15E60FC5BBAD} = {AC56845C-4493-4B8E-8F98-9C684BAD9FE8}
		{66E6622C-CA7F-4234-A227-B262033B3976} = {AC56845C-4493-4B8E-8F98-9C684BAD9FE8}
		{D17696EB-296F-4274-9C76-97133A4F8497} = {AC56845C-4493-4B8E-8F98-9C684BAD9FE8}
	EndGlobalSection
EndGlobal
