
Microsoft Visual Studio Solution File, Format Version 9.00
# Visual Studio 2005
Project("{FAE04EC0-301F-11D3-BF4B-00C04F79EFBC}") = "MbUnit.MvcWebApplicationTestProjectTemplate.CSharp", "MbUnit.MvcWebApplicationTestProjectTemplate.CSharp\MbUnit.MvcWebApplicationTestProjectTemplate.CSharp.csproj", "{D4E70A44-013E-4F70-BA93-A56BDDD2E409}"
EndProject
Global
	GlobalSection(SolutionConfigurationPlatforms) = preSolution
		Debug|Any CPU = Debug|Any CPU
		Release|Any CPU = Release|Any CPU
	EndGlobalSection
	GlobalSection(ProjectConfigurationPlatforms) = postSolution
		{D4E70A44-013E-4F70-BA93-A56BDDD2E409}.Debug|Any CPU.ActiveCfg = Debug|Any CPU
		{D4E70A44-013E-4F70-BA93-A56BDDD2E409}.Debug|Any CPU.Build.0 = Debug|Any CPU
		{D4E70A44-013E-4F70-BA93-A56BDDD2E409}.Release|Any CPU.ActiveCfg = Release|Any CPU
		{D4E70A44-013E-4F70-BA93-A56BDDD2E409}.Release|Any CPU.Build.0 = Release|Any CPU
	EndGlobalSection
	GlobalSection(SolutionProperties) = preSolution
		HideSolutionNode = FALSE
	EndGlobalSection
EndGlobal
